<?xml version="1.0" encoding="utf-8"?>
<Project ToolsVersion="4.0" xmlns="http://schemas.microsoft.com/developer/msbuild/2003">
  <ItemGroup>
    <Filter Include="ソース ファイル">
      <UniqueIdentifier>{4FC737F1-C7A5-4376-A066-2A32D752A2FF}</UniqueIdentifier>
      <Extensions>cpp;c;cc;cxx;c++;cppm;ixx;def;odl;idl;hpj;bat;asm;asmx</Extensions>
    </Filter>
    <Filter Include="ヘッダー ファイル">
      <UniqueIdentifier>{93995380-89BD-4b04-88EB-625FBE52EBFB}</UniqueIdentifier>
      <Extensions>h;hh;hpp;hxx;h++;hm;inl;inc;ipp;xsd</Extensions>
    </Filter>
    <Filter Include="リソース ファイル">
      <UniqueIdentifier>{67DA6AB6-F800-4c08-8B7A-83BB121AAD01}</UniqueIdentifier>
      <Extensions>rc;ico;cur;bmp;dlg;rc2;rct;bin;rgs;gif;jpg;jpeg;jpe;resx;tiff;tif;png;wav;mfcribbon-ms</Extensions>
    </Filter>
    <Filter Include="ソース ファイル\Application">
      <UniqueIdentifier>{5466729c-5537-4707-b5b1-05328d8fd375}</UniqueIdentifier>
    </Filter>
    <Filter Include="ソース ファイル\Application\DirectX3D11">
      <UniqueIdentifier>{b04cefbf-b898-49b0-95d6-17faa5e46b0f}</UniqueIdentifier>
    </Filter>
    <Filter Include="ソース ファイル\Application\MainApplication">
      <UniqueIdentifier>{52bc151c-6b6b-4f7e-b980-0fbd87175227}</UniqueIdentifier>
    </Filter>
    <Filter Include="ソース ファイル\Application\Window">
      <UniqueIdentifier>{9aaa4cd1-100a-437d-8b04-368c45b8da7d}</UniqueIdentifier>
    </Filter>
    <Filter Include="ソース ファイル\Graphics">
      <UniqueIdentifier>{562a209c-0565-4c33-be9d-a735858792ad}</UniqueIdentifier>
    </Filter>
    <Filter Include="ソース ファイル\Graphics\Model">
      <UniqueIdentifier>{70d2c2f9-9413-494d-b580-9eae1887a1bc}</UniqueIdentifier>
    </Filter>
    <Filter Include="ソース ファイル\Graphics\Shader">
      <UniqueIdentifier>{45d61797-0f18-4d52-914d-ee157893fee1}</UniqueIdentifier>
    </Filter>
    <Filter Include="ソース ファイル\Graphics\Triangle">
      <UniqueIdentifier>{49c4df4b-af85-4977-a217-30807ec7bc57}</UniqueIdentifier>
    </Filter>
    <Filter Include="ソース ファイル\System">
      <UniqueIdentifier>{cb740849-337d-4694-9bce-0770957dc20d}</UniqueIdentifier>
    </Filter>
    <Filter Include="ソース ファイル\Scene">
      <UniqueIdentifier>{1768e9eb-7645-4140-ade3-e62b7258dbb7}</UniqueIdentifier>
    </Filter>
    <Filter Include="ソース ファイル\Graphics\Model\Mesh">
      <UniqueIdentifier>{da97f189-bf52-4ca3-a034-e91971362e8d}</UniqueIdentifier>
    </Filter>
    <Filter Include="ソース ファイル\Application\DirectX3D11\Render">
      <UniqueIdentifier>{80e102d7-e0fd-43b9-9a50-a1df9c440f43}</UniqueIdentifier>
    </Filter>
    <Filter Include="ソース ファイル\Application\DirectX3D11\Render\BlendState">
      <UniqueIdentifier>{e46d00a0-0292-4162-9bb5-01ed5a935ebd}</UniqueIdentifier>
    </Filter>
    <Filter Include="ソース ファイル\Application\DirectX3D11\Render\CbSet">
      <UniqueIdentifier>{beac274c-3daf-40c2-8f23-58d0ac398439}</UniqueIdentifier>
    </Filter>
    <Filter Include="ソース ファイル\Application\DirectX3D11\Render\D3D11_Renderer">
      <UniqueIdentifier>{a41c40b7-d197-4bfd-96a9-b698e0e82856}</UniqueIdentifier>
    </Filter>
    <Filter Include="ソース ファイル\Application\DirectX3D11\Render\View">
      <UniqueIdentifier>{c234daf4-e652-4ee1-a90e-8a9a60a9a141}</UniqueIdentifier>
    </Filter>
    <Filter Include="ソース ファイル\Application\DirectX3D11\Render\RenderParam">
      <UniqueIdentifier>{7c9d4fd5-d3da-448f-af4d-a491c239d133}</UniqueIdentifier>
    </Filter>
    <Filter Include="ソース ファイル\Application\DirectX3D11\Render\Projection">
      <UniqueIdentifier>{c1b93871-cebf-4d8d-a674-d96b47a06c5b}</UniqueIdentifier>
    </Filter>
    <Filter Include="ソース ファイル\System\MessageError">
      <UniqueIdentifier>{2f5e4082-2ae6-402d-90d1-8dcf684cbeab}</UniqueIdentifier>
    </Filter>
    <Filter Include="ソース ファイル\System\Float">
      <UniqueIdentifier>{4e970090-b780-4683-b4d6-a04784865db2}</UniqueIdentifier>
    </Filter>
    <Filter Include="ソース ファイル\System\Float\Float2">
      <UniqueIdentifier>{86d8f1bd-a92e-4105-9745-373e6815b139}</UniqueIdentifier>
    </Filter>
    <Filter Include="ソース ファイル\System\Float\Float3">
      <UniqueIdentifier>{2e027e68-191c-4f4a-9d94-302c5cce2ed3}</UniqueIdentifier>
    </Filter>
    <Filter Include="ソース ファイル\System\Float\Float4">
      <UniqueIdentifier>{26146b0f-458c-452a-891f-15d679bd7bb9}</UniqueIdentifier>
    </Filter>
    <Filter Include="ソース ファイル\Application\DirectX3D11\Render\Projection\PerspectiveProj">
      <UniqueIdentifier>{571bfd00-895f-4fc2-a3bb-f8979231d705}</UniqueIdentifier>
    </Filter>
    <Filter Include="ソース ファイル\Graphics\Shader\ShaderRetaion">
      <UniqueIdentifier>{0a8827b4-8d96-4039-a144-585385fd6fc7}</UniqueIdentifier>
    </Filter>
    <Filter Include="リソース ファイル\PixelShader">
      <UniqueIdentifier>{c18d5dcc-a17c-49ea-8084-6fd4491bf52a}</UniqueIdentifier>
    </Filter>
    <Filter Include="ソース ファイル\System\Singleton_Base">
      <UniqueIdentifier>{6ed2ade1-6246-4bc6-975d-622d6d6f3190}</UniqueIdentifier>
    </Filter>
    <Filter Include="リソース ファイル\VertrxShader">
      <UniqueIdentifier>{b358f5b9-6a6c-4b0a-8a75-54f0ea574745}</UniqueIdentifier>
    </Filter>
    <Filter Include="ソース ファイル\Scene\SceneManager">
      <UniqueIdentifier>{f9797062-9c55-4a6c-baed-e07a2277e087}</UniqueIdentifier>
    </Filter>
    <Filter Include="ソース ファイル\Scene\Test">
      <UniqueIdentifier>{e4b6ed63-52b2-4a99-9528-c6086552660f}</UniqueIdentifier>
    </Filter>
    <Filter Include="ソース ファイル\Scene\Test\BroadScene">
      <UniqueIdentifier>{bb122568-91e8-499c-a030-c25dce1677f1}</UniqueIdentifier>
    </Filter>
    <Filter Include="ソース ファイル\Scene\Test\SubScene">
      <UniqueIdentifier>{a80e53bb-2990-4524-abda-cf5fa1c94bce}</UniqueIdentifier>
    </Filter>
    <Filter Include="ソース ファイル\Scene\BroadScene">
      <UniqueIdentifier>{ad402460-ec50-4210-a177-c1bc80af3852}</UniqueIdentifier>
    </Filter>
    <Filter Include="ソース ファイル\Scene\BroadScene\Type">
      <UniqueIdentifier>{649f7db4-56af-4072-b5aa-e1ba1f5c8168}</UniqueIdentifier>
    </Filter>
    <Filter Include="ソース ファイル\Scene\BroadScene\BroadScane_Base">
      <UniqueIdentifier>{0f654507-8770-4faa-9cbd-8b3b2c691e81}</UniqueIdentifier>
    </Filter>
    <Filter Include="ソース ファイル\Scene\BroadScene\ChangeScene">
      <UniqueIdentifier>{f721e346-9d6a-434a-bcb2-41103e4b8a18}</UniqueIdentifier>
    </Filter>
    <Filter Include="ソース ファイル\Scene\SubScene">
      <UniqueIdentifier>{43ee46ab-9faa-4d86-9b0b-234b5bbe5229}</UniqueIdentifier>
    </Filter>
    <Filter Include="ソース ファイル\Scene\SubScene\SubScene_Base">
      <UniqueIdentifier>{85f77007-a692-4725-a382-d9a0995088e8}</UniqueIdentifier>
    </Filter>
    <Filter Include="ソース ファイル\Scene\SubScene\ChangeScene">
      <UniqueIdentifier>{84b06df8-0600-4031-90c8-29686042e611}</UniqueIdentifier>
    </Filter>
    <Filter Include="ソース ファイル\Scene\SceneMoveInfo">
      <UniqueIdentifier>{7ed6a9c7-5047-4dae-87fc-54f777f9a701}</UniqueIdentifier>
    </Filter>
    <Filter Include="ソース ファイル\Scene\SceneMoveInfo\RunningState">
      <UniqueIdentifier>{05aa3335-234a-486b-8b54-dd6f6cdaa1c5}</UniqueIdentifier>
    </Filter>
    <Filter Include="ソース ファイル\Scene\Test\ChangeSub">
      <UniqueIdentifier>{aec81818-b41f-433d-8562-cf6f5e640d44}</UniqueIdentifier>
    </Filter>
    <Filter Include="ソース ファイル\System\pch">
      <UniqueIdentifier>{8c29c4da-c53b-415b-8ae0-a5554f701a24}</UniqueIdentifier>
    </Filter>
    <Filter Include="ソース ファイル\Graphics\Model\ModelSettings">
      <UniqueIdentifier>{d7dfd3b7-613e-4384-a6a6-448d15ef6344}</UniqueIdentifier>
    </Filter>
    <Filter Include="ソース ファイル\Graphics\Model\AssimpLoader">
      <UniqueIdentifier>{f632c357-29b8-49b0-b15f-7ad749081454}</UniqueIdentifier>
    </Filter>
    <Filter Include="ソース ファイル\Graphics\Texture">
      <UniqueIdentifier>{026d8e4c-f51d-4e82-9a2d-1ac9ee929f14}</UniqueIdentifier>
    </Filter>
    <Filter Include="ソース ファイル\Graphics\Material">
      <UniqueIdentifier>{a83c15aa-5988-40c1-ac96-d5c7154ca83a}</UniqueIdentifier>
    </Filter>
    <Filter Include="ソース ファイル\Application\DirectX3D11\Render\Sampler">
      <UniqueIdentifier>{ef2a43b5-a26c-496b-80e2-a491592009f1}</UniqueIdentifier>
    </Filter>
    <Filter Include="ソース ファイル\Graphics\Shader\Shader">
      <UniqueIdentifier>{e7d17c28-0c61-4a5c-a1b9-6436bfa75e54}</UniqueIdentifier>
    </Filter>
    <Filter Include="ソース ファイル\System\Transform">
      <UniqueIdentifier>{d3eb84ad-7e35-417a-9ffc-d5938579ae06}</UniqueIdentifier>
    </Filter>
    <Filter Include="ソース ファイル\Object">
      <UniqueIdentifier>{55c4fa45-2e89-43b4-91f6-f99c07eb6859}</UniqueIdentifier>
    </Filter>
    <Filter Include="ソース ファイル\Object\GameObject">
      <UniqueIdentifier>{a607ffd0-a3e3-47ae-94d0-d85404b0472c}</UniqueIdentifier>
    </Filter>
    <Filter Include="ソース ファイル\Object\Camera">
      <UniqueIdentifier>{6a26953d-a672-405b-952f-60d285febe89}</UniqueIdentifier>
    </Filter>
    <Filter Include="ソース ファイル\Application\FramerRate">
      <UniqueIdentifier>{ab52b659-b273-451b-8c83-6c89a4913459}</UniqueIdentifier>
    </Filter>
    <Filter Include="ソース ファイル\Graphics\ModelCollect">
      <UniqueIdentifier>{170553aa-c152-435f-bc36-4da73984e7ba}</UniqueIdentifier>
    </Filter>
    <Filter Include="ソース ファイル\Graphics\TextureCollect">
      <UniqueIdentifier>{45fd70f0-2bc3-4e3d-8d67-fccbb9ce93e6}</UniqueIdentifier>
    </Filter>
    <Filter Include="ソース ファイル\Scene\ResourceCollect_Base">
      <UniqueIdentifier>{9b816ea1-95ea-46ef-b6a5-18290ca60457}</UniqueIdentifier>
    </Filter>
    <Filter Include="ソース ファイル\Graphics\MaterialCollect">
      <UniqueIdentifier>{a7d96d5e-8cfa-488c-83dc-6bbf4f28c822}</UniqueIdentifier>
    </Filter>
    <Filter Include="ソース ファイル\ResourceCollection">
      <UniqueIdentifier>{0914fd39-6184-4c51-bbf5-0a403f0e3bdd}</UniqueIdentifier>
    </Filter>
    <Filter Include="ソース ファイル\ModelLoader">
      <UniqueIdentifier>{281bfbc1-950c-4bbd-b5b2-d0bd373a2ee8}</UniqueIdentifier>
    </Filter>
    <Filter Include="ソース ファイル\System\ImGui">
      <UniqueIdentifier>{3a4f88db-e57c-4ce8-9c11-57982a744aca}</UniqueIdentifier>
    </Filter>
    <Filter Include="ソース ファイル\System\ImGui\ImGuiMethod">
      <UniqueIdentifier>{9a7b730b-6221-4868-8065-b8647ec4a3d9}</UniqueIdentifier>
    </Filter>
    <Filter Include="ソース ファイル\Graphics\Shader\VertexShader">
      <UniqueIdentifier>{b20dd661-d435-40da-a672-7a44490d89d2}</UniqueIdentifier>
    </Filter>
    <Filter Include="ソース ファイル\Graphics\Shader\PixelShader">
      <UniqueIdentifier>{6aa3cdc0-0f6b-4445-8284-29196709cd6b}</UniqueIdentifier>
    </Filter>
    <Filter Include="ソース ファイル\System\ImGui\ImGuiDebugLog">
      <UniqueIdentifier>{d8b0d211-7435-40ae-a429-f77666623c0b}</UniqueIdentifier>
    </Filter>
  </ItemGroup>
  <ItemGroup>
    <FxCompile Include="PixelShader.hlsl">
      <Filter>リソース ファイル\PixelShader</Filter>
    </FxCompile>
    <FxCompile Include="VertexShader.hlsl">
      <Filter>リソース ファイル\VertrxShader</Filter>
    </FxCompile>
  </ItemGroup>
  <ItemGroup>
    <ClCompile Include="main.cpp">
      <Filter>ソース ファイル</Filter>
    </ClCompile>
    <ClCompile Include="BlendState.cpp">
      <Filter>ソース ファイル\Application\DirectX3D11\Render\BlendState</Filter>
    </ClCompile>
    <ClCompile Include="Camera.cpp">
      <Filter>ソース ファイル\Object\Camera</Filter>
    </ClCompile>
    <ClCompile Include="Direct3D11.cpp">
      <Filter>ソース ファイル\Application\DirectX3D11</Filter>
    </ClCompile>
    <ClCompile Include="D3D11_Renderer.cpp">
      <Filter>ソース ファイル\Application\DirectX3D11\Render\D3D11_Renderer</Filter>
    </ClCompile>
    <ClCompile Include="MainApplication.cpp">
      <Filter>ソース ファイル\Application\MainApplication</Filter>
    </ClCompile>
    <ClCompile Include="Mesh.cpp">
      <Filter>ソース ファイル\Graphics\Model\Mesh</Filter>
    </ClCompile>
    <ClCompile Include="MessageError.cpp">
      <Filter>ソース ファイル\System\MessageError</Filter>
    </ClCompile>
    <ClCompile Include="Model.cpp">
      <Filter>ソース ファイル\Graphics\Model</Filter>
    </ClCompile>
    <ClCompile Include="RenderParam.cpp">
      <Filter>ソース ファイル\Application\DirectX3D11\Render\RenderParam</Filter>
    </ClCompile>
    <ClCompile Include="Float2.cpp">
      <Filter>ソース ファイル\System\Float\Float2</Filter>
    </ClCompile>
    <ClCompile Include="Float3.cpp">
      <Filter>ソース ファイル\System\Float\Float3</Filter>
    </ClCompile>
    <ClCompile Include="Float4.cpp">
      <Filter>ソース ファイル\System\Float\Float4</Filter>
    </ClCompile>
    <ClCompile Include="SetUpPerspectiveProj.cpp">
      <Filter>ソース ファイル\Application\DirectX3D11\Render\Projection\PerspectiveProj</Filter>
    </ClCompile>
    <ClCompile Include="SetUpViewTrans.cpp">
      <Filter>ソース ファイル\Application\DirectX3D11\Render\View</Filter>
    </ClCompile>
    <ClCompile Include="ShaderRetation.cpp">
      <Filter>ソース ファイル\Graphics\Shader\ShaderRetaion</Filter>
    </ClCompile>
    <ClCompile Include="Singleton_Base.cpp">
      <Filter>ソース ファイル\System\Singleton_Base</Filter>
    </ClCompile>
    <ClCompile Include="Triangle.cpp">
      <Filter>ソース ファイル\Graphics\Triangle</Filter>
    </ClCompile>
    <ClCompile Include="Window.cpp">
      <Filter>ソース ファイル\Application\Window</Filter>
    </ClCompile>
    <ClCompile Include="BroadScene_Base.cpp">
      <Filter>ソース ファイル\Scene\BroadScene\BroadScane_Base</Filter>
    </ClCompile>
    <ClCompile Include="BroadSceneType.cpp">
      <Filter>ソース ファイル\Scene\BroadScene\Type</Filter>
    </ClCompile>
    <ClCompile Include="ChangeBroadScene.cpp">
      <Filter>ソース ファイル\Scene\BroadScene\ChangeScene</Filter>
    </ClCompile>
    <ClCompile Include="ChangeSubScene.cpp">
      <Filter>ソース ファイル\Scene\SubScene\ChangeScene</Filter>
    </ClCompile>
    <ClCompile Include="SceneManager.cpp">
      <Filter>ソース ファイル\Scene\SceneManager</Filter>
    </ClCompile>
    <ClCompile Include="SceneMoveInfo.cpp">
      <Filter>ソース ファイル\Scene\SceneMoveInfo</Filter>
    </ClCompile>
    <ClCompile Include="SceneRunningState.cpp">
      <Filter>ソース ファイル\Scene\SceneMoveInfo\RunningState</Filter>
    </ClCompile>
    <ClCompile Include="SubScene_Base.cpp">
      <Filter>ソース ファイル\Scene\SubScene\SubScene_Base</Filter>
    </ClCompile>
    <ClCompile Include="Test_Broad.cpp">
      <Filter>ソース ファイル\Scene\Test\BroadScene</Filter>
    </ClCompile>
    <ClCompile Include="pch.cpp">
      <Filter>ソース ファイル\System\pch</Filter>
    </ClCompile>
    <ClCompile Include="Test_SubScene.cpp">
      <Filter>ソース ファイル\Scene\Test\SubScene</Filter>
    </ClCompile>
    <ClCompile Include="Test_ChangeSubScene.cpp">
      <Filter>ソース ファイル\Scene\Test\ChangeSub</Filter>
    </ClCompile>
    <ClCompile Include="ModelSettings.cpp">
      <Filter>ソース ファイル\Graphics\Model\ModelSettings</Filter>
    </ClCompile>
    <ClCompile Include="Texture.cpp">
      <Filter>ソース ファイル\Graphics\Texture</Filter>
    </ClCompile>
    <ClCompile Include="Material.cpp">
      <Filter>ソース ファイル\Graphics\Material</Filter>
    </ClCompile>
    <ClCompile Include="Sampler.cpp">
      <Filter>ソース ファイル\Application\DirectX3D11\Render\Sampler</Filter>
    </ClCompile>
    <ClCompile Include="Transform.cpp">
      <Filter>ソース ファイル\System\Transform</Filter>
    </ClCompile>
    <ClCompile Include="GameObject.cpp">
      <Filter>ソース ファイル\Object\GameObject</Filter>
    </ClCompile>
    <ClCompile Include="ModelCollect.cpp">
      <Filter>ソース ファイル\Graphics\ModelCollect</Filter>
    </ClCompile>
    <ClCompile Include="VariableFrameRate.cpp">
      <Filter>ソース ファイル\Application\FramerRate</Filter>
    </ClCompile>
    <ClCompile Include="TextureCollect.cpp">
      <Filter>ソース ファイル\Graphics\TextureCollect</Filter>
    </ClCompile>
    <ClCompile Include="MaterialCollect.cpp">
      <Filter>ソース ファイル\Graphics\MaterialCollect</Filter>
    </ClCompile>
    <ClCompile Include="ResourceCollection.cpp">
      <Filter>ソース ファイル\ResourceCollection</Filter>
    </ClCompile>
    <ClCompile Include="ImGuiMethod.cpp">
      <Filter>ソース ファイル\System\ImGui\ImGuiMethod</Filter>
    </ClCompile>
    <ClCompile Include="ModelLoader.cpp">
      <Filter>ソース ファイル\ModelLoader</Filter>
    </ClCompile>
    <ClCompile Include="imgui\include\imgui.cpp">
      <Filter>ソース ファイル\System\ImGui</Filter>
    </ClCompile>
    <ClCompile Include="imgui\include\imgui_demo.cpp">
      <Filter>ソース ファイル\System\ImGui</Filter>
    </ClCompile>
    <ClCompile Include="imgui\include\imgui_draw.cpp">
      <Filter>ソース ファイル\System\ImGui</Filter>
    </ClCompile>
    <ClCompile Include="imgui\include\imgui_impl_dx11.cpp">
      <Filter>ソース ファイル\System\ImGui</Filter>
    </ClCompile>
    <ClCompile Include="imgui\include\imgui_impl_win32.cpp">
      <Filter>ソース ファイル\System\ImGui</Filter>
    </ClCompile>
    <ClCompile Include="imgui\include\imgui_tables.cpp">
      <Filter>ソース ファイル\System\ImGui</Filter>
    </ClCompile>
    <ClCompile Include="imgui\include\imgui_widgets.cpp">
      <Filter>ソース ファイル\System\ImGui</Filter>
    </ClCompile>
    <ClCompile Include="Shader.cpp">
      <Filter>ソース ファイル\Graphics\Shader\Shader</Filter>
    </ClCompile>
    <ClCompile Include="PixelShader.cpp">
      <Filter>ソース ファイル\Graphics\Shader\PixelShader</Filter>
    </ClCompile>
    <ClCompile Include="VertexShader.cpp">
      <Filter>ソース ファイル\Graphics\Shader\VertexShader</Filter>
    </ClCompile>
    <ClCompile Include="ImGuiDebugLog.cpp">
      <Filter>ソース ファイル\System\ImGui\ImGuiDebugLog</Filter>
    </ClCompile>
  </ItemGroup>
  <ItemGroup>
    <ClInclude Include="resource.h">
      <Filter>ヘッダー ファイル</Filter>
    </ClInclude>
    <ClInclude Include="BlendState.h">
      <Filter>ソース ファイル\Application\DirectX3D11\Render\BlendState</Filter>
    </ClInclude>
    <ClInclude Include="Camera.h">
      <Filter>ソース ファイル\Object\Camera</Filter>
    </ClInclude>
    <ClInclude Include="CbProjectionSet.h">
      <Filter>ソース ファイル\Application\DirectX3D11\Render\CbSet</Filter>
    </ClInclude>
    <ClInclude Include="CbTransformSet.h">
      <Filter>ソース ファイル\Application\DirectX3D11\Render\CbSet</Filter>
    </ClInclude>
    <ClInclude Include="CbViewSet.h">
      <Filter>ソース ファイル\Application\DirectX3D11\Render\CbSet</Filter>
    </ClInclude>
    <ClInclude Include="Direct3D11.h">
      <Filter>ソース ファイル\Application\DirectX3D11</Filter>
    </ClInclude>
    <ClInclude Include="D3D11_Renderer.h">
      <Filter>ソース ファイル\Application\DirectX3D11\Render\D3D11_Renderer</Filter>
    </ClInclude>
    <ClInclude Include="ISetUpProjection.h">
      <Filter>ソース ファイル\Application\DirectX3D11\Render\Projection</Filter>
    </ClInclude>
    <ClInclude Include="IGetRenderResource.h">
      <Filter>ソース ファイル\Application\DirectX3D11\Render\RenderParam</Filter>
    </ClInclude>
    <ClInclude Include="IGetRenderPara.h">
      <Filter>ソース ファイル\Application\DirectX3D11\Render</Filter>
    </ClInclude>
    <ClInclude Include="MainApplication.h">
      <Filter>ソース ファイル\Application\MainApplication</Filter>
    </ClInclude>
    <ClInclude Include="Mesh.h">
      <Filter>ソース ファイル\Graphics\Model\Mesh</Filter>
    </ClInclude>
    <ClInclude Include="MessageError.h">
      <Filter>ソース ファイル\System\MessageError</Filter>
    </ClInclude>
    <ClInclude Include="Model.h">
      <Filter>ソース ファイル\Graphics\Model</Filter>
    </ClInclude>
    <ClInclude Include="RenderParam.h">
      <Filter>ソース ファイル\Application\DirectX3D11\Render\RenderParam</Filter>
    </ClInclude>
    <ClInclude Include="Float2.h">
      <Filter>ソース ファイル\System\Float\Float2</Filter>
    </ClInclude>
    <ClInclude Include="Float3.h">
      <Filter>ソース ファイル\System\Float\Float3</Filter>
    </ClInclude>
    <ClInclude Include="Float4.h">
      <Filter>ソース ファイル\System\Float\Float4</Filter>
    </ClInclude>
    <ClInclude Include="SetUpPerspectiveProj.h">
      <Filter>ソース ファイル\Application\DirectX3D11\Render\Projection\PerspectiveProj</Filter>
    </ClInclude>
    <ClInclude Include="SetUpViewTrans.h">
      <Filter>ソース ファイル\Application\DirectX3D11\Render\View</Filter>
    </ClInclude>
    <ClInclude Include="ShaderRetation.h">
      <Filter>ソース ファイル\Graphics\Shader\ShaderRetaion</Filter>
    </ClInclude>
    <ClInclude Include="Singleton_Base.h">
      <Filter>ソース ファイル\System\Singleton_Base</Filter>
    </ClInclude>
    <ClInclude Include="Triangle.h">
      <Filter>ソース ファイル\Graphics\Triangle</Filter>
    </ClInclude>
    <ClInclude Include="Window.h">
      <Filter>ソース ファイル\Application\Window</Filter>
    </ClInclude>
    <ClInclude Include="BroadScene_Base.h">
      <Filter>ソース ファイル\Scene\BroadScene\BroadScane_Base</Filter>
    </ClInclude>
    <ClInclude Include="BroadSceneType.h">
      <Filter>ソース ファイル\Scene\BroadScene\Type</Filter>
    </ClInclude>
    <ClInclude Include="ChangeBroadScene.h">
      <Filter>ソース ファイル\Scene\BroadScene\ChangeScene</Filter>
    </ClInclude>
    <ClInclude Include="ChangeSubScene.h">
      <Filter>ソース ファイル\Scene\SubScene\ChangeScene</Filter>
    </ClInclude>
    <ClInclude Include="SceneManager.h">
      <Filter>ソース ファイル\Scene\SceneManager</Filter>
    </ClInclude>
    <ClInclude Include="SceneMoveInfo.h">
      <Filter>ソース ファイル\Scene\SceneMoveInfo</Filter>
    </ClInclude>
    <ClInclude Include="SceneRunningState.h">
      <Filter>ソース ファイル\Scene\SceneMoveInfo\RunningState</Filter>
    </ClInclude>
    <ClInclude Include="SubScene_Base.h">
      <Filter>ソース ファイル\Scene\SubScene\SubScene_Base</Filter>
    </ClInclude>
    <ClInclude Include="Test_Broad.h">
      <Filter>ソース ファイル\Scene\Test\BroadScene</Filter>
    </ClInclude>
    <ClInclude Include="pch.h">
      <Filter>ソース ファイル\System\pch</Filter>
    </ClInclude>
    <ClInclude Include="Test_SubScene.h">
      <Filter>ソース ファイル\Scene\Test\SubScene</Filter>
    </ClInclude>
    <ClInclude Include="Test_ChangeSubScene.h">
      <Filter>ソース ファイル\Scene\Test\ChangeSub</Filter>
    </ClInclude>
    <ClInclude Include="ModelSettings.h">
      <Filter>ソース ファイル\Graphics\Model\ModelSettings</Filter>
    </ClInclude>
    <ClInclude Include="Texture.h">
      <Filter>ソース ファイル\Graphics\Texture</Filter>
    </ClInclude>
    <ClInclude Include="Material.h">
      <Filter>ソース ファイル\Graphics\Material</Filter>
    </ClInclude>
    <ClInclude Include="Sampler.h">
      <Filter>ソース ファイル\Application\DirectX3D11\Render\Sampler</Filter>
    </ClInclude>
    <ClInclude Include="Transform.h">
      <Filter>ソース ファイル\System\Transform</Filter>
    </ClInclude>
    <ClInclude Include="GameObject.h">
      <Filter>ソース ファイル\Object\GameObject</Filter>
    </ClInclude>
    <ClInclude Include="ModelCollect.h">
      <Filter>ソース ファイル\Graphics\ModelCollect</Filter>
    </ClInclude>
    <ClInclude Include="VariableFrameRate.h">
      <Filter>ソース ファイル\Application\FramerRate</Filter>
    </ClInclude>
    <ClInclude Include="TextureCollect.h">
      <Filter>ソース ファイル\Graphics\TextureCollect</Filter>
    </ClInclude>
    <ClInclude Include="ResourceCollect_Base.h">
      <Filter>ソース ファイル\Scene\ResourceCollect_Base</Filter>
    </ClInclude>
    <ClInclude Include="MaterialCollect.h">
      <Filter>ソース ファイル\Graphics\MaterialCollect</Filter>
    </ClInclude>
    <ClInclude Include="ResourceCollection.h">
      <Filter>ソース ファイル\ResourceCollection</Filter>
    </ClInclude>
    <ClInclude Include="ImGuiMethod.h">
      <Filter>ソース ファイル\System\ImGui\ImGuiMethod</Filter>
    </ClInclude>
    <ClInclude Include="ModelLoader.h">
      <Filter>ソース ファイル\ModelLoader</Filter>
    </ClInclude>
    <ClInclude Include="imgui\include\imconfig.h">
      <Filter>ソース ファイル\System\ImGui</Filter>
    </ClInclude>
    <ClInclude Include="imgui\include\imgui.h">
      <Filter>ソース ファイル\System\ImGui</Filter>
    </ClInclude>
    <ClInclude Include="imgui\include\imgui_impl_dx11.h">
      <Filter>ソース ファイル\System\ImGui</Filter>
    </ClInclude>
    <ClInclude Include="imgui\include\imgui_impl_win32.h">
      <Filter>ソース ファイル\System\ImGui</Filter>
    </ClInclude>
    <ClInclude Include="imgui\include\imgui_internal.h">
      <Filter>ソース ファイル\System\ImGui</Filter>
    </ClInclude>
    <ClInclude Include="imgui\include\imstb_rectpack.h">
      <Filter>ソース ファイル\System\ImGui</Filter>
    </ClInclude>
    <ClInclude Include="imgui\include\imstb_textedit.h">
      <Filter>ソース ファイル\System\ImGui</Filter>
    </ClInclude>
    <ClInclude Include="imgui\include\imstb_truetype.h">
      <Filter>ソース ファイル\System\ImGui</Filter>
    </ClInclude>
    <ClInclude Include="imgui_gryph.h">
      <Filter>ソース ファイル\System\ImGui</Filter>
    </ClInclude>
    <ClInclude Include="Shader.h">
      <Filter>ソース ファイル\Graphics\Shader\Shader</Filter>
    </ClInclude>
    <ClInclude Include="VertexShader.h">
      <Filter>ソース ファイル\Graphics\Shader\VertexShader</Filter>
    </ClInclude>
    <ClInclude Include="PixelShader.h">
      <Filter>ソース ファイル\Graphics\Shader\PixelShader</Filter>
    </ClInclude>
    <ClInclude Include="ImGuiDebugLog.h">
      <Filter>ソース ファイル\System\ImGui\ImGuiDebugLog</Filter>
    </ClInclude>
  </ItemGroup>
</Project>