<?xml version="1.0" encoding="utf-8"?>
<Project ToolsVersion="4.0" xmlns="http://schemas.microsoft.com/developer/msbuild/2003">
  <ItemGroup>
    <Filter Include="ソース ファイル">
      <UniqueIdentifier>{4FC737F1-C7A5-4376-A066-2A32D752A2FF}</UniqueIdentifier>
      <Extensions>cpp;c;cc;cxx;c++;cppm;ixx;def;odl;idl;hpj;bat;asm;asmx</Extensions>
    </Filter>
    <Filter Include="ヘッダー ファイル">
      <UniqueIdentifier>{93995380-89BD-4b04-88EB-625FBE52EBFB}</UniqueIdentifier>
      <Extensions>h;hh;hpp;hxx;h++;hm;inl;inc;ipp;xsd</Extensions>
    </Filter>
    <Filter Include="リソース ファイル">
      <UniqueIdentifier>{67DA6AB6-F800-4c08-8B7A-83BB121AAD01}</UniqueIdentifier>
      <Extensions>rc;ico;cur;bmp;dlg;rc2;rct;bin;rgs;gif;jpg;jpeg;jpe;resx;tiff;tif;png;wav;mfcribbon-ms</Extensions>
    </Filter>
    <Filter Include="ソース ファイル\Graphics">
      <UniqueIdentifier>{562a209c-0565-4c33-be9d-a735858792ad}</UniqueIdentifier>
    </Filter>
    <Filter Include="ソース ファイル\Graphics\Model">
      <UniqueIdentifier>{70d2c2f9-9413-494d-b580-9eae1887a1bc}</UniqueIdentifier>
    </Filter>
    <Filter Include="ソース ファイル\Graphics\Shader">
      <UniqueIdentifier>{45d61797-0f18-4d52-914d-ee157893fee1}</UniqueIdentifier>
    </Filter>
    <Filter Include="ソース ファイル\Graphics\Triangle">
      <UniqueIdentifier>{49c4df4b-af85-4977-a217-30807ec7bc57}</UniqueIdentifier>
    </Filter>
    <Filter Include="ソース ファイル\System">
      <UniqueIdentifier>{cb740849-337d-4694-9bce-0770957dc20d}</UniqueIdentifier>
    </Filter>
    <Filter Include="ソース ファイル\Scene">
      <UniqueIdentifier>{1768e9eb-7645-4140-ade3-e62b7258dbb7}</UniqueIdentifier>
    </Filter>
    <Filter Include="ソース ファイル\Graphics\Model\Mesh">
      <UniqueIdentifier>{da97f189-bf52-4ca3-a034-e91971362e8d}</UniqueIdentifier>
    </Filter>
    <Filter Include="ソース ファイル\System\MessageError">
      <UniqueIdentifier>{2f5e4082-2ae6-402d-90d1-8dcf684cbeab}</UniqueIdentifier>
    </Filter>
    <Filter Include="ソース ファイル\Graphics\Shader\ShaderRetaion">
      <UniqueIdentifier>{0a8827b4-8d96-4039-a144-585385fd6fc7}</UniqueIdentifier>
    </Filter>
    <Filter Include="リソース ファイル\PixelShader">
      <UniqueIdentifier>{c18d5dcc-a17c-49ea-8084-6fd4491bf52a}</UniqueIdentifier>
    </Filter>
    <Filter Include="ソース ファイル\System\Singleton_Base">
      <UniqueIdentifier>{6ed2ade1-6246-4bc6-975d-622d6d6f3190}</UniqueIdentifier>
    </Filter>
    <Filter Include="リソース ファイル\VertrxShader">
      <UniqueIdentifier>{b358f5b9-6a6c-4b0a-8a75-54f0ea574745}</UniqueIdentifier>
    </Filter>
    <Filter Include="ソース ファイル\Scene\SceneManager">
      <UniqueIdentifier>{f9797062-9c55-4a6c-baed-e07a2277e087}</UniqueIdentifier>
    </Filter>
    <Filter Include="ソース ファイル\Scene\Test">
      <UniqueIdentifier>{e4b6ed63-52b2-4a99-9528-c6086552660f}</UniqueIdentifier>
    </Filter>
    <Filter Include="ソース ファイル\Scene\Test\BroadScene">
      <UniqueIdentifier>{bb122568-91e8-499c-a030-c25dce1677f1}</UniqueIdentifier>
    </Filter>
    <Filter Include="ソース ファイル\Scene\Test\SubScene">
      <UniqueIdentifier>{a80e53bb-2990-4524-abda-cf5fa1c94bce}</UniqueIdentifier>
    </Filter>
    <Filter Include="ソース ファイル\Scene\BroadScene">
      <UniqueIdentifier>{ad402460-ec50-4210-a177-c1bc80af3852}</UniqueIdentifier>
    </Filter>
    <Filter Include="ソース ファイル\Scene\BroadScene\BroadScane_Base">
      <UniqueIdentifier>{0f654507-8770-4faa-9cbd-8b3b2c691e81}</UniqueIdentifier>
    </Filter>
    <Filter Include="ソース ファイル\Scene\BroadScene\ChangeScene">
      <UniqueIdentifier>{f721e346-9d6a-434a-bcb2-41103e4b8a18}</UniqueIdentifier>
    </Filter>
    <Filter Include="ソース ファイル\Scene\SubScene">
      <UniqueIdentifier>{43ee46ab-9faa-4d86-9b0b-234b5bbe5229}</UniqueIdentifier>
    </Filter>
    <Filter Include="ソース ファイル\Scene\SubScene\SubScene_Base">
      <UniqueIdentifier>{85f77007-a692-4725-a382-d9a0995088e8}</UniqueIdentifier>
    </Filter>
    <Filter Include="ソース ファイル\Scene\SubScene\ChangeScene">
      <UniqueIdentifier>{84b06df8-0600-4031-90c8-29686042e611}</UniqueIdentifier>
    </Filter>
    <Filter Include="ソース ファイル\Scene\SceneMoveInfo">
      <UniqueIdentifier>{7ed6a9c7-5047-4dae-87fc-54f777f9a701}</UniqueIdentifier>
    </Filter>
    <Filter Include="ソース ファイル\Scene\SceneMoveInfo\RunningState">
      <UniqueIdentifier>{05aa3335-234a-486b-8b54-dd6f6cdaa1c5}</UniqueIdentifier>
    </Filter>
    <Filter Include="ソース ファイル\Scene\Test\ChangeSub">
      <UniqueIdentifier>{aec81818-b41f-433d-8562-cf6f5e640d44}</UniqueIdentifier>
    </Filter>
    <Filter Include="ソース ファイル\System\pch">
      <UniqueIdentifier>{8c29c4da-c53b-415b-8ae0-a5554f701a24}</UniqueIdentifier>
    </Filter>
    <Filter Include="ソース ファイル\Graphics\Model\ModelSettings">
      <UniqueIdentifier>{d7dfd3b7-613e-4384-a6a6-448d15ef6344}</UniqueIdentifier>
    </Filter>
    <Filter Include="ソース ファイル\Graphics\Material">
      <UniqueIdentifier>{a83c15aa-5988-40c1-ac96-d5c7154ca83a}</UniqueIdentifier>
    </Filter>
    <Filter Include="ソース ファイル\Graphics\Shader\Shader">
      <UniqueIdentifier>{e7d17c28-0c61-4a5c-a1b9-6436bfa75e54}</UniqueIdentifier>
    </Filter>
    <Filter Include="ソース ファイル\System\Transform">
      <UniqueIdentifier>{d3eb84ad-7e35-417a-9ffc-d5938579ae06}</UniqueIdentifier>
    </Filter>
    <Filter Include="ソース ファイル\Object">
      <UniqueIdentifier>{55c4fa45-2e89-43b4-91f6-f99c07eb6859}</UniqueIdentifier>
    </Filter>
    <Filter Include="ソース ファイル\Object\Camera">
      <UniqueIdentifier>{6a26953d-a672-405b-952f-60d285febe89}</UniqueIdentifier>
    </Filter>
    <Filter Include="ソース ファイル\ResourceCollection">
      <UniqueIdentifier>{0914fd39-6184-4c51-bbf5-0a403f0e3bdd}</UniqueIdentifier>
    </Filter>
    <Filter Include="ソース ファイル\System\ImGui">
      <UniqueIdentifier>{3a4f88db-e57c-4ce8-9c11-57982a744aca}</UniqueIdentifier>
    </Filter>
    <Filter Include="ソース ファイル\System\ImGui\ImGuiMethod">
      <UniqueIdentifier>{9a7b730b-6221-4868-8065-b8647ec4a3d9}</UniqueIdentifier>
    </Filter>
    <Filter Include="ソース ファイル\Graphics\Shader\VertexShader">
      <UniqueIdentifier>{b20dd661-d435-40da-a672-7a44490d89d2}</UniqueIdentifier>
    </Filter>
    <Filter Include="ソース ファイル\Graphics\Shader\PixelShader">
      <UniqueIdentifier>{6aa3cdc0-0f6b-4445-8284-29196709cd6b}</UniqueIdentifier>
    </Filter>
    <Filter Include="ソース ファイル\System\ImGui\ImGuiDebugLog">
      <UniqueIdentifier>{d8b0d211-7435-40ae-a429-f77666623c0b}</UniqueIdentifier>
    </Filter>
    <Filter Include="ソース ファイル\System\ImGui\ImGui">
      <UniqueIdentifier>{65a46e3a-d104-4ba9-bbba-6c4a1a612f0f}</UniqueIdentifier>
    </Filter>
    <Filter Include="ソース ファイル\Graphics\ModelLoader">
      <UniqueIdentifier>{281bfbc1-950c-4bbd-b5b2-d0bd373a2ee8}</UniqueIdentifier>
    </Filter>
    <Filter Include="ソース ファイル\Graphics\BoneMesh">
      <UniqueIdentifier>{8ce03dad-64af-4c79-802a-ecc4af38d471}</UniqueIdentifier>
    </Filter>
    <Filter Include="ソース ファイル\Object\Object_3D">
      <UniqueIdentifier>{a607ffd0-a3e3-47ae-94d0-d85404b0472c}</UniqueIdentifier>
    </Filter>
    <Filter Include="ソース ファイル\Object\Object_2D">
      <UniqueIdentifier>{4c2b8f6c-2586-4267-9747-074a4ca953b7}</UniqueIdentifier>
    </Filter>
    <Filter Include="ソース ファイル\Object\Onject_UI">
      <UniqueIdentifier>{2a78615c-49c6-40be-9f3a-a0488595b157}</UniqueIdentifier>
    </Filter>
    <Filter Include="ソース ファイル\Object\Tag">
      <UniqueIdentifier>{988b4f81-a66d-4eef-8758-f35438d16df4}</UniqueIdentifier>
    </Filter>
    <Filter Include="ソース ファイル\Scene\TankFire">
      <UniqueIdentifier>{d4db0105-4185-4068-8f42-f57819645494}</UniqueIdentifier>
    </Filter>
    <Filter Include="ソース ファイル\Scene\TankFire\ChangeSub">
      <UniqueIdentifier>{58733c0a-0731-4438-9236-0be8e83cfd5b}</UniqueIdentifier>
    </Filter>
    <Filter Include="ソース ファイル\Scene\TankFire\SubScene">
      <UniqueIdentifier>{e6273f7e-7454-4fe7-8739-0d37deeb5863}</UniqueIdentifier>
    </Filter>
    <Filter Include="ソース ファイル\Scene\TankFire\BroadScene">
      <UniqueIdentifier>{a5887d5e-dc54-4947-bffb-467f1f55c4a4}</UniqueIdentifier>
    </Filter>
    <Filter Include="ソース ファイル\Scene\TankFire\SubScene\InGame">
      <UniqueIdentifier>{20231241-ed76-454f-af9b-1ce0d9e965a1}</UniqueIdentifier>
    </Filter>
    <Filter Include="ソース ファイル\Scene\TankFire\SubScene\Title">
      <UniqueIdentifier>{55b9c26e-8608-40e1-b899-9bf3507cef0c}</UniqueIdentifier>
    </Filter>
    <Filter Include="ソース ファイル\Scene\TankFire\SubScene\Result">
      <UniqueIdentifier>{11db7113-88cb-4f3e-83ac-e139c9c32672}</UniqueIdentifier>
    </Filter>
    <Filter Include="ソース ファイル\System\JISToUTF8">
      <UniqueIdentifier>{044f28fe-fa18-4027-b4b8-860014ccfae3}</UniqueIdentifier>
    </Filter>
    <Filter Include="ソース ファイル\Component">
      <UniqueIdentifier>{42921805-de89-4f40-8d80-903ddaa8a6e7}</UniqueIdentifier>
    </Filter>
    <Filter Include="ソース ファイル\Component\Base">
      <UniqueIdentifier>{e135d10e-460d-42fc-9c33-8f241482b589}</UniqueIdentifier>
    </Filter>
    <Filter Include="ソース ファイル\Component\Collider">
      <UniqueIdentifier>{6de16cb7-6707-458b-af59-05b35201c7b6}</UniqueIdentifier>
    </Filter>
    <Filter Include="ソース ファイル\Component\InGame">
      <UniqueIdentifier>{2e409227-6957-4c53-a14b-b823bba68a51}</UniqueIdentifier>
    </Filter>
    <Filter Include="ソース ファイル\Component\InGame\Player">
      <UniqueIdentifier>{44a70ce8-ddd0-445a-b29f-38a25df60c0c}</UniqueIdentifier>
    </Filter>
    <Filter Include="ソース ファイル\Component\InGame\Player\PlayerMove">
      <UniqueIdentifier>{6c7be51c-6d1a-480a-89c3-1083e505d0d7}</UniqueIdentifier>
    </Filter>
    <Filter Include="ソース ファイル\Component\InGame\Camera">
      <UniqueIdentifier>{76d719ff-9c96-4140-9f9b-437adc20c404}</UniqueIdentifier>
    </Filter>
    <Filter Include="ソース ファイル\Component\Collider\Box">
      <UniqueIdentifier>{fa82fd3a-a0fe-471e-aaa2-4716a878de6e}</UniqueIdentifier>
    </Filter>
    <Filter Include="ソース ファイル\Component\Collider\Sphere">
      <UniqueIdentifier>{43f104c6-d005-4633-a3d8-0ae524b6de22}</UniqueIdentifier>
    </Filter>
    <Filter Include="ソース ファイル\Component\Collider\CollisionChecker">
      <UniqueIdentifier>{ee02f005-9104-4dc7-80e5-56016c5bdf4e}</UniqueIdentifier>
    </Filter>
    <Filter Include="ソース ファイル\Object\SceneObjects">
      <UniqueIdentifier>{4b5fda20-e416-43b8-99cd-92e298c295f2}</UniqueIdentifier>
    </Filter>
    <Filter Include="ソース ファイル\Component\Collider\Base">
      <UniqueIdentifier>{0157a627-13bf-479e-b143-2b1c12827e0c}</UniqueIdentifier>
    </Filter>
    <Filter Include="ソース ファイル\Component\Collider\CollisionRegister">
      <UniqueIdentifier>{3ab90406-cf9c-4eae-9535-14d7e715d14b}</UniqueIdentifier>
    </Filter>
    <Filter Include="ソース ファイル\Component\InGame\Camera\CameraMove">
      <UniqueIdentifier>{6b4aa409-ce39-44d4-b402-3a73fef4490a}</UniqueIdentifier>
    </Filter>
    <Filter Include="ソース ファイル\Component\InGame\Camera\CameraInput">
      <UniqueIdentifier>{82bec4ac-dc99-4c37-a7ba-9b5b3727bd14}</UniqueIdentifier>
    </Filter>
    <Filter Include="ソース ファイル\System\Application">
      <UniqueIdentifier>{5466729c-5537-4707-b5b1-05328d8fd375}</UniqueIdentifier>
    </Filter>
    <Filter Include="ソース ファイル\System\Application\DirectX3D11">
      <UniqueIdentifier>{b04cefbf-b898-49b0-95d6-17faa5e46b0f}</UniqueIdentifier>
    </Filter>
    <Filter Include="ソース ファイル\System\Application\DirectX3D11\Render">
      <UniqueIdentifier>{80e102d7-e0fd-43b9-9a50-a1df9c440f43}</UniqueIdentifier>
    </Filter>
    <Filter Include="ソース ファイル\System\Application\DirectX3D11\Render\BlendState">
      <UniqueIdentifier>{e46d00a0-0292-4162-9bb5-01ed5a935ebd}</UniqueIdentifier>
    </Filter>
    <Filter Include="ソース ファイル\System\Application\DirectX3D11\Render\CbSet">
      <UniqueIdentifier>{beac274c-3daf-40c2-8f23-58d0ac398439}</UniqueIdentifier>
    </Filter>
    <Filter Include="ソース ファイル\System\Application\DirectX3D11\Render\D3D11_Renderer">
      <UniqueIdentifier>{a41c40b7-d197-4bfd-96a9-b698e0e82856}</UniqueIdentifier>
    </Filter>
    <Filter Include="ソース ファイル\System\Application\DirectX3D11\Render\View">
      <UniqueIdentifier>{c234daf4-e652-4ee1-a90e-8a9a60a9a141}</UniqueIdentifier>
    </Filter>
    <Filter Include="ソース ファイル\System\Application\DirectX3D11\Render\RenderParam">
      <UniqueIdentifier>{7c9d4fd5-d3da-448f-af4d-a491c239d133}</UniqueIdentifier>
    </Filter>
    <Filter Include="ソース ファイル\System\Application\DirectX3D11\Render\Projection">
      <UniqueIdentifier>{c1b93871-cebf-4d8d-a674-d96b47a06c5b}</UniqueIdentifier>
    </Filter>
    <Filter Include="ソース ファイル\System\Application\DirectX3D11\Render\Projection\PerspectiveProj">
      <UniqueIdentifier>{571bfd00-895f-4fc2-a3bb-f8979231d705}</UniqueIdentifier>
    </Filter>
    <Filter Include="ソース ファイル\System\Application\DirectX3D11\Render\Sampler">
      <UniqueIdentifier>{ef2a43b5-a26c-496b-80e2-a491592009f1}</UniqueIdentifier>
    </Filter>
    <Filter Include="ソース ファイル\System\Application\MainApplication">
      <UniqueIdentifier>{52bc151c-6b6b-4f7e-b980-0fbd87175227}</UniqueIdentifier>
    </Filter>
    <Filter Include="ソース ファイル\System\Application\Window">
      <UniqueIdentifier>{9aaa4cd1-100a-437d-8b04-368c45b8da7d}</UniqueIdentifier>
    </Filter>
    <Filter Include="ソース ファイル\System\Application\FramerRate">
      <UniqueIdentifier>{ab52b659-b273-451b-8c83-6c89a4913459}</UniqueIdentifier>
    </Filter>
    <Filter Include="ソース ファイル\System\Application\Input">
      <UniqueIdentifier>{32ae1d60-8e3d-44fb-8b87-d1a0ed7397f2}</UniqueIdentifier>
    </Filter>
    <Filter Include="ソース ファイル\System\Application\Input\GamePad">
      <UniqueIdentifier>{7e2c85a4-9e53-488f-882b-c17ed29167f2}</UniqueIdentifier>
    </Filter>
    <Filter Include="ソース ファイル\System\Application\Input\Keyboard">
      <UniqueIdentifier>{67dedc71-2688-4e08-8632-ead66bf81b9e}</UniqueIdentifier>
    </Filter>
    <Filter Include="ソース ファイル\System\GameMode">
      <UniqueIdentifier>{9c95c819-a91d-411a-80fd-9a3899e66cc7}</UniqueIdentifier>
    </Filter>
    <Filter Include="ソース ファイル\Component\InGame\Test">
      <UniqueIdentifier>{3c61951c-e04f-4483-8c93-ee48a0b9497f}</UniqueIdentifier>
    </Filter>
    <Filter Include="ソース ファイル\Object\TankFireObj">
      <UniqueIdentifier>{edfb3745-ef82-405e-ada1-6969c13f46aa}</UniqueIdentifier>
    </Filter>
    <Filter Include="ソース ファイル\Object\TankFireObj\Tank">
      <UniqueIdentifier>{30742376-b87f-4e1a-8e2c-fb6837c989bb}</UniqueIdentifier>
    </Filter>
    <Filter Include="ソース ファイル\Object\SObjectRegister">
      <UniqueIdentifier>{115688cf-7547-4987-bbcb-4952b9027d62}</UniqueIdentifier>
    </Filter>
    <Filter Include="ソース ファイル\Object\GameObject">
      <UniqueIdentifier>{54651696-70bc-4ca7-ba6d-128c5dc1b8e4}</UniqueIdentifier>
    </Filter>
    <Filter Include="ソース ファイル\Graphics\Geometory">
      <UniqueIdentifier>{8ad7004a-18e3-467b-b982-788b90b03a7c}</UniqueIdentifier>
    </Filter>
    <Filter Include="ソース ファイル\Graphics\Geometory\Cube">
      <UniqueIdentifier>{16f344dc-964c-4351-bda8-45c1b06dcb98}</UniqueIdentifier>
    </Filter>
    <Filter Include="ソース ファイル\Graphics\Geometory\BasicObject_Base">
      <UniqueIdentifier>{7dede4c7-afd2-4dbd-af48-ff8d2e681c4b}</UniqueIdentifier>
    </Filter>
    <Filter Include="ソース ファイル\Graphics\Geometory\Sphere">
      <UniqueIdentifier>{5268db00-a05b-40ef-8ccc-481a51095ac4}</UniqueIdentifier>
    </Filter>
    <Filter Include="ソース ファイル\System\Json">
      <UniqueIdentifier>{0e2f16b8-5e83-4119-867e-087426684a3a}</UniqueIdentifier>
    </Filter>
    <Filter Include="ソース ファイル\System\Json\SaveJsonValue">
      <UniqueIdentifier>{c5ddcc57-61e7-4c28-8254-6882c301f71c}</UniqueIdentifier>
    </Filter>
    <Filter Include="ソース ファイル\System\Json\Save">
      <UniqueIdentifier>{e8e81301-115a-4a0a-93dd-3fa9d701854e}</UniqueIdentifier>
    </Filter>
    <Filter Include="ソース ファイル\Object\TankFireObj\Field">
      <UniqueIdentifier>{7e6cb0cd-663f-451d-b683-2dacb70581ea}</UniqueIdentifier>
    </Filter>
    <Filter Include="ソース ファイル\Component\InGame\Player\PlayerShot">
      <UniqueIdentifier>{e8cb6f07-29cc-4a68-856c-348340aea293}</UniqueIdentifier>
    </Filter>
    <Filter Include="ソース ファイル\Object\TankFireObj\Bullet">
      <UniqueIdentifier>{f82d5a10-6c18-46cf-b336-59926f35276a}</UniqueIdentifier>
    </Filter>
    <Filter Include="ソース ファイル\Component\InGame\Bullet">
      <UniqueIdentifier>{dfebd937-7ad1-49d9-9a20-14cf68f37213}</UniqueIdentifier>
    </Filter>
    <Filter Include="ソース ファイル\Component\InGame\Player\PlayerInput">
      <UniqueIdentifier>{3ead3f7f-0159-4fa0-bb22-adcd1bbdcafa}</UniqueIdentifier>
    </Filter>
    <Filter Include="ソース ファイル\SceneFunction">
      <UniqueIdentifier>{873b7fd4-8efe-4072-b1f3-edf202c51acb}</UniqueIdentifier>
    </Filter>
    <Filter Include="ソース ファイル\SceneFunction\GameObject">
      <UniqueIdentifier>{561d5b96-25b2-4652-b462-abca12791b72}</UniqueIdentifier>
    </Filter>
    <Filter Include="ソース ファイル\Object\Light">
      <UniqueIdentifier>{130fca24-6f0a-4d75-8ff5-0a6a29288a52}</UniqueIdentifier>
    </Filter>
    <Filter Include="ソース ファイル\Object\Light\PointLight">
      <UniqueIdentifier>{819b1d3b-96f3-4789-b52c-b1470be208c4}</UniqueIdentifier>
    </Filter>
    <Filter Include="ソース ファイル\Object\Light\SpotLight">
      <UniqueIdentifier>{0313a73a-9476-4d1b-b163-2eff4e4edc6c}</UniqueIdentifier>
    </Filter>
    <Filter Include="ソース ファイル\Object\SceneLights">
      <UniqueIdentifier>{fbb366e6-a9a5-4cec-9729-311d7c914502}</UniqueIdentifier>
    </Filter>
    <Filter Include="ソース ファイル\Object\Light\Direction">
      <UniqueIdentifier>{ab500ce5-d941-4082-abd1-6388cfbf8545}</UniqueIdentifier>
    </Filter>
    <Filter Include="ソース ファイル\System\Useful">
      <UniqueIdentifier>{7a7bde62-f1ee-405c-bca3-eb0e4517e016}</UniqueIdentifier>
    </Filter>
    <Filter Include="ソース ファイル\System\Useful\CUseful">
      <UniqueIdentifier>{8d2e074a-3358-4341-94a5-dcfabc90dfaf}</UniqueIdentifier>
    </Filter>
    <Filter Include="ソース ファイル\System\Useful\MathUseful">
      <UniqueIdentifier>{4c0f1f54-09cf-4963-af1b-02fdd0832fe5}</UniqueIdentifier>
    </Filter>
    <Filter Include="ソース ファイル\Object\Tokutei">
      <UniqueIdentifier>{1bb2e871-5d1d-496d-919b-7103383fa296}</UniqueIdentifier>
    </Filter>
    <Filter Include="ソース ファイル\Object\Tokutei\Sphere">
      <UniqueIdentifier>{08e93cbc-352c-4118-9e33-3d5c65bb834c}</UniqueIdentifier>
    </Filter>
    <Filter Include="ソース ファイル\Scene\InSceneSystem">
      <UniqueIdentifier>{b54ce796-f7aa-42ab-a133-8a4a2882bec4}</UniqueIdentifier>
    </Filter>
    <Filter Include="ソース ファイル\Component\Renderer">
      <UniqueIdentifier>{5bfa5bf5-a68f-4f72-8436-bd497064ced2}</UniqueIdentifier>
    </Filter>
    <Filter Include="ソース ファイル\Component\Renderer\Mesh">
      <UniqueIdentifier>{a935276e-aa2f-4154-aa45-1d0a427befec}</UniqueIdentifier>
    </Filter>
    <Filter Include="ソース ファイル\Component\Renderer\Sprite">
      <UniqueIdentifier>{44adb63d-0c85-4d42-a76d-a8b8a2ae4ce7}</UniqueIdentifier>
    </Filter>
    <Filter Include="ソース ファイル\Component\Renderer\CP_ModelRenderer">
      <UniqueIdentifier>{cc9834c4-25a7-4280-b9ed-97e59705b9e9}</UniqueIdentifier>
    </Filter>
    <Filter Include="ソース ファイル\Graphics\Sprite">
      <UniqueIdentifier>{aefcb463-41f4-43d8-9ff6-52a0c8089a17}</UniqueIdentifier>
    </Filter>
    <Filter Include="ソース ファイル\Graphics\Sprite\Texture">
      <UniqueIdentifier>{026d8e4c-f51d-4e82-9a2d-1ac9ee929f14}</UniqueIdentifier>
    </Filter>
  </ItemGroup>
  <ItemGroup>
    <FxCompile Include="PS_Basic.hlsl">
      <Filter>リソース ファイル\PixelShader</Filter>
    </FxCompile>
    <FxCompile Include="VS_Basic.hlsl">
      <Filter>リソース ファイル\VertrxShader</Filter>
    </FxCompile>
    <FxCompile Include="PS_VertexColor.hlsl">
      <Filter>リソース ファイル\PixelShader</Filter>
    </FxCompile>
    <FxCompile Include="VS_UVScroll.hlsl">
      <Filter>リソース ファイル\VertrxShader</Filter>
    </FxCompile>
    <FxCompile Include="VS_BaseObject.hlsl">
      <Filter>リソース ファイル\VertrxShader</Filter>
    </FxCompile>
    <FxCompile Include="PS_TexNotEnable.hlsl">
      <Filter>リソース ファイル\PixelShader</Filter>
    </FxCompile>
    <FxCompile Include="PS_PointLight.hlsl">
      <Filter>リソース ファイル\PixelShader</Filter>
    </FxCompile>
    <FxCompile Include="PS_Lit.hlsl">
      <Filter>リソース ファイル\PixelShader</Filter>
    </FxCompile>
    <FxCompile Include="PS_Unlit.hlsl">
      <Filter>リソース ファイル\PixelShader</Filter>
    </FxCompile>
    <FxCompile Include="VS_WorldPosition.hlsl">
      <Filter>リソース ファイル\VertrxShader</Filter>
    </FxCompile>
    <FxCompile Include="VS_Gouraud.hlsl">
      <Filter>リソース ファイル\VertrxShader</Filter>
    </FxCompile>
    <FxCompile Include="VS_Test.hlsl">
      <Filter>リソース ファイル\VertrxShader</Filter>
    </FxCompile>
    <FxCompile Include="PS_Test.hlsl">
      <Filter>リソース ファイル\PixelShader</Filter>
    </FxCompile>
  </ItemGroup>
  <ItemGroup>
    <ClCompile Include="main.cpp">
      <Filter>ソース ファイル</Filter>
    </ClCompile>
    <ClCompile Include="BlendState.cpp">
      <Filter>ソース ファイル\System\Application\DirectX3D11\Render\BlendState</Filter>
    </ClCompile>
    <ClCompile Include="Camera.cpp">
      <Filter>ソース ファイル\Object\Camera</Filter>
    </ClCompile>
    <ClCompile Include="Direct3D11.cpp">
      <Filter>ソース ファイル\System\Application\DirectX3D11</Filter>
    </ClCompile>
    <ClCompile Include="D3D11_Renderer.cpp">
      <Filter>ソース ファイル\System\Application\DirectX3D11\Render\D3D11_Renderer</Filter>
    </ClCompile>
    <ClCompile Include="MainApplication.cpp">
      <Filter>ソース ファイル\System\Application\MainApplication</Filter>
    </ClCompile>
    <ClCompile Include="Mesh.cpp">
      <Filter>ソース ファイル\Graphics\Model\Mesh</Filter>
    </ClCompile>
    <ClCompile Include="MessageError.cpp">
      <Filter>ソース ファイル\System\MessageError</Filter>
    </ClCompile>
    <ClCompile Include="Model.cpp">
      <Filter>ソース ファイル\Graphics\Model</Filter>
    </ClCompile>
    <ClCompile Include="RenderParam.cpp">
      <Filter>ソース ファイル\System\Application\DirectX3D11\Render\RenderParam</Filter>
    </ClCompile>
    <ClCompile Include="SetUpPerspectiveProj.cpp">
      <Filter>ソース ファイル\System\Application\DirectX3D11\Render\Projection\PerspectiveProj</Filter>
    </ClCompile>
    <ClCompile Include="SetUpViewTrans.cpp">
      <Filter>ソース ファイル\System\Application\DirectX3D11\Render\View</Filter>
    </ClCompile>
    <ClCompile Include="ShaderCollection.cpp">
      <Filter>ソース ファイル\Graphics\Shader\ShaderRetaion</Filter>
    </ClCompile>
    <ClCompile Include="Triangle.cpp">
      <Filter>ソース ファイル\Graphics\Triangle</Filter>
    </ClCompile>
    <ClCompile Include="Window.cpp">
      <Filter>ソース ファイル\System\Application\Window</Filter>
    </ClCompile>
    <ClCompile Include="BroadScene_Base.cpp">
      <Filter>ソース ファイル\Scene\BroadScene\BroadScane_Base</Filter>
    </ClCompile>
    <ClCompile Include="ChangeBroadScene.cpp">
      <Filter>ソース ファイル\Scene\BroadScene\ChangeScene</Filter>
    </ClCompile>
    <ClCompile Include="ChangeSubScene.cpp">
      <Filter>ソース ファイル\Scene\SubScene\ChangeScene</Filter>
    </ClCompile>
    <ClCompile Include="SceneManager.cpp">
      <Filter>ソース ファイル\Scene\SceneManager</Filter>
    </ClCompile>
    <ClCompile Include="SceneMoveInfo.cpp">
      <Filter>ソース ファイル\Scene\SceneMoveInfo</Filter>
    </ClCompile>
    <ClCompile Include="SceneRunningState.cpp">
      <Filter>ソース ファイル\Scene\SceneMoveInfo\RunningState</Filter>
    </ClCompile>
    <ClCompile Include="SubScene_Base.cpp">
      <Filter>ソース ファイル\Scene\SubScene\SubScene_Base</Filter>
    </ClCompile>
    <ClCompile Include="Test_Broad.cpp">
      <Filter>ソース ファイル\Scene\Test\BroadScene</Filter>
    </ClCompile>
    <ClCompile Include="pch.cpp">
      <Filter>ソース ファイル\System\pch</Filter>
    </ClCompile>
    <ClCompile Include="Test_ChangeSubScene.cpp">
      <Filter>ソース ファイル\Scene\Test\ChangeSub</Filter>
    </ClCompile>
    <ClCompile Include="ModelSettings.cpp">
      <Filter>ソース ファイル\Graphics\Model\ModelSettings</Filter>
    </ClCompile>
    <ClCompile Include="Texture.cpp">
      <Filter>ソース ファイル\Graphics\Sprite\Texture</Filter>
    </ClCompile>
    <ClCompile Include="MaterialClass.cpp">
      <Filter>ソース ファイル\Graphics\Material</Filter>
    </ClCompile>
    <ClCompile Include="Sampler.cpp">
      <Filter>ソース ファイル\System\Application\DirectX3D11\Render\Sampler</Filter>
    </ClCompile>
    <ClCompile Include="Transform.cpp">
      <Filter>ソース ファイル\System\Transform</Filter>
    </ClCompile>
    <ClCompile Include="Object_3D.cpp">
      <Filter>ソース ファイル\Object\Object_3D</Filter>
    </ClCompile>
    <ClCompile Include="VariableFrameRate.cpp">
      <Filter>ソース ファイル\System\Application\FramerRate</Filter>
    </ClCompile>
    <ClCompile Include="ResourceCollection.cpp">
      <Filter>ソース ファイル\ResourceCollection</Filter>
    </ClCompile>
    <ClCompile Include="ImGuiMethod.cpp">
      <Filter>ソース ファイル\System\ImGui\ImGuiMethod</Filter>
    </ClCompile>
    <ClCompile Include="ModelLoader.cpp">
      <Filter>ソース ファイル\Graphics\ModelLoader</Filter>
    </ClCompile>
    <ClCompile Include="Shader.cpp">
      <Filter>ソース ファイル\Graphics\Shader\Shader</Filter>
    </ClCompile>
    <ClCompile Include="PixelShader.cpp">
      <Filter>ソース ファイル\Graphics\Shader\PixelShader</Filter>
    </ClCompile>
    <ClCompile Include="VertexShader.cpp">
      <Filter>ソース ファイル\Graphics\Shader\VertexShader</Filter>
    </ClCompile>
    <ClCompile Include="ImGuiDebugLog.cpp">
      <Filter>ソース ファイル\System\ImGui\ImGuiDebugLog</Filter>
    </ClCompile>
    <ClCompile Include="imgui\include\imgui.cpp">
      <Filter>ソース ファイル\System\ImGui\ImGui</Filter>
    </ClCompile>
    <ClCompile Include="imgui\include\imgui_demo.cpp">
      <Filter>ソース ファイル\System\ImGui\ImGui</Filter>
    </ClCompile>
    <ClCompile Include="imgui\include\imgui_draw.cpp">
      <Filter>ソース ファイル\System\ImGui\ImGui</Filter>
    </ClCompile>
    <ClCompile Include="imgui\include\imgui_impl_dx11.cpp">
      <Filter>ソース ファイル\System\ImGui\ImGui</Filter>
    </ClCompile>
    <ClCompile Include="imgui\include\imgui_impl_win32.cpp">
      <Filter>ソース ファイル\System\ImGui\ImGui</Filter>
    </ClCompile>
    <ClCompile Include="imgui\include\imgui_tables.cpp">
      <Filter>ソース ファイル\System\ImGui\ImGui</Filter>
    </ClCompile>
    <ClCompile Include="imgui\include\imgui_widgets.cpp">
      <Filter>ソース ファイル\System\ImGui\ImGui</Filter>
    </ClCompile>
    <ClCompile Include="Object_2D.cpp">
      <Filter>ソース ファイル\Object\Object_2D</Filter>
    </ClCompile>
    <ClCompile Include="GameObject.cpp">
      <Filter>ソース ファイル\Object\GameObject</Filter>
    </ClCompile>
    <ClCompile Include="BoneMesh.cpp">
      <Filter>ソース ファイル\Graphics\BoneMesh</Filter>
    </ClCompile>
    <ClCompile Include="SceneObjects.cpp">
      <Filter>ソース ファイル\Object\SceneObjects</Filter>
    </ClCompile>
    <ClCompile Include="Cube.cpp">
      <Filter>ソース ファイル\Graphics\Geometory\Cube</Filter>
    </ClCompile>
    <ClCompile Include="BasicObject_Base.cpp">
      <Filter>ソース ファイル\Graphics\Geometory\BasicObject_Base</Filter>
    </ClCompile>
    <ClCompile Include="Object_UI.cpp">
      <Filter>ソース ファイル\Object\Onject_UI</Filter>
    </ClCompile>
    <ClCompile Include="Tag.cpp">
      <Filter>ソース ファイル\Object\Tag</Filter>
    </ClCompile>
    <ClCompile Include="Tank_ChangeSub.cpp">
      <Filter>ソース ファイル\Scene\TankFire\ChangeSub</Filter>
    </ClCompile>
    <ClCompile Include="Tank_InGameSub.cpp">
      <Filter>ソース ファイル\Scene\TankFire\SubScene\InGame</Filter>
    </ClCompile>
    <ClCompile Include="Tank_ResultSub.cpp">
      <Filter>ソース ファイル\Scene\TankFire\SubScene\Result</Filter>
    </ClCompile>
    <ClCompile Include="Tank_TitleSub.cpp">
      <Filter>ソース ファイル\Scene\TankFire\SubScene\Title</Filter>
    </ClCompile>
    <ClCompile Include="Tank_BroadScene.cpp">
      <Filter>ソース ファイル\Scene\TankFire\BroadScene</Filter>
    </ClCompile>
    <ClCompile Include="JISToUTF8.cpp">
      <Filter>ソース ファイル\System\JISToUTF8</Filter>
    </ClCompile>
    <ClCompile Include="Component.cpp">
      <Filter>ソース ファイル\Component\Base</Filter>
    </ClCompile>
    <ClCompile Include="GamePad.cpp">
      <Filter>ソース ファイル\System\Application\Input\GamePad</Filter>
    </ClCompile>
    <ClCompile Include="PlayerMove.cpp">
      <Filter>ソース ファイル\Component\InGame\Player\PlayerMove</Filter>
    </ClCompile>
    <ClCompile Include="InputClass.cpp">
      <Filter>ソース ファイル\System\Application\Input</Filter>
    </ClCompile>
    <ClCompile Include="Geometory.cpp">
      <Filter>ソース ファイル\Graphics\Geometory</Filter>
    </ClCompile>
    <ClCompile Include="SphereCollider.cpp">
      <Filter>ソース ファイル\Component\Collider\Sphere</Filter>
    </ClCompile>
    <ClCompile Include="BoxCollider.cpp">
      <Filter>ソース ファイル\Component\Collider\Box</Filter>
    </ClCompile>
    <ClCompile Include="DebugCube.cpp">
      <Filter>ソース ファイル\Graphics\Geometory\Cube</Filter>
    </ClCompile>
    <ClCompile Include="Sphere.cpp">
      <Filter>ソース ファイル\Graphics\Geometory\Sphere</Filter>
    </ClCompile>
    <ClCompile Include="CollisionChecker.cpp">
      <Filter>ソース ファイル\Component\Collider\CollisionChecker</Filter>
    </ClCompile>
    <ClCompile Include="CP_Collider.cpp">
      <Filter>ソース ファイル\Component\Collider\Base</Filter>
    </ClCompile>
    <ClCompile Include="CollisionRegister.cpp">
      <Filter>ソース ファイル\Component\Collider\CollisionRegister</Filter>
    </ClCompile>
    <ClCompile Include="MathUseful.cpp">
      <Filter>ソース ファイル\System\Useful\MathUseful</Filter>
    </ClCompile>
    <ClCompile Include="CameraMove.cpp">
      <Filter>ソース ファイル\Component\InGame\Camera\CameraMove</Filter>
    </ClCompile>
    <ClCompile Include="CameraInput.cpp">
      <Filter>ソース ファイル\Component\InGame\Camera\CameraInput</Filter>
    </ClCompile>
    <ClCompile Include="GameKey.cpp">
      <Filter>ソース ファイル\System\Application\Input\Keyboard</Filter>
    </ClCompile>
    <ClCompile Include="GameMode.cpp">
      <Filter>ソース ファイル\System\GameMode</Filter>
    </ClCompile>
    <ClCompile Include="SObjectRegister.cpp">
      <Filter>ソース ファイル\Object\SObjectRegister</Filter>
    </ClCompile>
    <ClCompile Include="SaveJson.cpp">
      <Filter>ソース ファイル\System\Json\Save</Filter>
    </ClCompile>
    <ClCompile Include="SaveJsonValue.cpp">
      <Filter>ソース ファイル\System\Json\SaveJsonValue</Filter>
    </ClCompile>
    <ClCompile Include="Tank.cpp">
      <Filter>ソース ファイル\Object\TankFireObj\Tank</Filter>
    </ClCompile>
    <ClCompile Include="Field.cpp">
      <Filter>ソース ファイル\Object\TankFireObj\Field</Filter>
    </ClCompile>
    <ClCompile Include="PlayerShot.cpp">
      <Filter>ソース ファイル\Component\InGame\Player\PlayerShot</Filter>
    </ClCompile>
    <ClCompile Include="Bullet.cpp">
      <Filter>ソース ファイル\Object\TankFireObj\Bullet</Filter>
    </ClCompile>
    <ClCompile Include="BulletMove.cpp">
      <Filter>ソース ファイル\Component\InGame\Bullet</Filter>
    </ClCompile>
    <ClCompile Include="PlayerInput.cpp">
      <Filter>ソース ファイル\Component\InGame\Player\PlayerInput</Filter>
    </ClCompile>
    <ClCompile Include="SF_GameObject.cpp">
      <Filter>ソース ファイル\SceneFunction\GameObject</Filter>
    </ClCompile>
    <ClCompile Include="Light.cpp">
      <Filter>ソース ファイル\Object\Light</Filter>
    </ClCompile>
    <ClCompile Include="PointLight.cpp">
      <Filter>ソース ファイル\Object\Light\PointLight</Filter>
    </ClCompile>
    <ClCompile Include="SpotLight.cpp">
      <Filter>ソース ファイル\Object\Light\SpotLight</Filter>
    </ClCompile>
    <ClCompile Include="SceneLights.cpp">
      <Filter>ソース ファイル\Object\SceneLights</Filter>
    </ClCompile>
    <ClCompile Include="DirectionLight.cpp">
      <Filter>ソース ファイル\Object\Light\Direction</Filter>
    </ClCompile>
    <ClCompile Include="Tokutei_Sphere.cpp">
      <Filter>ソース ファイル\Object\Tokutei\Sphere</Filter>
    </ClCompile>
    <ClCompile Include="ShaderSphere.cpp">
      <Filter>ソース ファイル\Object\Tokutei\Sphere</Filter>
    </ClCompile>
    <ClCompile Include="InSceneSystemManager.cpp">
      <Filter>ソース ファイル\Scene\InSceneSystem</Filter>
    </ClCompile>
    <ClCompile Include="SinCurve.cpp">
      <Filter>ソース ファイル</Filter>
    </ClCompile>
    <ClCompile Include="CP_MeshRenderer.cpp">
      <Filter>ソース ファイル\Component\Renderer\Mesh</Filter>
    </ClCompile>
    <ClCompile Include="CP_Renderer.cpp">
      <Filter>ソース ファイル\Component\Renderer</Filter>
    </ClCompile>
    <ClCompile Include="CP_SpriteRenderer.cpp">
      <Filter>ソース ファイル\Component\Renderer\Sprite</Filter>
    </ClCompile>
    <ClCompile Include="CP_ModelRenderer.cpp">
      <Filter>ソース ファイル\Component\Renderer\CP_ModelRenderer</Filter>
    </ClCompile>
    <ClCompile Include="Sprite.cpp">
      <Filter>ソース ファイル\Graphics\Sprite</Filter>
    </ClCompile>
  </ItemGroup>
  <ItemGroup>
    <ClInclude Include="resource.h">
      <Filter>ヘッダー ファイル</Filter>
    </ClInclude>
    <ClInclude Include="BlendState.h">
      <Filter>ソース ファイル\System\Application\DirectX3D11\Render\BlendState</Filter>
    </ClInclude>
    <ClInclude Include="Camera.h">
      <Filter>ソース ファイル\Object\Camera</Filter>
    </ClInclude>
    <ClInclude Include="CbProjectionSet.h">
      <Filter>ソース ファイル\System\Application\DirectX3D11\Render\CbSet</Filter>
    </ClInclude>
    <ClInclude Include="CbTransformSet.h">
      <Filter>ソース ファイル\System\Application\DirectX3D11\Render\CbSet</Filter>
    </ClInclude>
    <ClInclude Include="CbViewSet.h">
      <Filter>ソース ファイル\System\Application\DirectX3D11\Render\CbSet</Filter>
    </ClInclude>
    <ClInclude Include="Direct3D11.h">
      <Filter>ソース ファイル\System\Application\DirectX3D11</Filter>
    </ClInclude>
    <ClInclude Include="D3D11_Renderer.h">
      <Filter>ソース ファイル\System\Application\DirectX3D11\Render\D3D11_Renderer</Filter>
    </ClInclude>
    <ClInclude Include="ISetUpProjection.h">
      <Filter>ソース ファイル\System\Application\DirectX3D11\Render\Projection</Filter>
    </ClInclude>
    <ClInclude Include="IGetRenderResource.h">
      <Filter>ソース ファイル\System\Application\DirectX3D11\Render\RenderParam</Filter>
    </ClInclude>
    <ClInclude Include="IGetRenderPara.h">
      <Filter>ソース ファイル\System\Application\DirectX3D11\Render</Filter>
    </ClInclude>
    <ClInclude Include="MainApplication.h">
      <Filter>ソース ファイル\System\Application\MainApplication</Filter>
    </ClInclude>
    <ClInclude Include="Mesh.h">
      <Filter>ソース ファイル\Graphics\Model\Mesh</Filter>
    </ClInclude>
    <ClInclude Include="MessageError.h">
      <Filter>ソース ファイル\System\MessageError</Filter>
    </ClInclude>
    <ClInclude Include="Model.h">
      <Filter>ソース ファイル\Graphics\Model</Filter>
    </ClInclude>
    <ClInclude Include="RenderParam.h">
      <Filter>ソース ファイル\System\Application\DirectX3D11\Render\RenderParam</Filter>
    </ClInclude>
    <ClInclude Include="SetUpPerspectiveProj.h">
      <Filter>ソース ファイル\System\Application\DirectX3D11\Render\Projection\PerspectiveProj</Filter>
    </ClInclude>
    <ClInclude Include="SetUpViewTrans.h">
      <Filter>ソース ファイル\System\Application\DirectX3D11\Render\View</Filter>
    </ClInclude>
    <ClInclude Include="ShaderCollection.h">
      <Filter>ソース ファイル\Graphics\Shader\ShaderRetaion</Filter>
    </ClInclude>
    <ClInclude Include="Singleton_Base.h">
      <Filter>ソース ファイル\System\Singleton_Base</Filter>
    </ClInclude>
    <ClInclude Include="Triangle.h">
      <Filter>ソース ファイル\Graphics\Triangle</Filter>
    </ClInclude>
    <ClInclude Include="Window.h">
      <Filter>ソース ファイル\System\Application\Window</Filter>
    </ClInclude>
    <ClInclude Include="BroadScene_Base.h">
      <Filter>ソース ファイル\Scene\BroadScene\BroadScane_Base</Filter>
    </ClInclude>
    <ClInclude Include="ChangeBroadScene.h">
      <Filter>ソース ファイル\Scene\BroadScene\ChangeScene</Filter>
    </ClInclude>
    <ClInclude Include="ChangeSubScene.h">
      <Filter>ソース ファイル\Scene\SubScene\ChangeScene</Filter>
    </ClInclude>
    <ClInclude Include="SceneManager.h">
      <Filter>ソース ファイル\Scene\SceneManager</Filter>
    </ClInclude>
    <ClInclude Include="SceneMoveInfo.h">
      <Filter>ソース ファイル\Scene\SceneMoveInfo</Filter>
    </ClInclude>
    <ClInclude Include="SceneRunningState.h">
      <Filter>ソース ファイル\Scene\SceneMoveInfo\RunningState</Filter>
    </ClInclude>
    <ClInclude Include="SubScene_Base.h">
      <Filter>ソース ファイル\Scene\SubScene\SubScene_Base</Filter>
    </ClInclude>
    <ClInclude Include="Test_Broad.h">
      <Filter>ソース ファイル\Scene\Test\BroadScene</Filter>
    </ClInclude>
    <ClInclude Include="pch.h">
      <Filter>ソース ファイル\System\pch</Filter>
    </ClInclude>
    <ClInclude Include="Test_ChangeSubScene.h">
      <Filter>ソース ファイル\Scene\Test\ChangeSub</Filter>
    </ClInclude>
    <ClInclude Include="ModelSettings.h">
      <Filter>ソース ファイル\Graphics\Model\ModelSettings</Filter>
    </ClInclude>
    <ClInclude Include="Texture.h">
      <Filter>ソース ファイル\Graphics\Sprite\Texture</Filter>
    </ClInclude>
    <ClInclude Include="MaterialClass.h">
      <Filter>ソース ファイル\Graphics\Material</Filter>
    </ClInclude>
    <ClInclude Include="Sampler.h">
      <Filter>ソース ファイル\System\Application\DirectX3D11\Render\Sampler</Filter>
    </ClInclude>
    <ClInclude Include="Transform.h">
      <Filter>ソース ファイル\System\Transform</Filter>
    </ClInclude>
    <ClInclude Include="Object_3D.h">
      <Filter>ソース ファイル\Object\Object_3D</Filter>
    </ClInclude>
    <ClInclude Include="VariableFrameRate.h">
      <Filter>ソース ファイル\System\Application\FramerRate</Filter>
    </ClInclude>
    <ClInclude Include="ResourceCollection.h">
      <Filter>ソース ファイル\ResourceCollection</Filter>
    </ClInclude>
    <ClInclude Include="ImGuiMethod.h">
      <Filter>ソース ファイル\System\ImGui\ImGuiMethod</Filter>
    </ClInclude>
    <ClInclude Include="ModelLoader.h">
      <Filter>ソース ファイル\Graphics\ModelLoader</Filter>
    </ClInclude>
    <ClInclude Include="Shader.h">
      <Filter>ソース ファイル\Graphics\Shader\Shader</Filter>
    </ClInclude>
    <ClInclude Include="VertexShader.h">
      <Filter>ソース ファイル\Graphics\Shader\VertexShader</Filter>
    </ClInclude>
    <ClInclude Include="PixelShader.h">
      <Filter>ソース ファイル\Graphics\Shader\PixelShader</Filter>
    </ClInclude>
    <ClInclude Include="ImGuiDebugLog.h">
      <Filter>ソース ファイル\System\ImGui\ImGuiDebugLog</Filter>
    </ClInclude>
    <ClInclude Include="imgui\include\imconfig.h">
      <Filter>ソース ファイル\System\ImGui\ImGui</Filter>
    </ClInclude>
    <ClInclude Include="imgui\include\imgui.h">
      <Filter>ソース ファイル\System\ImGui\ImGui</Filter>
    </ClInclude>
    <ClInclude Include="imgui_gryph.h">
      <Filter>ソース ファイル\System\ImGui\ImGui</Filter>
    </ClInclude>
    <ClInclude Include="imgui\include\imgui_impl_dx11.h">
      <Filter>ソース ファイル\System\ImGui\ImGui</Filter>
    </ClInclude>
    <ClInclude Include="imgui\include\imgui_impl_win32.h">
      <Filter>ソース ファイル\System\ImGui\ImGui</Filter>
    </ClInclude>
    <ClInclude Include="imgui\include\imgui_internal.h">
      <Filter>ソース ファイル\System\ImGui\ImGui</Filter>
    </ClInclude>
    <ClInclude Include="imgui\include\imstb_rectpack.h">
      <Filter>ソース ファイル\System\ImGui\ImGui</Filter>
    </ClInclude>
    <ClInclude Include="imgui\include\imstb_textedit.h">
      <Filter>ソース ファイル\System\ImGui\ImGui</Filter>
    </ClInclude>
    <ClInclude Include="imgui\include\imstb_truetype.h">
      <Filter>ソース ファイル\System\ImGui\ImGui</Filter>
    </ClInclude>
    <ClInclude Include="Object_2D.h">
      <Filter>ソース ファイル\Object\Object_2D</Filter>
    </ClInclude>
    <ClInclude Include="GameObject.h">
      <Filter>ソース ファイル\Object\GameObject</Filter>
    </ClInclude>
    <ClInclude Include="BoneMesh.h">
      <Filter>ソース ファイル\Graphics\BoneMesh</Filter>
    </ClInclude>
    <ClInclude Include="SceneObjects.h">
      <Filter>ソース ファイル\Object\SceneObjects</Filter>
    </ClInclude>
    <ClInclude Include="Cube.h">
      <Filter>ソース ファイル\Graphics\Geometory\Cube</Filter>
    </ClInclude>
    <ClInclude Include="BasicObject_Base.h">
      <Filter>ソース ファイル\Graphics\Geometory\BasicObject_Base</Filter>
    </ClInclude>
    <ClInclude Include="Object_UI.h">
      <Filter>ソース ファイル\Object\Onject_UI</Filter>
    </ClInclude>
    <ClInclude Include="Tag.h">
      <Filter>ソース ファイル\Object\Tag</Filter>
    </ClInclude>
    <ClInclude Include="Tank_ChangeSub.h">
      <Filter>ソース ファイル\Scene\TankFire\ChangeSub</Filter>
    </ClInclude>
    <ClInclude Include="Tank_InGameSub.h">
      <Filter>ソース ファイル\Scene\TankFire\SubScene\InGame</Filter>
    </ClInclude>
    <ClInclude Include="Tank_ResultSub.h">
      <Filter>ソース ファイル\Scene\TankFire\SubScene\Result</Filter>
    </ClInclude>
    <ClInclude Include="Tank_TitleSub.h">
      <Filter>ソース ファイル\Scene\TankFire\SubScene\Title</Filter>
    </ClInclude>
    <ClInclude Include="Tank_BroadScene.h">
      <Filter>ソース ファイル\Scene\TankFire\BroadScene</Filter>
    </ClInclude>
    <ClInclude Include="JISToUTF8.h">
      <Filter>ソース ファイル\System\JISToUTF8</Filter>
    </ClInclude>
    <ClInclude Include="Component.h">
      <Filter>ソース ファイル\Component\Base</Filter>
    </ClInclude>
    <ClInclude Include="GamePad.h">
      <Filter>ソース ファイル\System\Application\Input\GamePad</Filter>
    </ClInclude>
    <ClInclude Include="PlayerMove.h">
      <Filter>ソース ファイル\Component\InGame\Player\PlayerMove</Filter>
    </ClInclude>
    <ClInclude Include="InputClass.h">
      <Filter>ソース ファイル\System\Application\Input</Filter>
    </ClInclude>
    <ClInclude Include="Geometory.h">
      <Filter>ソース ファイル\Graphics\Geometory</Filter>
    </ClInclude>
    <ClInclude Include="SphereCollider.h">
      <Filter>ソース ファイル\Component\Collider\Sphere</Filter>
    </ClInclude>
    <ClInclude Include="BoxCollider.h">
      <Filter>ソース ファイル\Component\Collider\Box</Filter>
    </ClInclude>
    <ClInclude Include="DebugCube.h">
      <Filter>ソース ファイル\Graphics\Geometory\Cube</Filter>
    </ClInclude>
    <ClInclude Include="Sphere.h">
      <Filter>ソース ファイル\Graphics\Geometory\Sphere</Filter>
    </ClInclude>
    <ClInclude Include="CollisionChecker.h">
      <Filter>ソース ファイル\Component\Collider\CollisionChecker</Filter>
    </ClInclude>
    <ClInclude Include="CP_Collider.h">
      <Filter>ソース ファイル\Component\Collider\Base</Filter>
    </ClInclude>
    <ClInclude Include="CollisionRegister.h">
      <Filter>ソース ファイル\Component\Collider\CollisionRegister</Filter>
    </ClInclude>
    <ClInclude Include="MathUseful.h">
      <Filter>ソース ファイル\System\Useful\MathUseful</Filter>
    </ClInclude>
    <ClInclude Include="CameraMove.h">
      <Filter>ソース ファイル\Component\InGame\Camera\CameraMove</Filter>
    </ClInclude>
    <ClInclude Include="CameraInput.h">
      <Filter>ソース ファイル\Component\InGame\Camera\CameraInput</Filter>
    </ClInclude>
    <ClInclude Include="GameKey.h">
      <Filter>ソース ファイル\System\Application\Input\Keyboard</Filter>
    </ClInclude>
    <ClInclude Include="GameMode.h">
      <Filter>ソース ファイル\System\GameMode</Filter>
    </ClInclude>
    <ClInclude Include="SObjectRegister.h">
      <Filter>ソース ファイル\Object\SObjectRegister</Filter>
    </ClInclude>
    <ClInclude Include="SaveJsonValue.h">
      <Filter>ソース ファイル\System\Json\SaveJsonValue</Filter>
    </ClInclude>
    <ClInclude Include="SaveJson.h">
      <Filter>ソース ファイル\System\Json\Save</Filter>
    </ClInclude>
    <ClInclude Include="Tank.h">
      <Filter>ソース ファイル\Object\TankFireObj\Tank</Filter>
    </ClInclude>
    <ClInclude Include="Field.h">
      <Filter>ソース ファイル\Object\TankFireObj\Field</Filter>
    </ClInclude>
    <ClInclude Include="PlayerShot.h">
      <Filter>ソース ファイル\Component\InGame\Player\PlayerShot</Filter>
    </ClInclude>
    <ClInclude Include="Bullet.h">
      <Filter>ソース ファイル\Object\TankFireObj\Bullet</Filter>
    </ClInclude>
    <ClInclude Include="BulletMove.h">
      <Filter>ソース ファイル\Component\InGame\Bullet</Filter>
    </ClInclude>
    <ClInclude Include="PlayerInput.h">
      <Filter>ソース ファイル\Component\InGame\Player\PlayerInput</Filter>
    </ClInclude>
    <ClInclude Include="SF_GameObject.h">
      <Filter>ソース ファイル\SceneFunction\GameObject</Filter>
    </ClInclude>
    <ClInclude Include="SF_Include.h">
      <Filter>ソース ファイル\SceneFunction</Filter>
    </ClInclude>
    <ClInclude Include="Light.h">
      <Filter>ソース ファイル\Object\Light</Filter>
    </ClInclude>
    <ClInclude Include="PointLight.h">
      <Filter>ソース ファイル\Object\Light\PointLight</Filter>
    </ClInclude>
    <ClInclude Include="SpotLight.h">
      <Filter>ソース ファイル\Object\Light\SpotLight</Filter>
    </ClInclude>
    <ClInclude Include="SceneLights.h">
      <Filter>ソース ファイル\Object\SceneLights</Filter>
    </ClInclude>
    <ClInclude Include="DirectionLight.h">
      <Filter>ソース ファイル\Object\Light\Direction</Filter>
    </ClInclude>
    <ClInclude Include="Tokutei_Sphere.h">
      <Filter>ソース ファイル\Object\Tokutei\Sphere</Filter>
    </ClInclude>
    <ClInclude Include="ShaderSphere.h">
      <Filter>ソース ファイル\Object\Tokutei\Sphere</Filter>
    </ClInclude>
    <ClInclude Include="InSceneSystemManager.h">
      <Filter>ソース ファイル\Scene\InSceneSystem</Filter>
    </ClInclude>
    <ClInclude Include="SinCurve.h">
      <Filter>ヘッダー ファイル</Filter>
    </ClInclude>
    <ClInclude Include="CP_MeshRenderer.h">
      <Filter>ソース ファイル\Component\Renderer\Mesh</Filter>
    </ClInclude>
    <ClInclude Include="CP_Renderer.h">
      <Filter>ソース ファイル\Component\Renderer</Filter>
    </ClInclude>
    <ClInclude Include="CP_SpriteRenderer.h">
      <Filter>ソース ファイル\Component\Renderer\Sprite</Filter>
    </ClInclude>
    <ClInclude Include="CP_ModelRenderer.h">
      <Filter>ソース ファイル\Component\Renderer\CP_ModelRenderer</Filter>
    </ClInclude>
    <ClInclude Include="Sprite.h">
      <Filter>ソース ファイル\Graphics\Sprite</Filter>
    </ClInclude>
  </ItemGroup>
</Project>