<?xml version="1.0" encoding="utf-8"?>
<Project ToolsVersion="4.0" xmlns="http://schemas.microsoft.com/developer/msbuild/2003">
  <ItemGroup>
    <Filter Include="ソース ファイル">
      <UniqueIdentifier>{4FC737F1-C7A5-4376-A066-2A32D752A2FF}</UniqueIdentifier>
      <Extensions>cpp;c;cc;cxx;c++;cppm;ixx;def;odl;idl;hpj;bat;asm;asmx</Extensions>
    </Filter>
    <Filter Include="リソース ファイル">
      <UniqueIdentifier>{67DA6AB6-F800-4c08-8B7A-83BB121AAD01}</UniqueIdentifier>
      <Extensions>rc;ico;cur;bmp;dlg;rc2;rct;bin;rgs;gif;jpg;jpeg;jpe;resx;tiff;tif;png;wav;mfcribbon-ms</Extensions>
    </Filter>
    <Filter Include="ソース ファイル\Graphics">
      <UniqueIdentifier>{562a209c-0565-4c33-be9d-a735858792ad}</UniqueIdentifier>
    </Filter>
    <Filter Include="ソース ファイル\System">
      <UniqueIdentifier>{cb740849-337d-4694-9bce-0770957dc20d}</UniqueIdentifier>
    </Filter>
    <Filter Include="ソース ファイル\Scene">
      <UniqueIdentifier>{1768e9eb-7645-4140-ade3-e62b7258dbb7}</UniqueIdentifier>
    </Filter>
    <Filter Include="ソース ファイル\System\MessageError">
      <UniqueIdentifier>{2f5e4082-2ae6-402d-90d1-8dcf684cbeab}</UniqueIdentifier>
    </Filter>
    <Filter Include="リソース ファイル\PixelShader">
      <UniqueIdentifier>{c18d5dcc-a17c-49ea-8084-6fd4491bf52a}</UniqueIdentifier>
    </Filter>
    <Filter Include="ソース ファイル\System\Singleton_Base">
      <UniqueIdentifier>{6ed2ade1-6246-4bc6-975d-622d6d6f3190}</UniqueIdentifier>
    </Filter>
    <Filter Include="ソース ファイル\Scene\SceneManager">
      <UniqueIdentifier>{f9797062-9c55-4a6c-baed-e07a2277e087}</UniqueIdentifier>
    </Filter>
    <Filter Include="ソース ファイル\Scene\SceneMoveInfo">
      <UniqueIdentifier>{7ed6a9c7-5047-4dae-87fc-54f777f9a701}</UniqueIdentifier>
    </Filter>
    <Filter Include="ソース ファイル\System\pch">
      <UniqueIdentifier>{8c29c4da-c53b-415b-8ae0-a5554f701a24}</UniqueIdentifier>
    </Filter>
    <Filter Include="ソース ファイル\Graphics\Texture">
      <UniqueIdentifier>{026d8e4c-f51d-4e82-9a2d-1ac9ee929f14}</UniqueIdentifier>
    </Filter>
    <Filter Include="ソース ファイル\Graphics\Material">
      <UniqueIdentifier>{a83c15aa-5988-40c1-ac96-d5c7154ca83a}</UniqueIdentifier>
    </Filter>
    <Filter Include="ソース ファイル\System\Transform">
      <UniqueIdentifier>{d3eb84ad-7e35-417a-9ffc-d5938579ae06}</UniqueIdentifier>
    </Filter>
    <Filter Include="ソース ファイル\Object">
      <UniqueIdentifier>{55c4fa45-2e89-43b4-91f6-f99c07eb6859}</UniqueIdentifier>
    </Filter>
    <Filter Include="ソース ファイル\System\ImGui">
      <UniqueIdentifier>{3a4f88db-e57c-4ce8-9c11-57982a744aca}</UniqueIdentifier>
    </Filter>
    <Filter Include="ソース ファイル\System\ImGui\ImGuiMethod">
      <UniqueIdentifier>{9a7b730b-6221-4868-8065-b8647ec4a3d9}</UniqueIdentifier>
    </Filter>
    <Filter Include="ソース ファイル\System\ImGui\ImGuiDebugLog">
      <UniqueIdentifier>{d8b0d211-7435-40ae-a429-f77666623c0b}</UniqueIdentifier>
    </Filter>
    <Filter Include="ソース ファイル\System\ImGui\ImGui">
      <UniqueIdentifier>{65a46e3a-d104-4ba9-bbba-6c4a1a612f0f}</UniqueIdentifier>
    </Filter>
    <Filter Include="ソース ファイル\Object\Tag">
      <UniqueIdentifier>{988b4f81-a66d-4eef-8758-f35438d16df4}</UniqueIdentifier>
    </Filter>
    <Filter Include="ソース ファイル\System\JISToUTF8">
      <UniqueIdentifier>{044f28fe-fa18-4027-b4b8-860014ccfae3}</UniqueIdentifier>
    </Filter>
    <Filter Include="ソース ファイル\Component">
      <UniqueIdentifier>{42921805-de89-4f40-8d80-903ddaa8a6e7}</UniqueIdentifier>
    </Filter>
    <Filter Include="ソース ファイル\Component\Base">
      <UniqueIdentifier>{e135d10e-460d-42fc-9c33-8f241482b589}</UniqueIdentifier>
    </Filter>
    <Filter Include="ソース ファイル\Component\Collider">
      <UniqueIdentifier>{6de16cb7-6707-458b-af59-05b35201c7b6}</UniqueIdentifier>
    </Filter>
    <Filter Include="ソース ファイル\Component\InGame">
      <UniqueIdentifier>{2e409227-6957-4c53-a14b-b823bba68a51}</UniqueIdentifier>
    </Filter>
    <Filter Include="ソース ファイル\Component\InGame\Camera">
      <UniqueIdentifier>{76d719ff-9c96-4140-9f9b-437adc20c404}</UniqueIdentifier>
    </Filter>
    <Filter Include="ソース ファイル\Component\Collider\Box">
      <UniqueIdentifier>{fa82fd3a-a0fe-471e-aaa2-4716a878de6e}</UniqueIdentifier>
    </Filter>
    <Filter Include="ソース ファイル\Component\Collider\Sphere">
      <UniqueIdentifier>{43f104c6-d005-4633-a3d8-0ae524b6de22}</UniqueIdentifier>
    </Filter>
    <Filter Include="ソース ファイル\Component\Collider\CollisionChecker">
      <UniqueIdentifier>{ee02f005-9104-4dc7-80e5-56016c5bdf4e}</UniqueIdentifier>
    </Filter>
    <Filter Include="ソース ファイル\Object\SceneObjects">
      <UniqueIdentifier>{4b5fda20-e416-43b8-99cd-92e298c295f2}</UniqueIdentifier>
    </Filter>
    <Filter Include="ソース ファイル\Component\Collider\Base">
      <UniqueIdentifier>{0157a627-13bf-479e-b143-2b1c12827e0c}</UniqueIdentifier>
    </Filter>
    <Filter Include="ソース ファイル\Component\InGame\Camera\CameraMove">
      <UniqueIdentifier>{6b4aa409-ce39-44d4-b402-3a73fef4490a}</UniqueIdentifier>
    </Filter>
    <Filter Include="ソース ファイル\System\Application">
      <UniqueIdentifier>{5466729c-5537-4707-b5b1-05328d8fd375}</UniqueIdentifier>
    </Filter>
    <Filter Include="ソース ファイル\System\Application\DirectX3D11">
      <UniqueIdentifier>{b04cefbf-b898-49b0-95d6-17faa5e46b0f}</UniqueIdentifier>
    </Filter>
    <Filter Include="ソース ファイル\System\Application\MainApplication">
      <UniqueIdentifier>{52bc151c-6b6b-4f7e-b980-0fbd87175227}</UniqueIdentifier>
    </Filter>
    <Filter Include="ソース ファイル\System\Application\Window">
      <UniqueIdentifier>{9aaa4cd1-100a-437d-8b04-368c45b8da7d}</UniqueIdentifier>
    </Filter>
    <Filter Include="ソース ファイル\System\Application\FramerRate">
      <UniqueIdentifier>{ab52b659-b273-451b-8c83-6c89a4913459}</UniqueIdentifier>
    </Filter>
    <Filter Include="ソース ファイル\System\Application\Input">
      <UniqueIdentifier>{32ae1d60-8e3d-44fb-8b87-d1a0ed7397f2}</UniqueIdentifier>
    </Filter>
    <Filter Include="ソース ファイル\System\Application\Input\GamePad">
      <UniqueIdentifier>{7e2c85a4-9e53-488f-882b-c17ed29167f2}</UniqueIdentifier>
    </Filter>
    <Filter Include="ソース ファイル\System\Application\Input\Keyboard">
      <UniqueIdentifier>{67dedc71-2688-4e08-8632-ead66bf81b9e}</UniqueIdentifier>
    </Filter>
    <Filter Include="ソース ファイル\Component\InGame\Test">
      <UniqueIdentifier>{3c61951c-e04f-4483-8c93-ee48a0b9497f}</UniqueIdentifier>
    </Filter>
    <Filter Include="ソース ファイル\Object\GameObject">
      <UniqueIdentifier>{54651696-70bc-4ca7-ba6d-128c5dc1b8e4}</UniqueIdentifier>
    </Filter>
    <Filter Include="ソース ファイル\Graphics\Geometory">
      <UniqueIdentifier>{8ad7004a-18e3-467b-b982-788b90b03a7c}</UniqueIdentifier>
    </Filter>
    <Filter Include="ソース ファイル\System\Json">
      <UniqueIdentifier>{0e2f16b8-5e83-4119-867e-087426684a3a}</UniqueIdentifier>
    </Filter>
    <Filter Include="ソース ファイル\System\Json\SaveJsonValue">
      <UniqueIdentifier>{c5ddcc57-61e7-4c28-8254-6882c301f71c}</UniqueIdentifier>
    </Filter>
    <Filter Include="ソース ファイル\System\Json\Save">
      <UniqueIdentifier>{e8e81301-115a-4a0a-93dd-3fa9d701854e}</UniqueIdentifier>
    </Filter>
    <Filter Include="ソース ファイル\Scene\InSceneSystem">
      <UniqueIdentifier>{b54ce796-f7aa-42ab-a133-8a4a2882bec4}</UniqueIdentifier>
    </Filter>
    <Filter Include="ソース ファイル\Component\Renderer">
      <UniqueIdentifier>{c8d276b6-693f-456b-b610-b6732ac7bc87}</UniqueIdentifier>
    </Filter>
    <Filter Include="ソース ファイル\Component\Renderer\Sprite">
      <UniqueIdentifier>{30886fe2-c05e-43c7-aa35-50c3cfd6e5e7}</UniqueIdentifier>
    </Filter>
    <Filter Include="ソース ファイル\Component\Renderer\Mesh">
      <UniqueIdentifier>{d2c3155c-bdfb-4186-b232-b76b637eab9b}</UniqueIdentifier>
    </Filter>
    <Filter Include="ソース ファイル\Graphics\Sprite">
      <UniqueIdentifier>{1a41ed64-d240-4aa2-994b-29cad816077b}</UniqueIdentifier>
    </Filter>
    <Filter Include="リソース ファイル\VertexShader">
      <UniqueIdentifier>{fd438b8d-e45f-40d4-bbc5-c6dc8c51c8b9}</UniqueIdentifier>
    </Filter>
    <Filter Include="ソース ファイル\System\ShaderCollection">
      <UniqueIdentifier>{88a9f50c-2731-4458-9ed8-c1fe343fcaf2}</UniqueIdentifier>
    </Filter>
    <Filter Include="ソース ファイル\Asset">
      <UniqueIdentifier>{a26d63dc-8a9b-49c0-931a-460745a76043}</UniqueIdentifier>
    </Filter>
    <Filter Include="ソース ファイル\Asset\Loader">
      <UniqueIdentifier>{6fb219dd-20f3-4daf-838c-d6ecf47f452f}</UniqueIdentifier>
    </Filter>
    <Filter Include="ソース ファイル\Asset\Get">
      <UniqueIdentifier>{a0b7a1e8-da1e-4da0-bfdc-0cdbf998ba55}</UniqueIdentifier>
    </Filter>
    <Filter Include="ソース ファイル\Scene\SceneFunction">
      <UniqueIdentifier>{873b7fd4-8efe-4072-b1f3-edf202c51acb}</UniqueIdentifier>
    </Filter>
    <Filter Include="ソース ファイル\Scene\SceneFunction\GameObject">
      <UniqueIdentifier>{561d5b96-25b2-4652-b462-abca12791b72}</UniqueIdentifier>
    </Filter>
    <Filter Include="ソース ファイル\Asset\Collection">
      <UniqueIdentifier>{0914fd39-6184-4c51-bbf5-0a403f0e3bdd}</UniqueIdentifier>
    </Filter>
    <Filter Include="ソース ファイル\Asset\Display">
      <UniqueIdentifier>{a6513ca5-8784-4484-b15a-f0da6b60d05a}</UniqueIdentifier>
    </Filter>
    <Filter Include="ソース ファイル\Graphics\Mesh">
      <UniqueIdentifier>{da97f189-bf52-4ca3-a034-e91971362e8d}</UniqueIdentifier>
    </Filter>
    <Filter Include="ソース ファイル\Graphics\Mesh\StaticMesh">
      <UniqueIdentifier>{3e0b97e4-f769-4ae6-9811-eba34f80f577}</UniqueIdentifier>
    </Filter>
    <Filter Include="ソース ファイル\Graphics\Mesh\SkeletalMesh">
      <UniqueIdentifier>{3809995c-1437-4c7a-ab17-d7c291a74efb}</UniqueIdentifier>
    </Filter>
    <Filter Include="ソース ファイル\Asset\Asset_Base">
      <UniqueIdentifier>{5e4258b4-aaaa-48c5-9f60-b10c8a265734}</UniqueIdentifier>
    </Filter>
    <Filter Include="ソース ファイル\Asset\IAssetContacter">
      <UniqueIdentifier>{333b47f0-4487-44d6-b0ee-473ec0bc5c9b}</UniqueIdentifier>
    </Filter>
    <Filter Include="ソース ファイル\Graphics\Buffer">
      <UniqueIdentifier>{4fac6332-97e3-4d69-8966-9c1e468ac2b8}</UniqueIdentifier>
    </Filter>
    <Filter Include="ソース ファイル\Graphics\Buffer\Vertex">
      <UniqueIdentifier>{723a56db-5138-4d56-b0af-ca01bea9c13d}</UniqueIdentifier>
    </Filter>
    <Filter Include="ソース ファイル\Graphics\Buffer\Index">
      <UniqueIdentifier>{8df22556-54f4-4b6c-9f80-312f734da4c8}</UniqueIdentifier>
    </Filter>
    <Filter Include="ソース ファイル\Graphics\Buffer\Interface">
      <UniqueIdentifier>{e51dfb6c-9168-4783-bdb0-0997e7af955a}</UniqueIdentifier>
    </Filter>
    <Filter Include="ソース ファイル\Asset\Set">
      <UniqueIdentifier>{9fd6fdb1-928a-4b90-84b7-151791e0d456}</UniqueIdentifier>
    </Filter>
    <Filter Include="ソース ファイル\Component\Renderer\Base">
      <UniqueIdentifier>{e042d57d-0041-48e4-9ab9-365bdbd9bde3}</UniqueIdentifier>
    </Filter>
    <Filter Include="ソース ファイル\Graphics\Mesh\Sphere">
      <UniqueIdentifier>{5268db00-a05b-40ef-8ccc-481a51095ac4}</UniqueIdentifier>
    </Filter>
    <Filter Include="ソース ファイル\Graphics\Mesh\Single">
      <UniqueIdentifier>{233b27fc-bb59-4ebb-856c-989f6a454fd3}</UniqueIdentifier>
    </Filter>
    <Filter Include="ソース ファイル\Graphics\Mesh\Cube">
      <UniqueIdentifier>{16f344dc-964c-4351-bda8-45c1b06dcb98}</UniqueIdentifier>
    </Filter>
    <Filter Include="ソース ファイル\Graphics\Mesh\Plane">
      <UniqueIdentifier>{fe5ea2a1-9919-4cbe-9ad6-2c1fe81fb474}</UniqueIdentifier>
    </Filter>
    <Filter Include="ソース ファイル\System\Prototype">
      <UniqueIdentifier>{8b44edf1-50c2-4f9c-b724-f1e67abf683a}</UniqueIdentifier>
    </Filter>
    <Filter Include="ソース ファイル\Component\Factory">
      <UniqueIdentifier>{59c4033c-957f-4e5b-bd6b-1be4ed5e0fbc}</UniqueIdentifier>
    </Filter>
    <Filter Include="ソース ファイル\Scene\SceneFunction\SF_Light">
      <UniqueIdentifier>{5659979c-5dac-4fb1-b2b8-1258f1f7db18}</UniqueIdentifier>
    </Filter>
    <Filter Include="ソース ファイル\Component\Animation">
      <UniqueIdentifier>{8488f8d3-f124-4e8f-a712-b2701cde8db4}</UniqueIdentifier>
    </Filter>
    <Filter Include="ソース ファイル\Graphics\Mesh\SkeletalMesh\Bone">
      <UniqueIdentifier>{e86f6aea-431e-4f16-9d1c-e05a7c7963d7}</UniqueIdentifier>
    </Filter>
    <Filter Include="ソース ファイル\Graphics\Vertex">
      <UniqueIdentifier>{8ffe6976-e9bc-413b-8acd-14b5a06fcf0d}</UniqueIdentifier>
    </Filter>
    <Filter Include="ソース ファイル\Graphics\Light">
      <UniqueIdentifier>{130fca24-6f0a-4d75-8ff5-0a6a29288a52}</UniqueIdentifier>
    </Filter>
    <Filter Include="ソース ファイル\Graphics\Light\PointLight">
      <UniqueIdentifier>{819b1d3b-96f3-4789-b52c-b1470be208c4}</UniqueIdentifier>
    </Filter>
    <Filter Include="ソース ファイル\Graphics\Light\SpotLight">
      <UniqueIdentifier>{0313a73a-9476-4d1b-b163-2eff4e4edc6c}</UniqueIdentifier>
    </Filter>
    <Filter Include="ソース ファイル\Graphics\Light\Direction">
      <UniqueIdentifier>{ab500ce5-d941-4082-abd1-6388cfbf8545}</UniqueIdentifier>
    </Filter>
    <Filter Include="ソース ファイル\Graphics\Light\SceneLights">
      <UniqueIdentifier>{fbb366e6-a9a5-4cec-9729-311d7c914502}</UniqueIdentifier>
    </Filter>
    <Filter Include="ソース ファイル\Animation">
      <UniqueIdentifier>{a11adc7e-fbdb-4ba4-8603-cb26ed4d9386}</UniqueIdentifier>
    </Filter>
    <Filter Include="ソース ファイル\Graphics\Mesh\SkeletalMesh\TreeNode">
      <UniqueIdentifier>{d44aa57b-8f2d-4ef1-a0a4-0d076eb8d695}</UniqueIdentifier>
    </Filter>
    <Filter Include="ソース ファイル\Graphics\Mesh\SkeletalMesh\MeshTreeNode">
      <UniqueIdentifier>{f34dc532-0f81-41c8-a776-921bb62f4b26}</UniqueIdentifier>
    </Filter>
    <Filter Include="ソース ファイル\Graphics\Mesh\MeshGroup">
      <UniqueIdentifier>{092d1475-cec9-4248-840b-91e6725f7546}</UniqueIdentifier>
    </Filter>
    <Filter Include="ソース ファイル\Animation\AnimationController">
      <UniqueIdentifier>{8fc2ee27-4adf-4e9e-a7ed-7c12971b0fc1}</UniqueIdentifier>
    </Filter>
    <Filter Include="ソース ファイル\Method">
      <UniqueIdentifier>{97c74d9a-604c-4101-a84b-21cf9d7de430}</UniqueIdentifier>
    </Filter>
    <Filter Include="ソース ファイル\Method\Useful">
      <UniqueIdentifier>{7a7bde62-f1ee-405c-bca3-eb0e4517e016}</UniqueIdentifier>
    </Filter>
    <Filter Include="ソース ファイル\Method\Useful\MathUseful">
      <UniqueIdentifier>{4c0f1f54-09cf-4963-af1b-02fdd0832fe5}</UniqueIdentifier>
    </Filter>
    <Filter Include="ソース ファイル\Animation\Interpolate">
      <UniqueIdentifier>{4e16815d-644a-47ba-ad51-330b3af1802b}</UniqueIdentifier>
    </Filter>
    <Filter Include="ソース ファイル\Method\Interpolation">
      <UniqueIdentifier>{5c5008da-592a-46a2-949d-45c20cc62cbf}</UniqueIdentifier>
    </Filter>
    <Filter Include="ソース ファイル\Method\Interpolation\Ease">
      <UniqueIdentifier>{dec3ba62-c7fc-4fb1-a900-89708a0951b7}</UniqueIdentifier>
    </Filter>
    <Filter Include="ソース ファイル\Animation\Interpolate\Inertial">
      <UniqueIdentifier>{d4f80aad-a5d1-4b02-a602-d79224bab1b7}</UniqueIdentifier>
    </Filter>
    <Filter Include="ソース ファイル\Method\Interpolation\Ease\Back">
      <UniqueIdentifier>{0701f74e-b247-4198-b227-cf9b3449b94c}</UniqueIdentifier>
    </Filter>
    <Filter Include="ソース ファイル\Method\Interpolation\Ease\Function">
      <UniqueIdentifier>{5a0a1e68-942c-4537-8c48-9c07c48df1d9}</UniqueIdentifier>
    </Filter>
    <Filter Include="ソース ファイル\Animation\AnimNode">
      <UniqueIdentifier>{4a782538-0eeb-4285-9173-56a211c77dea}</UniqueIdentifier>
    </Filter>
    <Filter Include="ソース ファイル\Animation\AnimNode\Single">
      <UniqueIdentifier>{9eb5cc6a-89a5-466e-bed5-e5c9c2baf463}</UniqueIdentifier>
    </Filter>
    <Filter Include="ソース ファイル\Animation\AnimNode\Blend">
      <UniqueIdentifier>{d0a695e2-7790-421a-bf72-b2df994ea1c4}</UniqueIdentifier>
    </Filter>
    <Filter Include="ソース ファイル\Object\Player">
      <UniqueIdentifier>{f762aecb-5591-4a8a-8c14-1ff5ea162329}</UniqueIdentifier>
    </Filter>
    <Filter Include="ソース ファイル\Game">
      <UniqueIdentifier>{ec24e437-56cb-46e1-a163-c0afcf9d909f}</UniqueIdentifier>
    </Filter>
    <Filter Include="ソース ファイル\Object\Player\Observer">
      <UniqueIdentifier>{4e6d4fd8-ad0a-4ca2-b4e8-3368ea14ea38}</UniqueIdentifier>
    </Filter>
    <Filter Include="ソース ファイル\Animation\AnimationObserver">
      <UniqueIdentifier>{8fd6faa5-22ea-4057-adcb-8b28d6760af5}</UniqueIdentifier>
    </Filter>
    <Filter Include="ソース ファイル\Method\Observe">
      <UniqueIdentifier>{9c82779b-423c-4c8a-9678-f49bf3689f32}</UniqueIdentifier>
    </Filter>
    <Filter Include="ソース ファイル\Scene\NewScene">
      <UniqueIdentifier>{3488b5cd-7fde-47f6-a2bf-4954d67b7489}</UniqueIdentifier>
    </Filter>
    <Filter Include="ソース ファイル\Method\SaveLoad">
      <UniqueIdentifier>{c41bb637-2180-4783-83dc-6cd1d9c14167}</UniqueIdentifier>
    </Filter>
    <Filter Include="ソース ファイル\Component\Clone">
      <UniqueIdentifier>{9e9c26aa-1cbe-4a4c-a75f-068f62a5cdeb}</UniqueIdentifier>
    </Filter>
    <Filter Include="ソース ファイル\Component\InGame\Player">
      <UniqueIdentifier>{8f20992c-476d-48af-ab1a-565fb4cd2840}</UniqueIdentifier>
    </Filter>
    <Filter Include="ソース ファイル\Asset\Asset_Base\AssetSaveLoad">
      <UniqueIdentifier>{e920b94b-d20d-453e-9d2a-5a37f71f5329}</UniqueIdentifier>
    </Filter>
    <Filter Include="ソース ファイル\Bullet">
      <UniqueIdentifier>{7e975cb2-f733-4690-ab3c-d2922af551a6}</UniqueIdentifier>
    </Filter>
    <Filter Include="ソース ファイル\Bullet\DXToBullet">
      <UniqueIdentifier>{4254fa20-86b0-4af5-9173-e95190449434}</UniqueIdentifier>
    </Filter>
    <Filter Include="ソース ファイル\Bullet\import">
      <UniqueIdentifier>{52663022-face-4cfb-91c6-43d4b100c9bd}</UniqueIdentifier>
    </Filter>
    <Filter Include="ソース ファイル\Component\Collider\RigidBody">
      <UniqueIdentifier>{95fb55dd-2a3d-43a3-8a7f-2f7991a7802c}</UniqueIdentifier>
    </Filter>
    <Filter Include="ソース ファイル\Bullet\DebugDraw">
      <UniqueIdentifier>{11045193-0bd7-46a5-a305-506cfbcaff66}</UniqueIdentifier>
    </Filter>
    <Filter Include="ソース ファイル\Component\Test">
      <UniqueIdentifier>{f2bac984-4244-4f58-8221-3bccd12f183d}</UniqueIdentifier>
    </Filter>
    <Filter Include="ソース ファイル\System\ImGui\Interface">
      <UniqueIdentifier>{64aa98e0-1abe-41e9-ae1b-894e2166dc66}</UniqueIdentifier>
    </Filter>
    <Filter Include="ソース ファイル\Animation\AnimTransitionArrow">
      <UniqueIdentifier>{1ea9a2ba-7aa3-42c6-b471-735411e3b752}</UniqueIdentifier>
    </Filter>
    <Filter Include="ソース ファイル\Animation\AnimationData">
      <UniqueIdentifier>{e36a3d30-c6cd-4c11-9242-337369ae187b}</UniqueIdentifier>
    </Filter>
    <Filter Include="ソース ファイル\Animation\Channel">
      <UniqueIdentifier>{57f40450-fae2-4e11-b412-be9f6b0cc442}</UniqueIdentifier>
    </Filter>
    <Filter Include="ソース ファイル\Animation\AnimNode\Base">
      <UniqueIdentifier>{914716c0-f649-4d87-944b-d8d45449ad5a}</UniqueIdentifier>
    </Filter>
    <Filter Include="ソース ファイル\Animation\Interpolate\Catmul">
      <UniqueIdentifier>{060507b4-1142-4237-a32b-304a2d682538}</UniqueIdentifier>
    </Filter>
    <Filter Include="ソース ファイル\Animation\Interpolate\CrossFade">
      <UniqueIdentifier>{c5d0c1fe-212e-4edb-9f1b-aa170a7e4ca3}</UniqueIdentifier>
    </Filter>
    <Filter Include="ソース ファイル\Animation\Interpolate\Interface">
      <UniqueIdentifier>{af461be4-b806-4c86-afee-9f961675a2a4}</UniqueIdentifier>
    </Filter>
    <Filter Include="ソース ファイル\System\Application\Render">
      <UniqueIdentifier>{80e102d7-e0fd-43b9-9a50-a1df9c440f43}</UniqueIdentifier>
    </Filter>
    <Filter Include="ソース ファイル\System\Application\Render\BlendState">
      <UniqueIdentifier>{e46d00a0-0292-4162-9bb5-01ed5a935ebd}</UniqueIdentifier>
    </Filter>
    <Filter Include="ソース ファイル\System\Application\Render\View">
      <UniqueIdentifier>{c234daf4-e652-4ee1-a90e-8a9a60a9a141}</UniqueIdentifier>
    </Filter>
    <Filter Include="ソース ファイル\System\Application\Render\RenderParam">
      <UniqueIdentifier>{7c9d4fd5-d3da-448f-af4d-a491c239d133}</UniqueIdentifier>
    </Filter>
    <Filter Include="ソース ファイル\System\Application\Render\Projection">
      <UniqueIdentifier>{c1b93871-cebf-4d8d-a674-d96b47a06c5b}</UniqueIdentifier>
    </Filter>
    <Filter Include="ソース ファイル\System\Application\Render\Projection\PerspectiveProj">
      <UniqueIdentifier>{571bfd00-895f-4fc2-a3bb-f8979231d705}</UniqueIdentifier>
    </Filter>
    <Filter Include="ソース ファイル\System\Application\Render\Sampler">
      <UniqueIdentifier>{ef2a43b5-a26c-496b-80e2-a491592009f1}</UniqueIdentifier>
    </Filter>
    <Filter Include="ソース ファイル\System\Application\DirectX3D11\D3D11_Renderer">
      <UniqueIdentifier>{a41c40b7-d197-4bfd-96a9-b698e0e82856}</UniqueIdentifier>
    </Filter>
    <Filter Include="ソース ファイル\Graphics\DepthStencil">
      <UniqueIdentifier>{0f77b6db-a9a6-4fe9-9453-4d85f28c4336}</UniqueIdentifier>
    </Filter>
    <Filter Include="ソース ファイル\Graphics\RenderTarget">
      <UniqueIdentifier>{60198280-e569-4ec9-a123-b06af48d8de9}</UniqueIdentifier>
    </Filter>
    <Filter Include="ソース ファイル\Graphics\Buffer\Vertex\Shader">
      <UniqueIdentifier>{5ab34369-180c-463a-a98c-0888e0f123e3}</UniqueIdentifier>
    </Filter>
    <Filter Include="ソース ファイル\Graphics\Buffer\Vertex\Shader\Vertex">
      <UniqueIdentifier>{ce397238-d551-440c-a98a-9990ab849981}</UniqueIdentifier>
    </Filter>
    <Filter Include="ソース ファイル\Graphics\Buffer\Vertex\Shader\Vertex\Base">
      <UniqueIdentifier>{d1452bc8-852a-4657-b55e-a8cb11c4af52}</UniqueIdentifier>
    </Filter>
    <Filter Include="ソース ファイル\Graphics\Buffer\Vertex\Shader\Vertex\World">
      <UniqueIdentifier>{be6b606f-cba9-4ed5-8c1b-d82595971065}</UniqueIdentifier>
    </Filter>
    <Filter Include="ソース ファイル\Graphics\Buffer\Vertex\Shader\Vertex\OutLine">
      <UniqueIdentifier>{6d9f9bbf-d058-49a1-8f01-3308bac93c5d}</UniqueIdentifier>
    </Filter>
    <Filter Include="ソース ファイル\Graphics\Buffer\Vertex\Shader\Vertex\Gouraud">
      <UniqueIdentifier>{5c5f5a2b-4fd4-4219-9474-b9a8fcb8112f}</UniqueIdentifier>
    </Filter>
    <Filter Include="ソース ファイル\Graphics\Buffer\Vertex\Shader\Vertex\SkinAnimation">
      <UniqueIdentifier>{bd649246-a2d6-4a62-b4e0-1d28a10c3311}</UniqueIdentifier>
    </Filter>
    <Filter Include="ソース ファイル\Graphics\Buffer\Vertex\Shader\Vertex\Primitive">
      <UniqueIdentifier>{cbda257e-1421-40b1-b730-b6fe0adc5d6e}</UniqueIdentifier>
    </Filter>
    <Filter Include="ソース ファイル\Graphics\Buffer\Vertex\Shader\Pixel">
      <UniqueIdentifier>{ef35cfd6-c110-4ce9-af99-9a564f62db66}</UniqueIdentifier>
    </Filter>
    <Filter Include="ソース ファイル\Graphics\Buffer\Vertex\Shader\Pixel\Base">
      <UniqueIdentifier>{906f26d9-26c2-4f10-a59a-deec38027e49}</UniqueIdentifier>
    </Filter>
    <Filter Include="ソース ファイル\Graphics\Buffer\Vertex\Shader\Pixel\Unlit">
      <UniqueIdentifier>{62285b9b-b13a-4a48-90bb-923d7ff90ed0}</UniqueIdentifier>
    </Filter>
    <Filter Include="ソース ファイル\Graphics\Buffer\Vertex\Shader\Pixel\Lit">
      <UniqueIdentifier>{023695c9-70cd-4b26-803d-53a8a07213f8}</UniqueIdentifier>
    </Filter>
    <Filter Include="ソース ファイル\Graphics\Buffer\Vertex\Shader\Pixel\TexColor">
      <UniqueIdentifier>{d7cbca95-6ee4-4195-b332-5c656e152d42}</UniqueIdentifier>
    </Filter>
    <Filter Include="ソース ファイル\Graphics\Buffer\Vertex\Shader\Base">
      <UniqueIdentifier>{54f60261-d464-492f-94cd-725c9e08a910}</UniqueIdentifier>
    </Filter>
    <Filter Include="ソース ファイル\Bullet\Callback">
      <UniqueIdentifier>{96055a68-3ab4-43da-a400-c2717a29e6db}</UniqueIdentifier>
    </Filter>
    <Filter Include="ソース ファイル\Bullet\PhysicsEngine">
      <UniqueIdentifier>{a42daa8f-175c-4c8b-b507-028604f46bff}</UniqueIdentifier>
    </Filter>
    <Filter Include="ソース ファイル\Graphics\Sprite\Drawer">
      <UniqueIdentifier>{f78a12b9-8f83-4cd7-9a90-ea95740bfd77}</UniqueIdentifier>
    </Filter>
    <Filter Include="ソース ファイル\Asset\Creater">
      <UniqueIdentifier>{44856d4f-ce3f-41e6-abd2-d33017fe20c9}</UniqueIdentifier>
    </Filter>
    <Filter Include="ソース ファイル\Asset\Creater\Material">
      <UniqueIdentifier>{e6f51b7a-e972-4329-b590-ab33c6425c28}</UniqueIdentifier>
    </Filter>
    <Filter Include="ソース ファイル\Component\SkyBox">
      <UniqueIdentifier>{5197527b-98a8-4fc6-968c-8e9157f342c2}</UniqueIdentifier>
    </Filter>
    <Filter Include="ソース ファイル\Bullet\Test">
      <UniqueIdentifier>{a5aeacce-e9bc-4e92-b0f4-45f4a32d28cb}</UniqueIdentifier>
    </Filter>
    <Filter Include="ソース ファイル\Animation\AnimationNotify">
      <UniqueIdentifier>{1b855690-063d-4417-ab64-ac10706e0312}</UniqueIdentifier>
    </Filter>
    <Filter Include="ソース ファイル\Animation\AnimationNotify\Event">
      <UniqueIdentifier>{f9754356-d852-4070-b0e8-13b9694105d4}</UniqueIdentifier>
    </Filter>
    <Filter Include="ソース ファイル\Animation\AnimationNotify\State">
      <UniqueIdentifier>{36bcc241-e81b-40e3-a9e6-ef31c64e4aad}</UniqueIdentifier>
    </Filter>
    <Filter Include="ソース ファイル\Component\AnimationNotify">
      <UniqueIdentifier>{b86c4aaf-8c67-49f0-bbb7-07a35572fe75}</UniqueIdentifier>
    </Filter>
    <Filter Include="ソース ファイル\Animation\AnimationTrack">
      <UniqueIdentifier>{8ea5adef-6d5d-44f9-913e-8db23e1808ee}</UniqueIdentifier>
    </Filter>
    <Filter Include="ソース ファイル\Animation\AnimationNotify\IAnimationNotify">
      <UniqueIdentifier>{a22e08c0-d965-436f-8b63-e3e75d37df5f}</UniqueIdentifier>
    </Filter>
    <Filter Include="ソース ファイル\Animation\AnimationNotify\Event\DebugLog">
      <UniqueIdentifier>{c1fa6d37-0e8c-494c-ba50-a8db6113738f}</UniqueIdentifier>
    </Filter>
    <Filter Include="ソース ファイル\Animation\AnimationNotify\State\DebugLog">
      <UniqueIdentifier>{69aba161-90c1-40a7-933a-39554802c8ad}</UniqueIdentifier>
    </Filter>
    <Filter Include="ソース ファイル\Method\Respawner">
      <UniqueIdentifier>{c4bc0c3d-e09a-45d6-a04d-5e082bb2202e}</UniqueIdentifier>
    </Filter>
    <Filter Include="ソース ファイル\Animation\AnimationNotify\AnimationNotifyFactory">
      <UniqueIdentifier>{0f45c75f-2e3f-4310-badf-c70f29235b0a}</UniqueIdentifier>
    </Filter>
    <Filter Include="ソース ファイル\Component\Camera">
      <UniqueIdentifier>{6a26953d-a672-405b-952f-60d285febe89}</UniqueIdentifier>
    </Filter>
    <Filter Include="ヘッダー ファイル">
      <UniqueIdentifier>{93995380-89BD-4b04-88EB-625FBE52EBFB}</UniqueIdentifier>
      <Extensions>h;hh;hpp;hxx;h++;hm;inl;inc;ipp;xsd</Extensions>
    </Filter>
    <Filter Include="ヘッダー ファイル\template">
      <UniqueIdentifier>{3413918b-02ea-4457-9d59-ea33c05fc5e5}</UniqueIdentifier>
    </Filter>
    <Filter Include="ソース ファイル\Method\TypeName">
      <UniqueIdentifier>{a7f0cabf-f61d-4f9b-8be0-75d4abfe72a1}</UniqueIdentifier>
    </Filter>
    <Filter Include="ソース ファイル\Asset\Creater\AnimationController">
      <UniqueIdentifier>{224f1176-7fe3-4e4e-9a1d-1c15263d870e}</UniqueIdentifier>
    </Filter>
    <Filter Include="ソース ファイル\Animation\AnimTransitionArrow\Button">
      <UniqueIdentifier>{bdc19cae-5bf9-4368-b5de-d45df261d9a0}</UniqueIdentifier>
    </Filter>
    <Filter Include="ソース ファイル\Component\Respawner">
      <UniqueIdentifier>{2b656b14-cf49-43bc-b3fb-caedbed283dd}</UniqueIdentifier>
    </Filter>
    <Filter Include="ソース ファイル\Animation\AnimationController\Creater">
      <UniqueIdentifier>{66359b85-e034-44fe-adf5-2a4dc2d502c4}</UniqueIdentifier>
    </Filter>
    <Filter Include="ソース ファイル\Animation\TransCondition">
      <UniqueIdentifier>{26d6ccaa-6c1b-4baa-bf76-17945ca88870}</UniqueIdentifier>
    </Filter>
    <Filter Include="ソース ファイル\Animation\TransCondition\Boolean">
      <UniqueIdentifier>{f9de96e9-dffd-41f3-aa5d-3c508710edc8}</UniqueIdentifier>
    </Filter>
    <Filter Include="ソース ファイル\Animation\TransCondition\Integer">
      <UniqueIdentifier>{e82d1918-500d-4e94-9857-b4002b4c4ca7}</UniqueIdentifier>
    </Filter>
    <Filter Include="ソース ファイル\Animation\TransCondition\Float">
      <UniqueIdentifier>{5e42a348-04ee-4231-b194-5d69785f3640}</UniqueIdentifier>
    </Filter>
    <Filter Include="ソース ファイル\Animation\TransCondition\Base">
      <UniqueIdentifier>{553bb374-367d-4a18-9021-8290edcb281d}</UniqueIdentifier>
    </Filter>
    <Filter Include="ソース ファイル\System\Random">
      <UniqueIdentifier>{d4935691-8de9-4159-9627-7b5d1952294f}</UniqueIdentifier>
    </Filter>
    <Filter Include="ソース ファイル\Animation\TransCondition\Creater">
      <UniqueIdentifier>{282c9446-36ac-4892-84b3-20d74d621aa1}</UniqueIdentifier>
    </Filter>
    <Filter Include="ソース ファイル\Animation\AnimationPameters">
      <UniqueIdentifier>{d78781e3-3f17-4ca1-a572-6cc82b233ef0}</UniqueIdentifier>
    </Filter>
    <Filter Include="ソース ファイル\Object\Player\Action">
      <UniqueIdentifier>{734f0100-f685-4552-a879-1602de240990}</UniqueIdentifier>
    </Filter>
    <Filter Include="ソース ファイル\Object\Player\Action\PlayerState">
      <UniqueIdentifier>{30b7385e-e266-4a05-8e63-0b4ecc32555c}</UniqueIdentifier>
    </Filter>
    <Filter Include="ソース ファイル\Object\Player\Action\PlayerState\Move">
      <UniqueIdentifier>{10a12211-e7fc-402b-94f0-347b6af8ff71}</UniqueIdentifier>
    </Filter>
    <Filter Include="ソース ファイル\Object\Player\Action\PlayerState\Attack">
      <UniqueIdentifier>{524a883d-d5ba-414d-86a7-c8dd375fabee}</UniqueIdentifier>
    </Filter>
    <Filter Include="ソース ファイル\Object\Player\Action\Controller">
      <UniqueIdentifier>{8007b5fd-3163-4427-92a4-a7ace58b8af8}</UniqueIdentifier>
    </Filter>
    <Filter Include="ソース ファイル\Object\Player\Action\Observer">
      <UniqueIdentifier>{3c7cea81-6190-47bc-ba54-8d1a1f6f3797}</UniqueIdentifier>
    </Filter>
    <Filter Include="ソース ファイル\Animation\AnimationPameters\Trigger">
      <UniqueIdentifier>{417e5fb0-e652-49e6-a75a-fb4a18d42e35}</UniqueIdentifier>
    </Filter>
    <Filter Include="ソース ファイル\Animation\TransCondition\Trigger">
      <UniqueIdentifier>{870980fb-4b11-4299-b300-70887fda948f}</UniqueIdentifier>
    </Filter>
    <Filter Include="ソース ファイル\Animation\AnimationPameters\removeObserver">
      <UniqueIdentifier>{b56ad7f4-27ec-4299-a051-8a15a6420d86}</UniqueIdentifier>
    </Filter>
    <Filter Include="ソース ファイル\Animation\AnimControllPlayer">
      <UniqueIdentifier>{ab57e764-1dbf-4659-85a1-5a916a4070a8}</UniqueIdentifier>
    </Filter>
    <Filter Include="ソース ファイル\Animation\AnimationPameters\Base">
      <UniqueIdentifier>{ad716e0c-6bd2-43ad-9827-db15a97867e0}</UniqueIdentifier>
    </Filter>
    <Filter Include="ソース ファイル\Animation\AnimationPameters\Origin">
      <UniqueIdentifier>{222ca021-1fbc-42ee-b4bc-b060a2d20487}</UniqueIdentifier>
    </Filter>
    <Filter Include="ソース ファイル\Animation\AnimationPameters\Copy">
      <UniqueIdentifier>{607275a5-2cc3-4b3b-91a7-098c765fdf6d}</UniqueIdentifier>
    </Filter>
    <Filter Include="ソース ファイル\Object\Player\Action\PlayerState\Idle">
      <UniqueIdentifier>{a089199f-2d9b-4703-8356-fe11a5e3c6fd}</UniqueIdentifier>
    </Filter>
    <Filter Include="ソース ファイル\Animation\AnimControllPlayer\NodePlayer">
      <UniqueIdentifier>{6b69ad4a-22bc-49ef-8162-56de7deea6b9}</UniqueIdentifier>
    </Filter>
    <Filter Include="ソース ファイル\Animation\AnimControllPlayer\NodePlayer\BlendNodePlayer">
      <UniqueIdentifier>{2a0ae525-0c0c-49da-a03e-b8f2757f771d}</UniqueIdentifier>
    </Filter>
    <Filter Include="ソース ファイル\Animation\AnimControllPlayer\NodePlayer\NodePlayer_Base">
      <UniqueIdentifier>{dd7e13e3-1f18-4fd0-815b-ed488aa6e0d4}</UniqueIdentifier>
    </Filter>
    <Filter Include="ソース ファイル\Animation\AnimControllPlayer\NodePlayer\SingleNodePlayer">
      <UniqueIdentifier>{82916ae5-3002-42ac-969d-5aaa78fb7480}</UniqueIdentifier>
    </Filter>
    <Filter Include="ソース ファイル\Animation\AnimControllPlayer\TransitionChecker">
      <UniqueIdentifier>{f371e2fa-8810-4801-8f37-ee608d7a3298}</UniqueIdentifier>
    </Filter>
    <Filter Include="ソース ファイル\Component\Collider\Test">
      <UniqueIdentifier>{6774cb9a-dd42-43a1-a66b-0b1c0f8117fc}</UniqueIdentifier>
    </Filter>
    <Filter Include="ソース ファイル\Object\Player\Action\PlayerState\Target">
      <UniqueIdentifier>{f8125145-3108-4eff-b3aa-c7c99e0ece36}</UniqueIdentifier>
    </Filter>
    <Filter Include="ソース ファイル\Object\Player\Action\PlayerState\Base">
      <UniqueIdentifier>{492cca82-3a6e-47dd-bd72-21b904e2eaee}</UniqueIdentifier>
    </Filter>
    <Filter Include="ソース ファイル\System\SystemDraw">
      <UniqueIdentifier>{67933a3e-6739-46f8-bc0a-99cbcc12782e}</UniqueIdentifier>
    </Filter>
    <Filter Include="ソース ファイル\Bullet\CollisionObject">
      <UniqueIdentifier>{d901bc85-19a8-4f14-bf32-ee07a27321cd}</UniqueIdentifier>
    </Filter>
    <Filter Include="ソース ファイル\Bullet\CollisionObject\RigidBody">
      <UniqueIdentifier>{d8aee226-f0a9-4e25-89b6-0b94d1b52083}</UniqueIdentifier>
    </Filter>
    <Filter Include="ソース ファイル\Bullet\CollisionObject\GhostObject">
      <UniqueIdentifier>{263c6a30-d9bb-41da-9cb5-98129267f0a3}</UniqueIdentifier>
    </Filter>
    <Filter Include="ソース ファイル\Bullet\CollisionObject\Base">
      <UniqueIdentifier>{cd05e6a9-bf43-415d-8f04-d27294299ab5}</UniqueIdentifier>
    </Filter>
    <Filter Include="ソース ファイル\Object\CollisionTypeJudge">
      <UniqueIdentifier>{13f0554e-7b52-4850-a7dc-fd4ef58f66df}</UniqueIdentifier>
    </Filter>
    <Filter Include="ソース ファイル\Bullet\CollisionInfo">
      <UniqueIdentifier>{c0486cea-d8a8-466f-8a36-1798c02af0bf}</UniqueIdentifier>
    </Filter>
    <Filter Include="ソース ファイル\Component\Collider\Capsule">
      <UniqueIdentifier>{04d960d7-cbdb-4f20-8a03-46cfe52a63ce}</UniqueIdentifier>
    </Filter>
    <Filter Include="ソース ファイル\Graphics\Mesh\2D">
      <UniqueIdentifier>{1d7ee4ec-717a-42b7-90ae-b3101ba64030}</UniqueIdentifier>
    </Filter>
    <Filter Include="ソース ファイル\Component\UI">
      <UniqueIdentifier>{c0288711-4bcc-43c4-b00d-d0e2dd11c2d9}</UniqueIdentifier>
    </Filter>
    <Filter Include="ソース ファイル\Component\UI\Renderer">
      <UniqueIdentifier>{da3fbc61-0f64-450e-8914-6fb9e62fe7f6}</UniqueIdentifier>
    </Filter>
    <Filter Include="ソース ファイル\Component\UI\Slider">
      <UniqueIdentifier>{259f007e-cc8f-4406-9da3-c91615ee613c}</UniqueIdentifier>
    </Filter>
    <Filter Include="ソース ファイル\Method\StateMachine">
      <UniqueIdentifier>{42bff392-568b-45c2-b400-a40f82d130f4}</UniqueIdentifier>
    </Filter>
    <Filter Include="ソース ファイル\Animation\AnimationNotify\Event\Base">
      <UniqueIdentifier>{478c572e-8910-45f7-bbcf-67bc21430454}</UniqueIdentifier>
    </Filter>
    <Filter Include="ソース ファイル\Animation\AnimationNotify\State\Base">
      <UniqueIdentifier>{47e95638-2833-456c-a82f-87634fd7c68a}</UniqueIdentifier>
    </Filter>
    <Filter Include="ソース ファイル\Animation\AnimationNotify\State\ChangeParameter">
      <UniqueIdentifier>{c58a80d2-a175-43c0-8b35-519907c95306}</UniqueIdentifier>
    </Filter>
    <Filter Include="ソース ファイル\Animation\AnimationNotify\Event\ChangeParameter">
      <UniqueIdentifier>{2d26709a-49f4-4003-8799-c6d6fb8d6b4e}</UniqueIdentifier>
    </Filter>
    <Filter Include="ソース ファイル\Animation\AnimationNotify\IAnimParametersSetter">
      <UniqueIdentifier>{bd013dbf-59e1-44fd-a2d4-34e87b52f746}</UniqueIdentifier>
    </Filter>
    <Filter Include="ソース ファイル\Animation\AnimationObserver\ChangeAnimObserver">
      <UniqueIdentifier>{aad0a846-08ed-43aa-a25b-73332a308eea}</UniqueIdentifier>
    </Filter>
    <Filter Include="ソース ファイル\Object\Player\Action\PlayerState\GroundAttack">
      <UniqueIdentifier>{4e07b83f-83ba-48f8-98f0-d52179374366}</UniqueIdentifier>
    </Filter>
    <Filter Include="ソース ファイル\Object\Enemy">
      <UniqueIdentifier>{dc9b3105-0e1c-48a6-9f59-8b3065fa9e87}</UniqueIdentifier>
    </Filter>
    <Filter Include="ソース ファイル\Attack">
      <UniqueIdentifier>{20c2d3de-34df-4e16-bfb2-e323b6d14c3f}</UniqueIdentifier>
    </Filter>
    <Filter Include="ソース ファイル\Attack\Information">
      <UniqueIdentifier>{612ab13f-3e57-455e-a59a-3200c7d49c5d}</UniqueIdentifier>
    </Filter>
    <Filter Include="ソース ファイル\Attack\IDamageable">
      <UniqueIdentifier>{ab2c7d85-ac80-46de-a213-7d88be8f1496}</UniqueIdentifier>
    </Filter>
    <Filter Include="ソース ファイル\Component\Rig">
      <UniqueIdentifier>{1bbb90cd-7de8-4a67-902c-e3d039dd90b5}</UniqueIdentifier>
    </Filter>
    <Filter Include="ソース ファイル\Component\InGame\Character">
      <UniqueIdentifier>{b19c4dd4-0ca0-4fd0-8554-deb86180625e}</UniqueIdentifier>
    </Filter>
    <Filter Include="ソース ファイル\Component\InGame\Enemy">
      <UniqueIdentifier>{081f6fa9-ed67-4920-a268-4979895dd4f5}</UniqueIdentifier>
    </Filter>
    <Filter Include="ソース ファイル\Component\InGame\Weapon">
      <UniqueIdentifier>{ee42c855-ec56-4212-89cc-f6b4cf07a8c7}</UniqueIdentifier>
    </Filter>
    <Filter Include="ソース ファイル\Component\Singleton">
      <UniqueIdentifier>{8c63b18e-c12e-4ef8-8766-dd2a16ef4539}</UniqueIdentifier>
    </Filter>
    <Filter Include="ソース ファイル\Component\HitStopManager">
      <UniqueIdentifier>{63249c5d-525d-4d54-ad72-f133c036bb9f}</UniqueIdentifier>
    </Filter>
    <Filter Include="ソース ファイル\System\AnimationCurve">
      <UniqueIdentifier>{1cf20d1f-8aaa-46da-9e92-2990afd1dd0a}</UniqueIdentifier>
    </Filter>
    <Filter Include="ソース ファイル\System\ImGui\ImPlot">
      <UniqueIdentifier>{88dc33e0-f5dd-4334-a65b-bc3e1b1527b3}</UniqueIdentifier>
    </Filter>
    <Filter Include="ソース ファイル\Object\Player\Action\PlayerState\RushAttack">
      <UniqueIdentifier>{49ff38db-7ed7-4667-a402-fad7eb68fdc6}</UniqueIdentifier>
    </Filter>
    <Filter Include="ソース ファイル\Object\Player\Action\PlayerState\Rolling">
      <UniqueIdentifier>{34ca5317-7d82-4283-9c98-bc8d4dcd88ac}</UniqueIdentifier>
    </Filter>
    <Filter Include="ソース ファイル\Object\Character">
      <UniqueIdentifier>{ad09703f-2b45-4a4f-9910-67888da99373}</UniqueIdentifier>
    </Filter>
    <Filter Include="ソース ファイル\Object\Character\ActionState">
      <UniqueIdentifier>{ae4f9f80-96f4-43ce-9c88-fb3950800b94}</UniqueIdentifier>
    </Filter>
    <Filter Include="ソース ファイル\Object\Character\Controller">
      <UniqueIdentifier>{4b012229-53de-4677-87e1-5c4bd8a90312}</UniqueIdentifier>
    </Filter>
    <Filter Include="ソース ファイル\Object\Enemy\Enemy_Base">
      <UniqueIdentifier>{77650a39-b459-41b7-966d-5118a1f49605}</UniqueIdentifier>
    </Filter>
    <Filter Include="ソース ファイル\Object\Enemy\Enemy_Base\Controller">
      <UniqueIdentifier>{faca9ea9-e734-4ae7-95e6-890e921d7e8e}</UniqueIdentifier>
    </Filter>
    <Filter Include="ソース ファイル\Object\Enemy\Enemy_Base\ActState">
      <UniqueIdentifier>{d90dea02-8363-4070-bc79-0a0e2976d853}</UniqueIdentifier>
    </Filter>
    <Filter Include="ソース ファイル\Object\Enemy\Boss">
      <UniqueIdentifier>{5f2984ea-6160-4ded-acc8-5a37d0709189}</UniqueIdentifier>
    </Filter>
    <Filter Include="ソース ファイル\Object\Enemy\Boss\Controller">
      <UniqueIdentifier>{d19170bc-d61c-4810-be00-8b9faa46c397}</UniqueIdentifier>
    </Filter>
    <Filter Include="ソース ファイル\Object\Enemy\Boss\ActionState">
      <UniqueIdentifier>{54c2c2c0-6ac1-4f51-a8ec-bc6659198d6d}</UniqueIdentifier>
    </Filter>
    <Filter Include="ソース ファイル\Object\Enemy\Boss\ActionState\BossAct_Base">
      <UniqueIdentifier>{b5375f29-655e-4426-af57-d2ccb5eda953}</UniqueIdentifier>
    </Filter>
    <Filter Include="ソース ファイル\Component\InGame\Boss">
      <UniqueIdentifier>{fbc59e98-d5f9-4a2c-a62d-0f7ca38ed6c1}</UniqueIdentifier>
    </Filter>
    <Filter Include="ソース ファイル\Object\Enemy\Boss\ActionState\Move">
      <UniqueIdentifier>{72c9ce00-a1e9-4ec8-b2c5-c25b83bdb458}</UniqueIdentifier>
    </Filter>
    <Filter Include="BattleManager">
      <UniqueIdentifier>{11171953-3aa3-492c-b43b-ad29c6e81082}</UniqueIdentifier>
    </Filter>
    <Filter Include="ソース ファイル\Animation\AnimationPameters\NewFilter1">
      <UniqueIdentifier>{98c24367-84b0-49b0-a920-e3fea59a1c52}</UniqueIdentifier>
    </Filter>
    <Filter Include="ソース ファイル\Animation\AnimationPameters\IAnimParamSetter">
      <UniqueIdentifier>{dded9990-a1dc-4379-9c1a-bf81219a70a8}</UniqueIdentifier>
    </Filter>
  </ItemGroup>
  <ItemGroup>
    <FxCompile Include="PS_Primitive.hlsl">
      <Filter>リソース ファイル\PixelShader</Filter>
    </FxCompile>
    <FxCompile Include="PS_TexNotEnable.hlsl">
      <Filter>リソース ファイル\PixelShader</Filter>
    </FxCompile>
    <FxCompile Include="PS_Lit.hlsl">
      <Filter>リソース ファイル\PixelShader</Filter>
    </FxCompile>
    <FxCompile Include="PS_Unlit.hlsl">
      <Filter>リソース ファイル\PixelShader</Filter>
    </FxCompile>
    <FxCompile Include="VS_Primitive.hlsl">
      <Filter>リソース ファイル\VertexShader</Filter>
    </FxCompile>
    <FxCompile Include="VS_Gouraud.hlsl">
      <Filter>リソース ファイル\VertexShader</Filter>
    </FxCompile>
    <FxCompile Include="VS_WorldPosition.hlsl">
      <Filter>リソース ファイル\VertexShader</Filter>
    </FxCompile>
    <FxCompile Include="PS_TexColor.hlsl">
      <Filter>リソース ファイル\PixelShader</Filter>
    </FxCompile>
    <FxCompile Include="VS_SkinAnimation.hlsl">
      <Filter>リソース ファイル\VertexShader</Filter>
    </FxCompile>
    <FxCompile Include="VS_Line.hlsl">
      <Filter>リソース ファイル\VertexShader</Filter>
    </FxCompile>
    <FxCompile Include="PS_Line.hlsl">
      <Filter>リソース ファイル\PixelShader</Filter>
    </FxCompile>
    <FxCompile Include="PS_WriteDepth.hlsl">
      <Filter>リソース ファイル\PixelShader</Filter>
    </FxCompile>
    <FxCompile Include="PS_Shadow.hlsl">
      <Filter>リソース ファイル\PixelShader</Filter>
    </FxCompile>
    <FxCompile Include="VS_SpriteShadow.hlsl">
      <Filter>リソース ファイル\VertexShader</Filter>
    </FxCompile>
    <FxCompile Include="VS_Sprite.hlsl">
      <Filter>リソース ファイル\VertexShader</Filter>
    </FxCompile>
    <FxCompile Include="VS_UI.hlsl">
      <Filter>リソース ファイル\VertexShader</Filter>
    </FxCompile>
    <FxCompile Include="PS_UI.hlsl">
      <Filter>リソース ファイル\PixelShader</Filter>
    </FxCompile>
  </ItemGroup>
  <ItemGroup>
    <ClCompile Include="BlendState.cpp">
      <Filter>ソース ファイル\System\Application\Render\BlendState</Filter>
    </ClCompile>
    <ClCompile Include="CP_Camera.cpp">
      <Filter>ソース ファイル\Component\Camera</Filter>
    </ClCompile>
    <ClCompile Include="Direct3D11.cpp">
      <Filter>ソース ファイル\System\Application\DirectX3D11</Filter>
    </ClCompile>
    <ClCompile Include="D3D11_Renderer.cpp">
      <Filter>ソース ファイル\System\Application\DirectX3D11\D3D11_Renderer</Filter>
    </ClCompile>
    <ClCompile Include="MainApplication.cpp">
      <Filter>ソース ファイル\System\Application\MainApplication</Filter>
    </ClCompile>
    <ClCompile Include="MessageError.cpp">
      <Filter>ソース ファイル\System\MessageError</Filter>
    </ClCompile>
    <ClCompile Include="RenderParam.cpp">
      <Filter>ソース ファイル\System\Application\Render\RenderParam</Filter>
    </ClCompile>
    <ClCompile Include="SetUpPerspectiveProj.cpp">
      <Filter>ソース ファイル\System\Application\Render\Projection\PerspectiveProj</Filter>
    </ClCompile>
    <ClCompile Include="SetUpViewTrans.cpp">
      <Filter>ソース ファイル\System\Application\Render\View</Filter>
    </ClCompile>
    <ClCompile Include="Window.cpp">
      <Filter>ソース ファイル\System\Application\Window</Filter>
    </ClCompile>
    <ClCompile Include="SceneManager.cpp">
      <Filter>ソース ファイル\Scene\SceneManager</Filter>
    </ClCompile>
    <ClCompile Include="pch.cpp">
      <Filter>ソース ファイル\System\pch</Filter>
    </ClCompile>
    <ClCompile Include="Texture.cpp">
      <Filter>ソース ファイル\Graphics\Texture</Filter>
    </ClCompile>
    <ClCompile Include="Sampler.cpp">
      <Filter>ソース ファイル\System\Application\Render\Sampler</Filter>
    </ClCompile>
    <ClCompile Include="Transform.cpp">
      <Filter>ソース ファイル\System\Transform</Filter>
    </ClCompile>
    <ClCompile Include="VariableFrameRate.cpp">
      <Filter>ソース ファイル\System\Application\FramerRate</Filter>
    </ClCompile>
    <ClCompile Include="AssetCollection.cpp">
      <Filter>ソース ファイル\Asset\Collection</Filter>
    </ClCompile>
    <ClCompile Include="ImGuiMethod.cpp">
      <Filter>ソース ファイル\System\ImGui\ImGuiMethod</Filter>
    </ClCompile>
    <ClCompile Include="ImGuiDebugLog.cpp">
      <Filter>ソース ファイル\System\ImGui\ImGuiDebugLog</Filter>
    </ClCompile>
    <ClCompile Include="GameObject.cpp">
      <Filter>ソース ファイル\Object\GameObject</Filter>
    </ClCompile>
    <ClCompile Include="SceneObjects.cpp">
      <Filter>ソース ファイル\Object\SceneObjects</Filter>
    </ClCompile>
    <ClCompile Include="Cube.cpp">
      <Filter>ソース ファイル\Graphics\Mesh\Cube</Filter>
    </ClCompile>
    <ClCompile Include="Tag.cpp">
      <Filter>ソース ファイル\Object\Tag</Filter>
    </ClCompile>
    <ClCompile Include="JISToUTF8.cpp">
      <Filter>ソース ファイル\System\JISToUTF8</Filter>
    </ClCompile>
    <ClCompile Include="Component.cpp">
      <Filter>ソース ファイル\Component\Base</Filter>
    </ClCompile>
    <ClCompile Include="GamePad.cpp">
      <Filter>ソース ファイル\System\Application\Input\GamePad</Filter>
    </ClCompile>
    <ClCompile Include="InputClass.cpp">
      <Filter>ソース ファイル\System\Application\Input</Filter>
    </ClCompile>
    <ClCompile Include="Geometory.cpp">
      <Filter>ソース ファイル\Graphics\Geometory</Filter>
    </ClCompile>
    <ClCompile Include="DebugCube.cpp">
      <Filter>ソース ファイル\Graphics\Mesh\Cube</Filter>
    </ClCompile>
    <ClCompile Include="Sphere.cpp">
      <Filter>ソース ファイル\Graphics\Mesh\Sphere</Filter>
    </ClCompile>
    <ClCompile Include="CollisionChecker.cpp">
      <Filter>ソース ファイル\Component\Collider\CollisionChecker</Filter>
    </ClCompile>
    <ClCompile Include="MathUseful.cpp">
      <Filter>ソース ファイル\Method\Useful\MathUseful</Filter>
    </ClCompile>
    <ClCompile Include="CP_CameraMove.cpp">
      <Filter>ソース ファイル\Component\InGame\Camera\CameraMove</Filter>
    </ClCompile>
    <ClCompile Include="GameKey.cpp">
      <Filter>ソース ファイル\System\Application\Input\Keyboard</Filter>
    </ClCompile>
    <ClCompile Include="SaveJson.cpp">
      <Filter>ソース ファイル\System\Json\Save</Filter>
    </ClCompile>
    <ClCompile Include="SaveJsonValue.cpp">
      <Filter>ソース ファイル\System\Json\SaveJsonValue</Filter>
    </ClCompile>
    <ClCompile Include="SF_GameObject.cpp">
      <Filter>ソース ファイル\Scene\SceneFunction\GameObject</Filter>
    </ClCompile>
    <ClCompile Include="Light.cpp">
      <Filter>ソース ファイル\Graphics\Light</Filter>
    </ClCompile>
    <ClCompile Include="PointLight.cpp">
      <Filter>ソース ファイル\Graphics\Light\PointLight</Filter>
    </ClCompile>
    <ClCompile Include="SpotLight.cpp">
      <Filter>ソース ファイル\Graphics\Light\SpotLight</Filter>
    </ClCompile>
    <ClCompile Include="SceneLights.cpp">
      <Filter>ソース ファイル\Graphics\Light\SceneLights</Filter>
    </ClCompile>
    <ClCompile Include="DirectionLight.cpp">
      <Filter>ソース ファイル\Graphics\Light\Direction</Filter>
    </ClCompile>
    <ClCompile Include="InSceneSystemManager.cpp">
      <Filter>ソース ファイル\Scene\InSceneSystem</Filter>
    </ClCompile>
    <ClCompile Include="..\ThirdParty\imgui\include\imgui.cpp">
      <Filter>ソース ファイル\System\ImGui\ImGui</Filter>
    </ClCompile>
    <ClCompile Include="..\ThirdParty\imgui\include\imgui_demo.cpp">
      <Filter>ソース ファイル\System\ImGui\ImGui</Filter>
    </ClCompile>
    <ClCompile Include="..\ThirdParty\imgui\include\imgui_draw.cpp">
      <Filter>ソース ファイル\System\ImGui\ImGui</Filter>
    </ClCompile>
    <ClCompile Include="..\ThirdParty\imgui\include\imgui_impl_dx11.cpp">
      <Filter>ソース ファイル\System\ImGui\ImGui</Filter>
    </ClCompile>
    <ClCompile Include="..\ThirdParty\imgui\include\imgui_impl_win32.cpp">
      <Filter>ソース ファイル\System\ImGui\ImGui</Filter>
    </ClCompile>
    <ClCompile Include="..\ThirdParty\imgui\include\imgui_tables.cpp">
      <Filter>ソース ファイル\System\ImGui\ImGui</Filter>
    </ClCompile>
    <ClCompile Include="..\ThirdParty\imgui\include\imgui_widgets.cpp">
      <Filter>ソース ファイル\System\ImGui\ImGui</Filter>
    </ClCompile>
    <ClCompile Include="CP_SphereCollider.cpp">
      <Filter>ソース ファイル\Component\Collider\Sphere</Filter>
    </ClCompile>
    <ClCompile Include="CP_SpriteRenderer.cpp">
      <Filter>ソース ファイル\Component\Renderer\Sprite</Filter>
    </ClCompile>
    <ClCompile Include="CP_MeshRenderer.cpp">
      <Filter>ソース ファイル\Component\Renderer\Mesh</Filter>
    </ClCompile>
    <ClCompile Include="Sprite.cpp">
      <Filter>ソース ファイル\Graphics\Sprite</Filter>
    </ClCompile>
    <ClCompile Include="Material.cpp">
      <Filter>ソース ファイル\Graphics\Material</Filter>
    </ClCompile>
    <ClCompile Include="ShaderCollection.cpp">
      <Filter>ソース ファイル\System\ShaderCollection</Filter>
    </ClCompile>
    <ClCompile Include="CP_BoxCollider.cpp">
      <Filter>ソース ファイル\Component\Collider\Box</Filter>
    </ClCompile>
    <ClCompile Include="CP_Collider.cpp">
      <Filter>ソース ファイル\Component\Collider\Base</Filter>
    </ClCompile>
    <ClCompile Include="AssetGetter.cpp">
      <Filter>ソース ファイル\Asset\Get</Filter>
    </ClCompile>
    <ClCompile Include="AssetLoader.cpp">
      <Filter>ソース ファイル\Asset\Loader</Filter>
    </ClCompile>
    <ClCompile Include="AssetDisplay.cpp">
      <Filter>ソース ファイル\Asset\Display</Filter>
    </ClCompile>
    <ClCompile Include="SingleMesh.cpp">
      <Filter>ソース ファイル\Graphics\Mesh\Single</Filter>
    </ClCompile>
    <ClCompile Include="SkeletalMesh.cpp">
      <Filter>ソース ファイル\Graphics\Mesh\SkeletalMesh</Filter>
    </ClCompile>
    <ClCompile Include="StaticMesh.cpp">
      <Filter>ソース ファイル\Graphics\Mesh\StaticMesh</Filter>
    </ClCompile>
    <ClCompile Include="Asset_Base.cpp">
      <Filter>ソース ファイル\Asset\Asset_Base</Filter>
    </ClCompile>
    <ClCompile Include="AssetContacter.cpp">
      <Filter>ソース ファイル\Asset\IAssetContacter</Filter>
    </ClCompile>
    <ClCompile Include="Buffer_Base.cpp">
      <Filter>ソース ファイル\Graphics\Buffer\Interface</Filter>
    </ClCompile>
    <ClCompile Include="VertexBuffer.cpp">
      <Filter>ソース ファイル\Graphics\Buffer\Vertex</Filter>
    </ClCompile>
    <ClCompile Include="IndexBuffer.cpp">
      <Filter>ソース ファイル\Graphics\Buffer\Index</Filter>
    </ClCompile>
    <ClCompile Include="AssetSetter.cpp">
      <Filter>ソース ファイル\Asset\Set</Filter>
    </ClCompile>
    <ClCompile Include="CP_Renderer.cpp">
      <Filter>ソース ファイル\Component\Renderer\Base</Filter>
    </ClCompile>
    <ClCompile Include="PlaneMesh.cpp">
      <Filter>ソース ファイル\Graphics\Mesh\Plane</Filter>
    </ClCompile>
    <ClCompile Include="MyClass.cpp">
      <Filter>ヘッダー ファイル\template</Filter>
    </ClCompile>
    <ClCompile Include="ComponentFactory.cpp">
      <Filter>ソース ファイル\Component\Factory</Filter>
    </ClCompile>
    <ClCompile Include="Shader.cpp">
      <Filter>ソース ファイル\Graphics\Buffer\Vertex\Shader\Base</Filter>
    </ClCompile>
    <ClCompile Include="VertexShader.cpp">
      <Filter>ソース ファイル\Graphics\Buffer\Vertex\Shader\Vertex\Base</Filter>
    </ClCompile>
    <ClCompile Include="PixelShader.cpp">
      <Filter>ソース ファイル\Graphics\Buffer\Vertex\Shader\Pixel\Base</Filter>
    </ClCompile>
    <ClCompile Include="VS_Gouraud.cpp">
      <Filter>ソース ファイル\Graphics\Buffer\Vertex\Shader\Vertex\Gouraud</Filter>
    </ClCompile>
    <ClCompile Include="SF_Light.cpp">
      <Filter>ソース ファイル\Scene\SceneFunction\SF_Light</Filter>
    </ClCompile>
    <ClCompile Include="PS_Unlit.cpp">
      <Filter>ソース ファイル\Graphics\Buffer\Vertex\Shader\Pixel\Unlit</Filter>
    </ClCompile>
    <ClCompile Include="VS_Primitive.cpp">
      <Filter>ソース ファイル\Graphics\Buffer\Vertex\Shader\Vertex\Primitive</Filter>
    </ClCompile>
    <ClCompile Include="CP_Animation.cpp">
      <Filter>ソース ファイル\Component\Animation</Filter>
    </ClCompile>
    <ClCompile Include="Bone.cpp">
      <Filter>ソース ファイル\Graphics\Mesh\SkeletalMesh\Bone</Filter>
    </ClCompile>
    <ClCompile Include="AnimationData.cpp">
      <Filter>ソース ファイル\Animation\AnimationData</Filter>
    </ClCompile>
    <ClCompile Include="TreeNode.cpp">
      <Filter>ソース ファイル\Graphics\Mesh\SkeletalMesh\TreeNode</Filter>
    </ClCompile>
    <ClCompile Include="AnimationChannel.cpp">
      <Filter>ソース ファイル\Animation\Channel</Filter>
    </ClCompile>
    <ClCompile Include="VS_SkinnedAnimation.cpp">
      <Filter>ソース ファイル\Graphics\Buffer\Vertex\Shader\Vertex\SkinAnimation</Filter>
    </ClCompile>
    <ClCompile Include="PS_TexColor.cpp">
      <Filter>ソース ファイル\Graphics\Buffer\Vertex\Shader\Pixel\TexColor</Filter>
    </ClCompile>
    <ClCompile Include="Mesh_Group.cpp">
      <Filter>ソース ファイル\Graphics\Mesh\MeshGroup</Filter>
    </ClCompile>
    <ClCompile Include="AnimationController.cpp">
      <Filter>ソース ファイル\Animation\AnimationController</Filter>
    </ClCompile>
    <ClCompile Include="InertInterpAnimation.cpp">
      <Filter>ソース ファイル\Animation\Interpolate\Inertial</Filter>
    </ClCompile>
    <ClCompile Include="Easing.cpp">
      <Filter>ソース ファイル\Method\Interpolation\Ease</Filter>
    </ClCompile>
    <ClCompile Include="AnimationNode_Base.cpp">
      <Filter>ソース ファイル\Animation\AnimNode\Base</Filter>
    </ClCompile>
    <ClCompile Include="SingleAnimationNode.cpp">
      <Filter>ソース ファイル\Animation\AnimNode\Single</Filter>
    </ClCompile>
    <ClCompile Include="BlendAnimationNode.cpp">
      <Filter>ソース ファイル\Animation\AnimNode\Blend</Filter>
    </ClCompile>
    <ClCompile Include="PlayerActionController.cpp">
      <Filter>ソース ファイル\Object\Player\Action\Controller</Filter>
    </ClCompile>
    <ClCompile Include="PlayerMoveState.cpp">
      <Filter>ソース ファイル\Object\Player\Action\PlayerState\Move</Filter>
    </ClCompile>
    <ClCompile Include="GameInput.cpp">
      <Filter>ソース ファイル\Game</Filter>
    </ClCompile>
    <ClCompile Include="PlayerAttackState.cpp">
      <Filter>ソース ファイル\Object\Player\Action\PlayerState\Attack</Filter>
    </ClCompile>
    <ClCompile Include="IObserever.cpp">
      <Filter>ソース ファイル\Method\Observe</Filter>
    </ClCompile>
    <ClCompile Include="IAnimationObserver.cpp">
      <Filter>ソース ファイル\Animation\AnimationObserver</Filter>
    </ClCompile>
    <ClCompile Include="PlayerAnimObserver.cpp">
      <Filter>ソース ファイル\Object\Player\Observer</Filter>
    </ClCompile>
    <ClCompile Include="CP_Rig.cpp">
      <Filter>ソース ファイル\Component\Rig</Filter>
    </ClCompile>
    <ClCompile Include="CP_EaseTest.cpp">
      <Filter>ソース ファイル\Component\InGame\Test</Filter>
    </ClCompile>
    <ClCompile Include="Scene.cpp">
      <Filter>ソース ファイル\Scene\NewScene</Filter>
    </ClCompile>
    <ClCompile Include="CloneComponent.cpp">
      <Filter>ソース ファイル\Component\Clone</Filter>
    </ClCompile>
    <ClCompile Include="CP_Player.cpp">
      <Filter>ソース ファイル\Component\InGame\Player</Filter>
    </ClCompile>
    <ClCompile Include="AssetPath_Base.cpp">
      <Filter>ソース ファイル\Asset\Asset_Base</Filter>
    </ClCompile>
    <ClCompile Include="AssetSaveLoad.cpp">
      <Filter>ソース ファイル\Asset\Asset_Base\AssetSaveLoad</Filter>
    </ClCompile>
    <ClCompile Include="..\ThirdParty\bullet\include\btBulletCollisionAll.cpp">
      <Filter>ソース ファイル\Bullet\import</Filter>
    </ClCompile>
    <ClCompile Include="..\ThirdParty\bullet\include\btBulletDynamicsAll.cpp">
      <Filter>ソース ファイル\Bullet\import</Filter>
    </ClCompile>
    <ClCompile Include="..\ThirdParty\bullet\include\btLinearMathAll.cpp">
      <Filter>ソース ファイル\Bullet\import</Filter>
    </ClCompile>
    <ClCompile Include="DX11BulletPhisics.cpp">
      <Filter>ソース ファイル\Bullet\PhysicsEngine</Filter>
    </ClCompile>
    <ClCompile Include="AnimTransitionArrow.cpp">
      <Filter>ソース ファイル\Animation\AnimTransitionArrow</Filter>
    </ClCompile>
    <ClCompile Include="CatmulSplineInterp.cpp">
      <Filter>ソース ファイル\Animation\Interpolate\Catmul</Filter>
    </ClCompile>
    <ClCompile Include="BulletDebugDraw.cpp">
      <Filter>ソース ファイル\Bullet\DebugDraw</Filter>
    </ClCompile>
    <ClCompile Include="IImGuiUser.cpp">
      <Filter>ソース ファイル\System\ImGui\Interface</Filter>
    </ClCompile>
    <ClCompile Include="DXToBullet.cpp">
      <Filter>ソース ファイル\Bullet\DXToBullet</Filter>
    </ClCompile>
    <ClCompile Include="CrossFadeAnimation.cpp">
      <Filter>ソース ファイル\Animation\Interpolate\CrossFade</Filter>
    </ClCompile>
    <ClCompile Include="DepthStencil.cpp">
      <Filter>ソース ファイル\Graphics\DepthStencil</Filter>
    </ClCompile>
    <ClCompile Include="RenderTarget.cpp">
      <Filter>ソース ファイル\Graphics\RenderTarget</Filter>
    </ClCompile>
    <ClCompile Include="BulletContactCallBack.cpp">
      <Filter>ソース ファイル\Bullet\Callback</Filter>
    </ClCompile>
    <ClCompile Include="SpriteDrawer.cpp">
      <Filter>ソース ファイル\Graphics\Sprite\Drawer</Filter>
    </ClCompile>
    <ClCompile Include="IAssetCreater.cpp">
      <Filter>ソース ファイル\Asset\Creater</Filter>
    </ClCompile>
    <ClCompile Include="CP_SkyBox.cpp">
      <Filter>ソース ファイル\Component\SkyBox</Filter>
    </ClCompile>
    <ClCompile Include="CP_BoxAnimation.cpp">
      <Filter>ソース ファイル\Component\Test</Filter>
    </ClCompile>
    <ClCompile Include="IAnimInterpolate.cpp">
      <Filter>ソース ファイル\Animation\Interpolate\Interface</Filter>
    </ClCompile>
    <ClCompile Include="MaterialCreater.cpp">
      <Filter>ソース ファイル\Asset\Creater\Material</Filter>
    </ClCompile>
    <ClCompile Include="BulletTest.cpp">
      <Filter>ソース ファイル\Bullet\Test</Filter>
    </ClCompile>
    <ClCompile Include="AnimationTrack.cpp">
      <Filter>ソース ファイル\Animation\AnimationTrack</Filter>
    </ClCompile>
    <ClCompile Include="AnimationNotify_Base.cpp">
      <Filter>ソース ファイル\Animation\AnimationNotify\IAnimationNotify</Filter>
    </ClCompile>
    <ClCompile Include="ANS_DebugLog.cpp">
      <Filter>ソース ファイル\Animation\AnimationNotify\State\DebugLog</Filter>
    </ClCompile>
    <ClCompile Include="ANE_DebugLog.cpp">
      <Filter>ソース ファイル\Animation\AnimationNotify\Event\DebugLog</Filter>
    </ClCompile>
    <ClCompile Include="AnimationNotifyFactory.cpp">
      <Filter>ソース ファイル\Animation\AnimationNotify\AnimationNotifyFactory</Filter>
    </ClCompile>
    <ClCompile Include="IClassNameGetter.cpp">
      <Filter>ソース ファイル\Method\TypeName</Filter>
    </ClCompile>
    <ClCompile Include="CP_NotifyTest.cpp">
      <Filter>ソース ファイル\Component\Test</Filter>
    </ClCompile>
    <ClCompile Include="ButtonTransArrow.cpp">
      <Filter>ソース ファイル\Animation\AnimTransitionArrow\Button</Filter>
    </ClCompile>
    <ClCompile Include="ComponentRespawner.cpp">
      <Filter>ソース ファイル\Component\Respawner</Filter>
    </ClCompile>
    <ClCompile Include="AnimControllerCreater.cpp">
      <Filter>ソース ファイル\Animation\AnimationController\Creater</Filter>
    </ClCompile>
    <ClCompile Include="TransCondition_Base.cpp">
      <Filter>ソース ファイル\Animation\TransCondition\Base</Filter>
    </ClCompile>
    <ClCompile Include="FloatTransCondition.cpp">
      <Filter>ソース ファイル\Animation\TransCondition\Float</Filter>
    </ClCompile>
    <ClCompile Include="BoolTransCondition.cpp">
      <Filter>ソース ファイル\Animation\TransCondition\Boolean</Filter>
    </ClCompile>
    <ClCompile Include="HashiTaku_Random.cpp">
      <Filter>ソース ファイル\System\Random</Filter>
    </ClCompile>
    <ClCompile Include="TransConditionCreater.cpp">
      <Filter>ソース ファイル\Animation\TransCondition\Creater</Filter>
    </ClCompile>
    <ClCompile Include="IntTransCondition.cpp">
      <Filter>ソース ファイル\Animation\TransCondition\Integer</Filter>
    </ClCompile>
    <ClCompile Include="PlayerActChangeObserver.cpp">
      <Filter>ソース ファイル\Object\Player\Action\Observer</Filter>
    </ClCompile>
    <ClCompile Include="TriggerType.cpp">
      <Filter>ソース ファイル\Animation\AnimationPameters\Trigger</Filter>
    </ClCompile>
    <ClCompile Include="TriggerTransCondition.cpp">
      <Filter>ソース ファイル\Animation\TransCondition\Trigger</Filter>
    </ClCompile>
    <ClCompile Include="AnimParamRemoveObserver.cpp">
      <Filter>ソース ファイル\Animation\AnimationPameters\removeObserver</Filter>
    </ClCompile>
    <ClCompile Include="AnimControllPlayer.cpp">
      <Filter>ソース ファイル\Animation\AnimControllPlayer</Filter>
    </ClCompile>
    <ClCompile Include="AnimSingleNodePlayer.cpp">
      <Filter>ソース ファイル\Animation\AnimControllPlayer\NodePlayer\SingleNodePlayer</Filter>
    </ClCompile>
    <ClCompile Include="AnimNodePlayer_Base.cpp">
      <Filter>ソース ファイル\Animation\AnimControllPlayer\NodePlayer\NodePlayer_Base</Filter>
    </ClCompile>
    <ClCompile Include="AnimationParameters.cpp">
      <Filter>ソース ファイル\Animation\AnimationPameters\Base</Filter>
    </ClCompile>
    <ClCompile Include="CopyAnimationParameters.cpp">
      <Filter>ソース ファイル\Animation\AnimationPameters\Copy</Filter>
    </ClCompile>
    <ClCompile Include="BlendNodePlayer.cpp">
      <Filter>ソース ファイル\Animation\AnimControllPlayer\NodePlayer\BlendNodePlayer</Filter>
    </ClCompile>
    <ClCompile Include="PlayerIdleState.cpp">
      <Filter>ソース ファイル\Object\Player\Action\PlayerState\Idle</Filter>
    </ClCompile>
    <ClCompile Include="AnimTransitionChecker.cpp">
      <Filter>ソース ファイル\Animation\AnimControllPlayer\TransitionChecker</Filter>
    </ClCompile>
    <ClCompile Include="PlayerTargetMove.cpp">
      <Filter>ソース ファイル\Object\Player\Action\PlayerState\Target</Filter>
    </ClCompile>
    <ClCompile Include="PlayerActState_Base.cpp">
      <Filter>ソース ファイル\Object\Player\Action\PlayerState\Base</Filter>
    </ClCompile>
    <ClCompile Include="AppSystemDraw.cpp">
      <Filter>ソース ファイル\System\SystemDraw</Filter>
    </ClCompile>
    <ClCompile Include="CP_TestCollider.cpp">
      <Filter>ソース ファイル\Component\Collider\Test</Filter>
    </ClCompile>
    <ClCompile Include="CP_RigidBody.cpp">
      <Filter>ソース ファイル\Component\Collider\RigidBody</Filter>
    </ClCompile>
    <ClCompile Include="CollisionTypeJudge.cpp">
      <Filter>ソース ファイル\Object\CollisionTypeJudge</Filter>
    </ClCompile>
    <ClCompile Include="CP_CapsuleCollider.cpp">
      <Filter>ソース ファイル\Component\Collider\Capsule</Filter>
    </ClCompile>
    <ClCompile Include="Polygon2D.cpp">
      <Filter>ソース ファイル\Graphics\Mesh\2D</Filter>
    </ClCompile>
    <ClCompile Include="CP_UIRenderer.cpp">
      <Filter>ソース ファイル\Component\UI\Renderer</Filter>
    </ClCompile>
    <ClCompile Include="AnimationNotifyEvent.cpp">
      <Filter>ソース ファイル\Animation\AnimationNotify\Event\Base</Filter>
    </ClCompile>
    <ClCompile Include="AnimationNotifyState.cpp">
      <Filter>ソース ファイル\Animation\AnimationNotify\State\Base</Filter>
    </ClCompile>
    <ClCompile Include="ANS_ChangeParameter.cpp">
      <Filter>ソース ファイル\Animation\AnimationNotify\State\ChangeParameter</Filter>
    </ClCompile>
    <ClCompile Include="ANE_ChangeParameter.cpp">
      <Filter>ソース ファイル\Animation\AnimationNotify\Event\ChangeParameter</Filter>
    </ClCompile>
    <ClCompile Include="StateMachine.cpp">
      <Filter>ソース ファイル\Method\StateMachine</Filter>
    </ClCompile>
    <ClCompile Include="IAnimParametersSetter.cpp">
      <Filter>ソース ファイル\Animation\AnimationNotify\IAnimParametersSetter</Filter>
    </ClCompile>
    <ClCompile Include="CP_UISlider.cpp">
      <Filter>ソース ファイル\Component\UI\Slider</Filter>
    </ClCompile>
    <ClCompile Include="PlayerGroundAttack.cpp">
      <Filter>ソース ファイル\Object\Player\Action\PlayerState\GroundAttack</Filter>
    </ClCompile>
    <ClCompile Include="ChangeAnimObserver.cpp">
      <Filter>ソース ファイル\Animation\AnimationObserver\ChangeAnimObserver</Filter>
    </ClCompile>
    <ClCompile Include="MyClass2.cpp">
      <Filter>ヘッダー ファイル\template</Filter>
    </ClCompile>
    <ClCompile Include="AttackInformation.cpp">
      <Filter>ソース ファイル\Attack\Information</Filter>
    </ClCompile>
    <ClCompile Include="IDamageable.cpp">
      <Filter>ソース ファイル\Attack\IDamageable</Filter>
    </ClCompile>
    <ClCompile Include="CP_Weapon.cpp">
      <Filter>ソース ファイル\Component\InGame\Weapon</Filter>
    </ClCompile>
    <ClCompile Include="CP_Character.cpp">
      <Filter>ソース ファイル\Component\InGame\Character</Filter>
    </ClCompile>
    <ClCompile Include="SingletonComponent.cpp">
      <Filter>ソース ファイル\Component\Singleton</Filter>
    </ClCompile>
    <ClCompile Include="CP_HitStopManager.cpp">
      <Filter>ソース ファイル\Component\HitStopManager</Filter>
    </ClCompile>
    <ClCompile Include="HitStopper_Base.cpp">
      <Filter>ソース ファイル\Component\HitStopManager</Filter>
    </ClCompile>
    <ClCompile Include="..\ThirdParty\implot\include\implot.cpp">
      <Filter>ソース ファイル\System\ImGui\ImPlot</Filter>
    </ClCompile>
    <ClCompile Include="..\ThirdParty\implot\include\implot_items.cpp">
      <Filter>ソース ファイル\System\ImGui\ImPlot</Filter>
    </ClCompile>
    <ClCompile Include="CP_Enemy.cpp">
      <Filter>ソース ファイル\Component\InGame\Enemy</Filter>
    </ClCompile>
    <ClCompile Include="AnimationCurve.cpp">
      <Filter>ソース ファイル\System\AnimationCurve</Filter>
    </ClCompile>
    <ClCompile Include="PlayerRushAttack.cpp">
      <Filter>ソース ファイル\Object\Player\Action\PlayerState\RushAttack</Filter>
    </ClCompile>
    <ClCompile Include="PlayerRollingMove.cpp">
      <Filter>ソース ファイル\Object\Player\Action\PlayerState\Rolling</Filter>
    </ClCompile>
    <ClCompile Include="BossActState_Base.cpp">
      <Filter>ソース ファイル\Object\Enemy\Boss\ActionState\BossAct_Base</Filter>
    </ClCompile>
    <ClCompile Include="CharacterActionController.cpp">
      <Filter>ソース ファイル\Object\Character\Controller</Filter>
    </ClCompile>
    <ClCompile Include="CharacterActState_Base.cpp">
      <Filter>ソース ファイル\Object\Character\ActionState</Filter>
    </ClCompile>
    <ClCompile Include="main.cpp">
      <Filter>ソース ファイル\System</Filter>
    </ClCompile>
    <ClCompile Include="EnemyActionController.cpp">
      <Filter>ソース ファイル\Object\Enemy\Enemy_Base\Controller</Filter>
    </ClCompile>
    <ClCompile Include="EnemyActState_Base.cpp">
      <Filter>ソース ファイル\Object\Enemy\Enemy_Base\ActState</Filter>
    </ClCompile>
    <ClCompile Include="BossActionController.cpp">
      <Filter>ソース ファイル\Object\Enemy\Boss\Controller</Filter>
    </ClCompile>
    <ClCompile Include="CP_Boss.cpp">
      <Filter>ソース ファイル</Filter>
    </ClCompile>
    <ClCompile Include="BossGroundState.cpp">
      <Filter>ソース ファイル</Filter>
    </ClCompile>
    <ClCompile Include="BossGroundMove.cpp">
      <Filter>ソース ファイル</Filter>
    </ClCompile>
    <ClCompile Include="CP_BattleManager.cpp">
      <Filter>ソース ファイル</Filter>
    </ClCompile>
    <ClCompile Include="IBattleEnemy.cpp">
      <Filter>ソース ファイル</Filter>
    </ClCompile>
    <ClCompile Include="BossIdleState.cpp">
      <Filter>ソース ファイル</Filter>
    </ClCompile>
    <ClCompile Include="BossGroundAttack.cpp">
      <Filter>ソース ファイル</Filter>
    </ClCompile>
  </ItemGroup>
  <ItemGroup>
    <ClInclude Include="resource.h">
      <Filter>ヘッダー ファイル</Filter>
    </ClInclude>
    <ClInclude Include="BlendState.h">
      <Filter>ソース ファイル\System\Application\Render\BlendState</Filter>
    </ClInclude>
    <ClInclude Include="CP_Camera.h">
      <Filter>ソース ファイル\Component\Camera</Filter>
    </ClInclude>
    <ClInclude Include="Direct3D11.h">
      <Filter>ソース ファイル\System\Application\DirectX3D11</Filter>
    </ClInclude>
    <ClInclude Include="D3D11_Renderer.h">
      <Filter>ソース ファイル\System\Application\DirectX3D11\D3D11_Renderer</Filter>
    </ClInclude>
    <ClInclude Include="ISetUpProjection.h">
      <Filter>ソース ファイル\System\Application\Render\Projection</Filter>
    </ClInclude>
    <ClInclude Include="IGetRenderResource.h">
      <Filter>ソース ファイル\System\Application\Render\RenderParam</Filter>
    </ClInclude>
    <ClInclude Include="IGetRenderPara.h">
      <Filter>ソース ファイル\System\Application\Render</Filter>
    </ClInclude>
    <ClInclude Include="MessageError.h">
      <Filter>ソース ファイル\System\MessageError</Filter>
    </ClInclude>
    <ClInclude Include="RenderParam.h">
      <Filter>ソース ファイル\System\Application\Render\RenderParam</Filter>
    </ClInclude>
    <ClInclude Include="SetUpPerspectiveProj.h">
      <Filter>ソース ファイル\System\Application\Render\Projection\PerspectiveProj</Filter>
    </ClInclude>
    <ClInclude Include="SetUpViewTrans.h">
      <Filter>ソース ファイル\System\Application\Render\View</Filter>
    </ClInclude>
    <ClInclude Include="Singleton_Base.h">
      <Filter>ソース ファイル\System\Singleton_Base</Filter>
    </ClInclude>
    <ClInclude Include="Window.h">
      <Filter>ソース ファイル\System\Application\Window</Filter>
    </ClInclude>
    <ClInclude Include="SceneManager.h">
      <Filter>ソース ファイル\Scene\SceneManager</Filter>
    </ClInclude>
    <ClInclude Include="pch.h">
      <Filter>ソース ファイル\System\pch</Filter>
    </ClInclude>
    <ClInclude Include="Texture.h">
      <Filter>ソース ファイル\Graphics\Texture</Filter>
    </ClInclude>
    <ClInclude Include="Sampler.h">
      <Filter>ソース ファイル\System\Application\Render\Sampler</Filter>
    </ClInclude>
    <ClInclude Include="Transform.h">
      <Filter>ソース ファイル\System\Transform</Filter>
    </ClInclude>
    <ClInclude Include="VariableFrameRate.h">
      <Filter>ソース ファイル\System\Application\FramerRate</Filter>
    </ClInclude>
    <ClInclude Include="AssetCollection.h">
      <Filter>ソース ファイル\Asset\Collection</Filter>
    </ClInclude>
    <ClInclude Include="ImGuiMethod.h">
      <Filter>ソース ファイル\System\ImGui\ImGuiMethod</Filter>
    </ClInclude>
    <ClInclude Include="ImGuiDebugLog.h">
      <Filter>ソース ファイル\System\ImGui\ImGuiDebugLog</Filter>
    </ClInclude>
    <ClInclude Include="GameObject.h">
      <Filter>ソース ファイル\Object\GameObject</Filter>
    </ClInclude>
    <ClInclude Include="SceneObjects.h">
      <Filter>ソース ファイル\Object\SceneObjects</Filter>
    </ClInclude>
    <ClInclude Include="Cube.h">
      <Filter>ソース ファイル\Graphics\Mesh\Cube</Filter>
    </ClInclude>
    <ClInclude Include="Tag.h">
      <Filter>ソース ファイル\Object\Tag</Filter>
    </ClInclude>
    <ClInclude Include="JISToUTF8.h">
      <Filter>ソース ファイル\System\JISToUTF8</Filter>
    </ClInclude>
    <ClInclude Include="Component.h">
      <Filter>ソース ファイル\Component\Base</Filter>
    </ClInclude>
    <ClInclude Include="GamePad.h">
      <Filter>ソース ファイル\System\Application\Input\GamePad</Filter>
    </ClInclude>
    <ClInclude Include="InputClass.h">
      <Filter>ソース ファイル\System\Application\Input</Filter>
    </ClInclude>
    <ClInclude Include="Geometory.h">
      <Filter>ソース ファイル\Graphics\Geometory</Filter>
    </ClInclude>
    <ClInclude Include="DebugCube.h">
      <Filter>ソース ファイル\Graphics\Mesh\Cube</Filter>
    </ClInclude>
    <ClInclude Include="Sphere.h">
      <Filter>ソース ファイル\Graphics\Mesh\Sphere</Filter>
    </ClInclude>
    <ClInclude Include="CollisionChecker.h">
      <Filter>ソース ファイル\Component\Collider\CollisionChecker</Filter>
    </ClInclude>
    <ClInclude Include="MathUseful.h">
      <Filter>ソース ファイル\Method\Useful\MathUseful</Filter>
    </ClInclude>
    <ClInclude Include="CP_CameraMove.h">
      <Filter>ソース ファイル\Component\InGame\Camera\CameraMove</Filter>
    </ClInclude>
    <ClInclude Include="GameKey.h">
      <Filter>ソース ファイル\System\Application\Input\Keyboard</Filter>
    </ClInclude>
    <ClInclude Include="SaveJsonValue.h">
      <Filter>ソース ファイル\System\Json\SaveJsonValue</Filter>
    </ClInclude>
    <ClInclude Include="SaveJson.h">
      <Filter>ソース ファイル\System\Json\Save</Filter>
    </ClInclude>
    <ClInclude Include="SF_GameObject.h">
      <Filter>ソース ファイル\Scene\SceneFunction\GameObject</Filter>
    </ClInclude>
    <ClInclude Include="SF_Define.h">
      <Filter>ソース ファイル\Scene\SceneFunction</Filter>
    </ClInclude>
    <ClInclude Include="Light.h">
      <Filter>ソース ファイル\Graphics\Light</Filter>
    </ClInclude>
    <ClInclude Include="PointLight.h">
      <Filter>ソース ファイル\Graphics\Light\PointLight</Filter>
    </ClInclude>
    <ClInclude Include="SpotLight.h">
      <Filter>ソース ファイル\Graphics\Light\SpotLight</Filter>
    </ClInclude>
    <ClInclude Include="SceneLights.h">
      <Filter>ソース ファイル\Graphics\Light\SceneLights</Filter>
    </ClInclude>
    <ClInclude Include="DirectionLight.h">
      <Filter>ソース ファイル\Graphics\Light\Direction</Filter>
    </ClInclude>
    <ClInclude Include="InSceneSystemManager.h">
      <Filter>ソース ファイル\Scene\InSceneSystem</Filter>
    </ClInclude>
    <ClInclude Include="..\ThirdParty\imgui\include\imconfig.h">
      <Filter>ソース ファイル\System\ImGui\ImGui</Filter>
    </ClInclude>
    <ClInclude Include="..\ThirdParty\imgui\include\imgui.h">
      <Filter>ソース ファイル\System\ImGui\ImGui</Filter>
    </ClInclude>
    <ClInclude Include="..\ThirdParty\imgui\include\imgui_impl_dx11.h">
      <Filter>ソース ファイル\System\ImGui\ImGui</Filter>
    </ClInclude>
    <ClInclude Include="..\ThirdParty\imgui\include\imgui_impl_win32.h">
      <Filter>ソース ファイル\System\ImGui\ImGui</Filter>
    </ClInclude>
    <ClInclude Include="..\ThirdParty\imgui\include\imgui_internal.h">
      <Filter>ソース ファイル\System\ImGui\ImGui</Filter>
    </ClInclude>
    <ClInclude Include="..\ThirdParty\imgui\include\imstb_rectpack.h">
      <Filter>ソース ファイル\System\ImGui\ImGui</Filter>
    </ClInclude>
    <ClInclude Include="..\ThirdParty\imgui\include\imstb_textedit.h">
      <Filter>ソース ファイル\System\ImGui\ImGui</Filter>
    </ClInclude>
    <ClInclude Include="..\ThirdParty\imgui\include\imstb_truetype.h">
      <Filter>ソース ファイル\System\ImGui\ImGui</Filter>
    </ClInclude>
    <ClInclude Include="CP_SphereCollider.h">
      <Filter>ソース ファイル\Component\Collider\Sphere</Filter>
    </ClInclude>
    <ClInclude Include="CP_SpriteRenderer.h">
      <Filter>ソース ファイル\Component\Renderer\Sprite</Filter>
    </ClInclude>
    <ClInclude Include="CP_MeshRenderer.h">
      <Filter>ソース ファイル\Component\Renderer\Mesh</Filter>
    </ClInclude>
    <ClInclude Include="Sprite.h">
      <Filter>ソース ファイル\Graphics\Sprite</Filter>
    </ClInclude>
    <ClInclude Include="Material.h">
      <Filter>ソース ファイル\Graphics\Material</Filter>
    </ClInclude>
    <ClInclude Include="ShaderCollection.h">
      <Filter>ソース ファイル\System\ShaderCollection</Filter>
    </ClInclude>
    <ClInclude Include="CP_BoxCollider.h">
      <Filter>ソース ファイル\Component\Collider\Box</Filter>
    </ClInclude>
    <ClInclude Include="CP_Collider.h">
      <Filter>ソース ファイル\Component\Collider\Base</Filter>
    </ClInclude>
    <ClInclude Include="AssetGetter.h">
      <Filter>ソース ファイル\Asset\Get</Filter>
    </ClInclude>
    <ClInclude Include="AssetLoader.h">
      <Filter>ソース ファイル\Asset\Loader</Filter>
    </ClInclude>
    <ClInclude Include="AssetDisplay.h">
      <Filter>ソース ファイル\Asset\Display</Filter>
    </ClInclude>
    <ClInclude Include="SingleMesh.h">
      <Filter>ソース ファイル\Graphics\Mesh\Single</Filter>
    </ClInclude>
    <ClInclude Include="SkeletalMesh.h">
      <Filter>ソース ファイル\Graphics\Mesh\SkeletalMesh</Filter>
    </ClInclude>
    <ClInclude Include="StaticMesh.h">
      <Filter>ソース ファイル\Graphics\Mesh\StaticMesh</Filter>
    </ClInclude>
    <ClInclude Include="Asset_Base.h">
      <Filter>ソース ファイル\Asset\Asset_Base</Filter>
    </ClInclude>
    <ClInclude Include="AssetContacter.h">
      <Filter>ソース ファイル\Asset\IAssetContacter</Filter>
    </ClInclude>
    <ClInclude Include="Buffer_Base.h">
      <Filter>ソース ファイル\Graphics\Buffer\Interface</Filter>
    </ClInclude>
    <ClInclude Include="VertexBuffer.h">
      <Filter>ソース ファイル\Graphics\Buffer\Vertex</Filter>
    </ClInclude>
    <ClInclude Include="IndexBuffer.h">
      <Filter>ソース ファイル\Graphics\Buffer\Index</Filter>
    </ClInclude>
    <ClInclude Include="AssetSetter.h">
      <Filter>ソース ファイル\Asset\Set</Filter>
    </ClInclude>
    <ClInclude Include="CP_Renderer.h">
      <Filter>ソース ファイル\Component\Renderer\Base</Filter>
    </ClInclude>
    <ClInclude Include="PlaneMesh.h">
      <Filter>ソース ファイル\Graphics\Mesh\Plane</Filter>
    </ClInclude>
    <ClInclude Include="ComponentDefine.h">
      <Filter>ソース ファイル\Component</Filter>
    </ClInclude>
    <ClInclude Include="IPrototype.h">
      <Filter>ソース ファイル\System\Prototype</Filter>
    </ClInclude>
    <ClInclude Include="MyClass.h">
      <Filter>ヘッダー ファイル\template</Filter>
    </ClInclude>
    <ClInclude Include="ComponentFactory.h">
      <Filter>ソース ファイル\Component\Factory</Filter>
    </ClInclude>
    <ClInclude Include="Shader.h">
      <Filter>ソース ファイル\Graphics\Buffer\Vertex\Shader\Base</Filter>
    </ClInclude>
    <ClInclude Include="VertexShader.h">
      <Filter>ソース ファイル\Graphics\Buffer\Vertex\Shader\Vertex\Base</Filter>
    </ClInclude>
    <ClInclude Include="PixelShader.h">
      <Filter>ソース ファイル\Graphics\Buffer\Vertex\Shader\Pixel\Base</Filter>
    </ClInclude>
    <ClInclude Include="VS_Gouraud.h">
      <Filter>ソース ファイル\Graphics\Buffer\Vertex\Shader\Vertex\Gouraud</Filter>
    </ClInclude>
    <ClInclude Include="SF_Light.h">
      <Filter>ソース ファイル\Scene\SceneFunction\SF_Light</Filter>
    </ClInclude>
    <ClInclude Include="PS_Unlit.h">
      <Filter>ソース ファイル\Graphics\Buffer\Vertex\Shader\Pixel\Unlit</Filter>
    </ClInclude>
    <ClInclude Include="ShaderDefine.h">
      <Filter>ソース ファイル\Graphics\Buffer\Vertex\Shader</Filter>
    </ClInclude>
    <ClInclude Include="VS_Primitive.h">
      <Filter>ソース ファイル\Graphics\Buffer\Vertex\Shader\Vertex\Primitive</Filter>
    </ClInclude>
    <ClInclude Include="CP_Animation.h">
      <Filter>ソース ファイル\Component\Animation</Filter>
    </ClInclude>
    <ClInclude Include="Bone.h">
      <Filter>ソース ファイル\Graphics\Mesh\SkeletalMesh\Bone</Filter>
    </ClInclude>
    <ClInclude Include="Vertex.h">
      <Filter>ソース ファイル\Graphics\Vertex</Filter>
    </ClInclude>
    <ClInclude Include="AnimationData.h">
      <Filter>ソース ファイル\Animation\AnimationData</Filter>
    </ClInclude>
    <ClInclude Include="TreeNode.h">
      <Filter>ソース ファイル\Graphics\Mesh\SkeletalMesh\TreeNode</Filter>
    </ClInclude>
    <ClInclude Include="AnimationChannel.h">
      <Filter>ソース ファイル\Animation\Channel</Filter>
    </ClInclude>
    <ClInclude Include="VS_SkinnedAnimation.h">
      <Filter>ソース ファイル\Graphics\Buffer\Vertex\Shader\Vertex\SkinAnimation</Filter>
    </ClInclude>
    <ClInclude Include="PS_TexColor.h">
      <Filter>ソース ファイル\Graphics\Buffer\Vertex\Shader\Pixel\TexColor</Filter>
    </ClInclude>
    <ClInclude Include="Mesh_Group.h">
      <Filter>ソース ファイル\Graphics\Mesh\MeshGroup</Filter>
    </ClInclude>
    <ClInclude Include="AnimationController.h">
      <Filter>ソース ファイル\Animation\AnimationController</Filter>
    </ClInclude>
    <ClInclude Include="InertInterpAnimation.h">
      <Filter>ソース ファイル\Animation\Interpolate\Inertial</Filter>
    </ClInclude>
    <ClInclude Include="Easing.hpp">
      <Filter>ソース ファイル\Method\Interpolation\Ease</Filter>
    </ClInclude>
    <ClInclude Include="EaseFunction.hpp">
      <Filter>ソース ファイル\Method\Interpolation\Ease\Function</Filter>
    </ClInclude>
    <ClInclude Include="AnimationNode_Base.h">
      <Filter>ソース ファイル\Animation\AnimNode\Base</Filter>
    </ClInclude>
    <ClInclude Include="SingleAnimationNode.h">
      <Filter>ソース ファイル\Animation\AnimNode\Single</Filter>
    </ClInclude>
    <ClInclude Include="BlendAnimationNode.h">
      <Filter>ソース ファイル\Animation\AnimNode\Blend</Filter>
    </ClInclude>
    <ClInclude Include="PlayerActionController.h">
      <Filter>ソース ファイル\Object\Player\Action\Controller</Filter>
    </ClInclude>
    <ClInclude Include="PlayerMoveState.h">
      <Filter>ソース ファイル\Object\Player\Action\PlayerState\Move</Filter>
    </ClInclude>
    <ClInclude Include="GameInput.h">
      <Filter>ソース ファイル\Game</Filter>
    </ClInclude>
    <ClInclude Include="PlayerAttackState.h">
      <Filter>ソース ファイル\Object\Player\Action\PlayerState\Attack</Filter>
    </ClInclude>
    <ClInclude Include="IObserever.h">
      <Filter>ソース ファイル\Method\Observe</Filter>
    </ClInclude>
    <ClInclude Include="IAnimationObserver.h">
      <Filter>ソース ファイル\Animation\AnimationObserver</Filter>
    </ClInclude>
    <ClInclude Include="PlayerAnimObserver.h">
      <Filter>ソース ファイル\Object\Player\Observer</Filter>
    </ClInclude>
    <ClInclude Include="NullTransform.h">
      <Filter>ソース ファイル\System\Transform</Filter>
    </ClInclude>
    <ClInclude Include="CP_Rig.h">
      <Filter>ソース ファイル\Component\Rig</Filter>
    </ClInclude>
    <ClInclude Include="CP_EaseTest.h">
      <Filter>ソース ファイル\Component\InGame\Test</Filter>
    </ClInclude>
    <ClInclude Include="CloneComponent.h">
      <Filter>ソース ファイル\Component\Clone</Filter>
    </ClInclude>
    <ClInclude Include="ISaveLoad.h">
      <Filter>ソース ファイル\Method\SaveLoad</Filter>
    </ClInclude>
    <ClInclude Include="CP_Player.h">
      <Filter>ソース ファイル\Component\InGame\Player</Filter>
    </ClInclude>
    <ClInclude Include="AssetPath_Base.h">
      <Filter>ソース ファイル\Asset\Asset_Base</Filter>
    </ClInclude>
    <ClInclude Include="AssetConcept.h">
      <Filter>ソース ファイル\Asset\Asset_Base</Filter>
    </ClInclude>
    <ClInclude Include="AssetSaveLoad.h">
      <Filter>ソース ファイル\Asset\Asset_Base\AssetSaveLoad</Filter>
    </ClInclude>
    <ClInclude Include="DXToBullet.h">
      <Filter>ソース ファイル\Bullet\DXToBullet</Filter>
    </ClInclude>
    <ClInclude Include="..\ThirdParty\bullet\include\btBulletCollisionCommon.h">
      <Filter>ソース ファイル\Bullet\import</Filter>
    </ClInclude>
    <ClInclude Include="..\ThirdParty\bullet\include\btBulletDynamicsCommon.h">
      <Filter>ソース ファイル\Bullet\import</Filter>
    </ClInclude>
    <ClInclude Include="DX11BulletPhisics.h">
      <Filter>ソース ファイル\Bullet\PhysicsEngine</Filter>
    </ClInclude>
    <ClInclude Include="MainApplication.h">
      <Filter>ソース ファイル\System\Application\MainApplication</Filter>
    </ClInclude>
    <ClInclude Include="IImGuiUser.h">
      <Filter>ソース ファイル\System\ImGui\Interface</Filter>
    </ClInclude>
    <ClInclude Include="Scene.h">
      <Filter>ソース ファイル\Scene\NewScene</Filter>
    </ClInclude>
    <ClInclude Include="AnimTransitionArrow.h">
      <Filter>ソース ファイル\Animation\AnimTransitionArrow</Filter>
    </ClInclude>
    <ClInclude Include="CatmulSplineInterp.h">
      <Filter>ソース ファイル\Animation\Interpolate\Catmul</Filter>
    </ClInclude>
    <ClInclude Include="BulletDebugDraw.h">
      <Filter>ソース ファイル\Bullet\DebugDraw</Filter>
    </ClInclude>
    <ClInclude Include="CrossFadeAnimation.h">
      <Filter>ソース ファイル\Animation\Interpolate\CrossFade</Filter>
    </ClInclude>
    <ClInclude Include="InterpolateKind.h">
      <Filter>ソース ファイル\Animation\Interpolate</Filter>
    </ClInclude>
    <ClInclude Include="IAnimInterpolate.h">
      <Filter>ソース ファイル\Animation\Interpolate\Interface</Filter>
    </ClInclude>
    <ClInclude Include="DepthStencil.h">
      <Filter>ソース ファイル\Graphics\DepthStencil</Filter>
    </ClInclude>
    <ClInclude Include="RenderTarget.h">
      <Filter>ソース ファイル\Graphics\RenderTarget</Filter>
    </ClInclude>
    <ClInclude Include="BulletContactCallBack.h">
      <Filter>ソース ファイル\Bullet\Callback</Filter>
    </ClInclude>
    <ClInclude Include="SpriteDrawer.h">
      <Filter>ソース ファイル\Graphics\Sprite\Drawer</Filter>
    </ClInclude>
    <ClInclude Include="IAssetCreater.h">
      <Filter>ソース ファイル\Asset\Creater</Filter>
    </ClInclude>
    <ClInclude Include="CP_SkyBox.h">
      <Filter>ソース ファイル\Component\SkyBox</Filter>
    </ClInclude>
    <ClInclude Include="CP_BoxAnimation.h">
      <Filter>ソース ファイル\Component\Test</Filter>
    </ClInclude>
    <ClInclude Include="MaterialCreater.h">
      <Filter>ソース ファイル\Asset\Creater\Material</Filter>
    </ClInclude>
    <ClInclude Include="BulletTest.h">
      <Filter>ソース ファイル\Bullet\Test</Filter>
    </ClInclude>
    <ClInclude Include="AnimationTrack.h">
      <Filter>ソース ファイル\Animation\AnimationTrack</Filter>
    </ClInclude>
    <ClInclude Include="AnimationNotify_Base.h">
      <Filter>ソース ファイル\Animation\AnimationNotify\IAnimationNotify</Filter>
    </ClInclude>
    <ClInclude Include="ANS_DebugLog.h">
      <Filter>ソース ファイル\Animation\AnimationNotify\State\DebugLog</Filter>
    </ClInclude>
    <ClInclude Include="AnimNotifyRespawner.h">
      <Filter>ソース ファイル\Method\Respawner</Filter>
    </ClInclude>
    <ClInclude Include="AnimationNotifyFactory.h">
      <Filter>ソース ファイル\Animation\AnimationNotify\AnimationNotifyFactory</Filter>
    </ClInclude>
    <ClInclude Include="ANE_DebugLog.h">
      <Filter>ソース ファイル\Animation\AnimationNotify\Event\DebugLog</Filter>
    </ClInclude>
    <ClInclude Include="AnimNotifyDefine.h">
      <Filter>ソース ファイル\Animation\AnimationNotify</Filter>
    </ClInclude>
    <ClInclude Include="IClassNameGetter.h">
      <Filter>ソース ファイル\Method\TypeName</Filter>
    </ClInclude>
    <ClInclude Include="CP_NotifyTest.h">
      <Filter>ソース ファイル\Component\Test</Filter>
    </ClInclude>
    <ClInclude Include="ComponentConcept.h">
      <Filter>ソース ファイル\Component</Filter>
    </ClInclude>
    <ClInclude Include="ButtonTransArrow.h">
      <Filter>ソース ファイル\Animation\AnimTransitionArrow\Button</Filter>
    </ClInclude>
    <ClInclude Include="ComponentRespawner.h">
      <Filter>ソース ファイル\Component\Respawner</Filter>
    </ClInclude>
    <ClInclude Include="AnimControllerCreater.h">
      <Filter>ソース ファイル\Animation\AnimationController\Creater</Filter>
    </ClInclude>
    <ClInclude Include="AnimNotifyConcept.h">
      <Filter>ソース ファイル\Animation\AnimationNotify</Filter>
    </ClInclude>
    <ClInclude Include="TransCondition_Base.h">
      <Filter>ソース ファイル\Animation\TransCondition\Base</Filter>
    </ClInclude>
    <ClInclude Include="FloatTransCondition.h">
      <Filter>ソース ファイル\Animation\TransCondition\Float</Filter>
    </ClInclude>
    <ClInclude Include="BoolTransCondition.h">
      <Filter>ソース ファイル\Animation\TransCondition\Boolean</Filter>
    </ClInclude>
    <ClInclude Include="HashiTaku_Random.h">
      <Filter>ソース ファイル\System\Random</Filter>
    </ClInclude>
    <ClInclude Include="TransConditionCreater.h">
      <Filter>ソース ファイル\Animation\TransCondition\Creater</Filter>
    </ClInclude>
    <ClInclude Include="IntTransCondition.h">
      <Filter>ソース ファイル\Animation\TransCondition\Integer</Filter>
    </ClInclude>
    <ClInclude Include="resource1.h">
      <Filter>ヘッダー ファイル</Filter>
    </ClInclude>
    <ClInclude Include="AnimationParameterType.h">
      <Filter>ソース ファイル\Animation\AnimationPameters</Filter>
    </ClInclude>
    <ClInclude Include="AnimConntrollerType.h">
      <Filter>ソース ファイル\Animation\AnimationController</Filter>
    </ClInclude>
    <ClInclude Include="PlayerActChangeObserver.h">
      <Filter>ソース ファイル\Object\Player\Action\Observer</Filter>
    </ClInclude>
    <ClInclude Include="TriggerType.h">
      <Filter>ソース ファイル\Animation\AnimationPameters\Trigger</Filter>
    </ClInclude>
    <ClInclude Include="TriggerTransCondition.h">
      <Filter>ソース ファイル\Animation\TransCondition\Trigger</Filter>
    </ClInclude>
    <ClInclude Include="AnimParamRemoveObserver.h">
      <Filter>ソース ファイル\Animation\AnimationPameters\removeObserver</Filter>
    </ClInclude>
    <ClInclude Include="AnimControllPlayer.h">
      <Filter>ソース ファイル\Animation\AnimControllPlayer</Filter>
    </ClInclude>
    <ClInclude Include="AnimSingleNodePlayer.h">
      <Filter>ソース ファイル\Animation\AnimControllPlayer\NodePlayer\SingleNodePlayer</Filter>
    </ClInclude>
    <ClInclude Include="AnimNodePlayer_Base.h">
      <Filter>ソース ファイル\Animation\AnimControllPlayer\NodePlayer\NodePlayer_Base</Filter>
    </ClInclude>
    <ClInclude Include="AnimationParameters.h">
      <Filter>ソース ファイル\Animation\AnimationPameters\Base</Filter>
    </ClInclude>
    <ClInclude Include="CopyAnimationParameters.h">
      <Filter>ソース ファイル\Animation\AnimationPameters\Copy</Filter>
    </ClInclude>
    <ClInclude Include="BlendNodePlayer.h">
      <Filter>ソース ファイル\Animation\AnimControllPlayer\NodePlayer\BlendNodePlayer</Filter>
    </ClInclude>
    <ClInclude Include="PlayerIdleState.h">
      <Filter>ソース ファイル\Object\Player\Action\PlayerState\Idle</Filter>
    </ClInclude>
    <ClInclude Include="AnimTransitionChecker.h">
      <Filter>ソース ファイル\Animation\AnimControllPlayer\TransitionChecker</Filter>
    </ClInclude>
    <ClInclude Include="PlayerTargetMove.h">
      <Filter>ソース ファイル\Object\Player\Action\PlayerState\Target</Filter>
    </ClInclude>
    <ClInclude Include="PlayerActState_Base.h">
      <Filter>ソース ファイル\Object\Player\Action\PlayerState\Base</Filter>
    </ClInclude>
    <ClInclude Include="AppSystemDraw.h">
      <Filter>ソース ファイル\System\SystemDraw</Filter>
    </ClInclude>
    <ClInclude Include="CP_TestCollider.h">
      <Filter>ソース ファイル\Component\Collider\Test</Filter>
    </ClInclude>
    <ClInclude Include="CP_RigidBody.h">
      <Filter>ソース ファイル\Component\Collider\RigidBody</Filter>
    </ClInclude>
    <ClInclude Include="CollisionTypeJudge.h">
      <Filter>ソース ファイル\Object\CollisionTypeJudge</Filter>
    </ClInclude>
    <ClInclude Include="CollisionInfo.h">
      <Filter>ソース ファイル\Bullet\CollisionInfo</Filter>
    </ClInclude>
    <ClInclude Include="CP_CapsuleCollider.h">
      <Filter>ソース ファイル\Component\Collider\Capsule</Filter>
    </ClInclude>
    <ClInclude Include="Polygon2D.h">
      <Filter>ソース ファイル\Graphics\Mesh\2D</Filter>
    </ClInclude>
    <ClInclude Include="CP_UIRenderer.h">
      <Filter>ソース ファイル\Component\UI\Renderer</Filter>
    </ClInclude>
    <ClInclude Include="AnimationNotifyEvent.h">
      <Filter>ソース ファイル\Animation\AnimationNotify\Event\Base</Filter>
    </ClInclude>
    <ClInclude Include="AnimationNotifyState.h">
      <Filter>ソース ファイル\Animation\AnimationNotify\State\Base</Filter>
    </ClInclude>
    <ClInclude Include="ANE_ChangeParameter.h">
      <Filter>ソース ファイル\Animation\AnimationNotify\Event\ChangeParameter</Filter>
    </ClInclude>
    <ClInclude Include="ANS_ChangeParameter.h">
      <Filter>ソース ファイル\Animation\AnimationNotify\State\ChangeParameter</Filter>
    </ClInclude>
    <ClInclude Include="StateMachine.h">
      <Filter>ソース ファイル\Method\StateMachine</Filter>
    </ClInclude>
    <ClInclude Include="IAnimParametersSetter.h">
      <Filter>ソース ファイル\Animation\AnimationNotify\IAnimParametersSetter</Filter>
    </ClInclude>
    <ClInclude Include="CP_UISlider.h">
      <Filter>ソース ファイル\Component\UI\Slider</Filter>
    </ClInclude>
    <ClInclude Include="PlayerGroundAttack.h">
      <Filter>ソース ファイル\Object\Player\Action\PlayerState\GroundAttack</Filter>
    </ClInclude>
    <ClInclude Include="ChangeAnimObserver.h">
      <Filter>ソース ファイル\Animation\AnimationObserver\ChangeAnimObserver</Filter>
    </ClInclude>
    <ClInclude Include="MyClass2.h">
      <Filter>ヘッダー ファイル\template</Filter>
    </ClInclude>
    <ClInclude Include="AttackInformation.h">
      <Filter>ソース ファイル\Attack\Information</Filter>
    </ClInclude>
    <ClInclude Include="IDamageable.h">
      <Filter>ソース ファイル\Attack\IDamageable</Filter>
    </ClInclude>
    <ClInclude Include="CP_Weapon.h">
      <Filter>ソース ファイル\Component\InGame\Weapon</Filter>
    </ClInclude>
    <ClInclude Include="CP_Character.h">
      <Filter>ソース ファイル\Component\InGame\Character</Filter>
    </ClInclude>
    <ClInclude Include="SingletonComponent.h">
      <Filter>ソース ファイル\Component\Singleton</Filter>
    </ClInclude>
    <ClInclude Include="CP_HitStopManager.h">
      <Filter>ソース ファイル\Component\HitStopManager</Filter>
    </ClInclude>
    <ClInclude Include="HitStopper_Base.h">
      <Filter>ソース ファイル\Component\HitStopManager</Filter>
    </ClInclude>
    <ClInclude Include="..\ThirdParty\implot\include\implot.h">
      <Filter>ソース ファイル\System\ImGui\ImPlot</Filter>
    </ClInclude>
    <ClInclude Include="..\ThirdParty\implot\include\implot_internal.h">
      <Filter>ソース ファイル\System\ImGui\ImPlot</Filter>
    </ClInclude>
    <ClInclude Include="CP_Enemy.h">
      <Filter>ソース ファイル\Component\InGame\Enemy</Filter>
    </ClInclude>
    <ClInclude Include="AnimationCurve.h">
      <Filter>ソース ファイル\System\AnimationCurve</Filter>
    </ClInclude>
    <ClInclude Include="PlayerRushAttack.h">
      <Filter>ソース ファイル\Object\Player\Action\PlayerState\RushAttack</Filter>
    </ClInclude>
    <ClInclude Include="PlayerRollingMove.h">
      <Filter>ソース ファイル\Object\Player\Action\PlayerState\Rolling</Filter>
    </ClInclude>
    <ClInclude Include="BossActState_Base.h">
      <Filter>ソース ファイル\Object\Enemy\Boss\ActionState\BossAct_Base</Filter>
    </ClInclude>
    <ClInclude Include="CharacterActionController.h">
      <Filter>ソース ファイル\Object\Character\Controller</Filter>
    </ClInclude>
    <ClInclude Include="CharacterActState_Base.h">
      <Filter>ソース ファイル\Object\Character\ActionState</Filter>
    </ClInclude>
    <ClInclude Include="EnemyActionController.h">
      <Filter>ソース ファイル\Object\Enemy\Enemy_Base\Controller</Filter>
    </ClInclude>
    <ClInclude Include="EnemyActState_Base.h">
      <Filter>ソース ファイル\Object\Enemy\Enemy_Base\ActState</Filter>
    </ClInclude>
    <ClInclude Include="BossActionController.h">
      <Filter>ソース ファイル\Object\Enemy\Boss\Controller</Filter>
    </ClInclude>
    <ClInclude Include="CP_Boss.h">
      <Filter>ヘッダー ファイル</Filter>
    </ClInclude>
    <ClInclude Include="BossGroundState.h">
      <Filter>ヘッダー ファイル</Filter>
    </ClInclude>
    <ClInclude Include="BossGroundMove.h">
      <Filter>ヘッダー ファイル</Filter>
    </ClInclude>
    <ClInclude Include="CP_BattleManager.h">
      <Filter>ヘッダー ファイル</Filter>
    </ClInclude>
    <ClInclude Include="IBattleEnemy.h">
      <Filter>ヘッダー ファイル</Filter>
    </ClInclude>
    <ClInclude Include="BossIdleState.h">
      <Filter>ヘッダー ファイル</Filter>
    </ClInclude>
    <ClInclude Include="BossGroundAttack.h">
      <Filter>ヘッダー ファイル</Filter>
    </ClInclude>
    <ClInclude Include="IAnimParamSetGetter.h">
      <Filter>ヘッダー ファイル</Filter>
    </ClInclude>
  </ItemGroup>
  <ItemGroup>
    <ResourceCompile Include="SampleProjectBase.rc">
      <Filter>リソース ファイル</Filter>
    </ResourceCompile>
  </ItemGroup>
</Project>